PODS:
  - YandexMapKit (3.5.0):
    - YandexRuntime (= 3.5.0)
  - YandexRuntime (3.5.0)

DEPENDENCIES:
  - YandexMapKit (= 3.5)

SPEC REPOS:
  trunk:
    - YandexMapKit
    - YandexRuntime

SPEC CHECKSUMS:
  YandexMapKit: ecd4b78de34a35df63d066ac299e6fd0fe46d1ba
  YandexRuntime: 2d55244d06267106cf9b00c25a1e63f72a73b6fd

PODFILE CHECKSUM: 1475767ebe42cd39f22a4954853491db403ab78a

COCOAPODS: 1.9.3
