// !$*UTF8*$!
{
	archiveVersion = 1;
	classes = {
	};
	objectVersion = 52;
	objects = {

/* Begin PBXBuildFile section */
		BC0132CF26E15DFE0065F1B7 /* MainWeatherModel.swift in Sources */ = {isa = PBXBuildFile; fileRef = BC0132CE26E15DFE0065F1B7 /* MainWeatherModel.swift */; };
		BC0D29DF26ED490F00C3AF2D /* PetMenuModel.swift in Sources */ = {isa = PBXBuildFile; fileRef = BC0D29DE26ED490F00C3AF2D /* PetMenuModel.swift */; };
		BC0D29E126EE9B9100C3AF2D /* ProfileController.swift in Sources */ = {isa = PBXBuildFile; fileRef = BC0D29E026EE9B9100C3AF2D /* ProfileController.swift */; };
		BC0D29E426EE9BB600C3AF2D /* ProfileView.swift in Sources */ = {isa = PBXBuildFile; fileRef = BC0D29E326EE9BB600C3AF2D /* ProfileView.swift */; };
		BC0D29E626EE9D1700C3AF2D /* ProfileModel.swift in Sources */ = {isa = PBXBuildFile; fileRef = BC0D29E526EE9D1700C3AF2D /* ProfileModel.swift */; };
		BC0D29F026EF7F8F00C3AF2D /* EntitysView.swift in Sources */ = {isa = PBXBuildFile; fileRef = BC0D29EF26EF7F8F00C3AF2D /* EntitysView.swift */; };
		BC0D29F226EFA33D00C3AF2D /* SystemView.swift in Sources */ = {isa = PBXBuildFile; fileRef = BC0D29F126EFA33D00C3AF2D /* SystemView.swift */; };
		BC0D29F426EFA38500C3AF2D /* SystemModel.swift in Sources */ = {isa = PBXBuildFile; fileRef = BC0D29F326EFA38500C3AF2D /* SystemModel.swift */; };
		BC0D29F626EFC1DF00C3AF2D /* UITableViewCell.swift in Sources */ = {isa = PBXBuildFile; fileRef = BC0D29F526EFC1DF00C3AF2D /* UITableViewCell.swift */; };
		BC0D29F826EFDEA900C3AF2D /* EntitysController.swift in Sources */ = {isa = PBXBuildFile; fileRef = BC0D29F726EFDEA900C3AF2D /* EntitysController.swift */; };
		BC0D29FC26EFDF3300C3AF2D /* EntitysModel.swift in Sources */ = {isa = PBXBuildFile; fileRef = BC0D29FB26EFDF3300C3AF2D /* EntitysModel.swift */; };
		BC0D2A0426F00F5800C3AF2D /* LocationModel.swift in Sources */ = {isa = PBXBuildFile; fileRef = BC0D2A0326F00F5800C3AF2D /* LocationModel.swift */; };
		BC0D2A0626F00F6300C3AF2D /* LocationView.swift in Sources */ = {isa = PBXBuildFile; fileRef = BC0D2A0526F00F6300C3AF2D /* LocationView.swift */; };
		BC0D2A0826F00F6F00C3AF2D /* LocationController.swift in Sources */ = {isa = PBXBuildFile; fileRef = BC0D2A0726F00F6F00C3AF2D /* LocationController.swift */; };
		BC13029726B9786000CFD87E /* OnboardView.swift in Sources */ = {isa = PBXBuildFile; fileRef = BC13029626B9785F00CFD87E /* OnboardView.swift */; };
		BC13029926B9787D00CFD87E /* OnboardController.swift in Sources */ = {isa = PBXBuildFile; fileRef = BC13029826B9787D00CFD87E /* OnboardController.swift */; };
		BC13029B26B978A000CFD87E /* OnboardModel.swift in Sources */ = {isa = PBXBuildFile; fileRef = BC13029A26B978A000CFD87E /* OnboardModel.swift */; };
		BC13029D26B9878B00CFD87E /* OnboardCollectionCell.swift in Sources */ = {isa = PBXBuildFile; fileRef = BC13029C26B9878B00CFD87E /* OnboardCollectionCell.swift */; };
		BC16013826EB7A1A00666529 /* StorageService.swift in Sources */ = {isa = PBXBuildFile; fileRef = BC16013726EB7A1A00666529 /* StorageService.swift */; };
		BC16018026ECBF6800666529 /* PetDTO.swift in Sources */ = {isa = PBXBuildFile; fileRef = BC16017F26ECBF6800666529 /* PetDTO.swift */; };
		BC16018326ECE17500666529 /* OMPetInformation+CoreDataClass.swift in Sources */ = {isa = PBXBuildFile; fileRef = BC16018126ECE17500666529 /* OMPetInformation+CoreDataClass.swift */; };
		BC16018426ECE17500666529 /* OMPetInformation+CoreDataProperties.swift in Sources */ = {isa = PBXBuildFile; fileRef = BC16018226ECE17500666529 /* OMPetInformation+CoreDataProperties.swift */; };
		BC33256726F0A9370060DCDD /* MyPetsSnapshotTests.swift in Sources */ = {isa = PBXBuildFile; fileRef = BC33256626F0A9370060DCDD /* MyPetsSnapshotTests.swift */; };
		BC33257026F0A9D60060DCDD /* SnapshotTesting in Frameworks */ = {isa = PBXBuildFile; productRef = BC33256F26F0A9D60060DCDD /* SnapshotTesting */; };
		BC38543B26C5AB4700C2F14E /* PetMenuController.swift in Sources */ = {isa = PBXBuildFile; fileRef = BC38543A26C5AB4700C2F14E /* PetMenuController.swift */; };
		BC38543D26C5ABCF00C2F14E /* PetMenuView.swift in Sources */ = {isa = PBXBuildFile; fileRef = BC38543C26C5ABCF00C2F14E /* PetMenuView.swift */; };
		BC413CD42538A97F002CDD19 /* CustomTabBarController.swift in Sources */ = {isa = PBXBuildFile; fileRef = BC413CD32538A97F002CDD19 /* CustomTabBarController.swift */; };
		BC4CA47D262436EF00C2033C /* BottomMenuCell.swift in Sources */ = {isa = PBXBuildFile; fileRef = BC4CA476262436EF00C2033C /* BottomMenuCell.swift */; };
		BC52FFA026D91B9D00A694CB /* WeatherMenuView.swift in Sources */ = {isa = PBXBuildFile; fileRef = BC52FF9F26D91B9D00A694CB /* WeatherMenuView.swift */; };
		BC52FFA226D91EDA00A694CB /* Weather.swift in Sources */ = {isa = PBXBuildFile; fileRef = BC52FFA126D91EDA00A694CB /* Weather.swift */; };
		BC7073252534A6F600B2979F /* UIButton.swift in Sources */ = {isa = PBXBuildFile; fileRef = BC7073242534A6F600B2979F /* UIButton.swift */; };
		BC7073322534BA3800B2979F /* UIView.swift in Sources */ = {isa = PBXBuildFile; fileRef = BC7073312534BA3800B2979F /* UIView.swift */; };
		BC73964D25435F9900A89858 /* LocationCollectionCell.swift in Sources */ = {isa = PBXBuildFile; fileRef = BC73964C25435F9900A89858 /* LocationCollectionCell.swift */; };
		BC7EB65526C6678100BE80AE /* PetCollectionView.swift in Sources */ = {isa = PBXBuildFile; fileRef = BC7EB65426C6678100BE80AE /* PetCollectionView.swift */; };
		BC7EB65726C668F000BE80AE /* PetCollectionCell.swift in Sources */ = {isa = PBXBuildFile; fileRef = BC7EB65626C668F000BE80AE /* PetCollectionCell.swift */; };
		BC7EB65D26C688F500BE80AE /* PetInfoController.swift in Sources */ = {isa = PBXBuildFile; fileRef = BC7EB65C26C688F500BE80AE /* PetInfoController.swift */; };
		BC7EB65F26C699CD00BE80AE /* PetInfoView.swift in Sources */ = {isa = PBXBuildFile; fileRef = BC7EB65E26C699CD00BE80AE /* PetInfoView.swift */; };
		BC7EB66126C6A09400BE80AE /* PetInfoCollectionCell.swift in Sources */ = {isa = PBXBuildFile; fileRef = BC7EB66026C6A09400BE80AE /* PetInfoCollectionCell.swift */; };
		BC7EB66526C6AB1F00BE80AE /* PetInfoCell.swift in Sources */ = {isa = PBXBuildFile; fileRef = BC7EB66426C6AB1F00BE80AE /* PetInfoCell.swift */; };
		BC7EB66726C6CA9900BE80AE /* PetInfoModel.swift in Sources */ = {isa = PBXBuildFile; fileRef = BC7EB66626C6CA9900BE80AE /* PetInfoModel.swift */; };
		BC8B6BA826F0ACEC009D9896 /* OnboardController.swift in Sources */ = {isa = PBXBuildFile; fileRef = BC13029826B9787D00CFD87E /* OnboardController.swift */; };
		BC8B6BA926F0AD00009D9896 /* UserDefaultsService.swift in Sources */ = {isa = PBXBuildFile; fileRef = BC91F2F32627423D006CCE3B /* UserDefaultsService.swift */; };
		BC8B6BAA26F0AD09009D9896 /* StorageService.swift in Sources */ = {isa = PBXBuildFile; fileRef = BC16013726EB7A1A00666529 /* StorageService.swift */; };
		BC8B6BAB26F0AD29009D9896 /* OMPetInformation+CoreDataClass.swift in Sources */ = {isa = PBXBuildFile; fileRef = BC16018126ECE17500666529 /* OMPetInformation+CoreDataClass.swift */; };
		BC8B6BAC26F0AD2B009D9896 /* OMPetInformation+CoreDataProperties.swift in Sources */ = {isa = PBXBuildFile; fileRef = BC16018226ECE17500666529 /* OMPetInformation+CoreDataProperties.swift */; };
		BC8B6BAD26F0AD35009D9896 /* PetInformation.xcdatamodeld in Sources */ = {isa = PBXBuildFile; fileRef = BC9402E726CA62840028E5AC /* PetInformation.xcdatamodeld */; };
		BC8B6BAE26F0AD3D009D9896 /* PetDTO.swift in Sources */ = {isa = PBXBuildFile; fileRef = BC16017F26ECBF6800666529 /* PetDTO.swift */; };
		BC8B6BB026F0AD75009D9896 /* OnboardModel.swift in Sources */ = {isa = PBXBuildFile; fileRef = BC13029A26B978A000CFD87E /* OnboardModel.swift */; };
		BC8B6BB126F0AD78009D9896 /* OnboardView.swift in Sources */ = {isa = PBXBuildFile; fileRef = BC13029626B9785F00CFD87E /* OnboardView.swift */; };
		BC8B6BB226F0AD7B009D9896 /* OnboardCollectionCell.swift in Sources */ = {isa = PBXBuildFile; fileRef = BC13029C26B9878B00CFD87E /* OnboardCollectionCell.swift */; };
		BC8B6BB326F0ADA5009D9896 /* CustomTabBarController.swift in Sources */ = {isa = PBXBuildFile; fileRef = BC413CD32538A97F002CDD19 /* CustomTabBarController.swift */; };
		BC8B6BB426F0ADB3009D9896 /* UIColor.swift in Sources */ = {isa = PBXBuildFile; fileRef = BC9F268E26BBCC5D000B854F /* UIColor.swift */; };
		BC8B6BB526F0ADEF009D9896 /* MainMenuController.swift in Sources */ = {isa = PBXBuildFile; fileRef = BCC259E826C4142A00FCAC54 /* MainMenuController.swift */; };
		BC8B6BB626F0ADF3009D9896 /* MainMenuView.swift in Sources */ = {isa = PBXBuildFile; fileRef = BCC259E626C40D3E00FCAC54 /* MainMenuView.swift */; };
		BC8B6BB726F0ADF5009D9896 /* TitleMenuView.swift in Sources */ = {isa = PBXBuildFile; fileRef = BCC259EC26C41FEA00FCAC54 /* TitleMenuView.swift */; };
		BC8B6BB826F0ADF7009D9896 /* MainMenuCollectionCell.swift in Sources */ = {isa = PBXBuildFile; fileRef = BCC259EA26C4173700FCAC54 /* MainMenuCollectionCell.swift */; };
		BC8B6BB926F0ADF9009D9896 /* WeatherMenuView.swift in Sources */ = {isa = PBXBuildFile; fileRef = BC52FF9F26D91B9D00A694CB /* WeatherMenuView.swift */; };
		BC8B6BBA26F0ADFC009D9896 /* Weather.swift in Sources */ = {isa = PBXBuildFile; fileRef = BC52FFA126D91EDA00A694CB /* Weather.swift */; };
		BC8B6BBB26F0ADFF009D9896 /* MainWeatherModel.swift in Sources */ = {isa = PBXBuildFile; fileRef = BC0132CE26E15DFE0065F1B7 /* MainWeatherModel.swift */; };
		BC8B6BBD26F0AE24009D9896 /* PremiumModel.swift in Sources */ = {isa = PBXBuildFile; fileRef = BC8C64F426BF382A00CA7A90 /* PremiumModel.swift */; };
		BC8B6BBE26F0AE26009D9896 /* PremiumView.swift in Sources */ = {isa = PBXBuildFile; fileRef = BC8C64F226BF37EF00CA7A90 /* PremiumView.swift */; };
		BC8B6BBF26F0AE29009D9896 /* PremiumController.swift in Sources */ = {isa = PBXBuildFile; fileRef = BC8C64F026BF379700CA7A90 /* PremiumController.swift */; };
		BC8B6BC026F0AE39009D9896 /* PetMenuModel.swift in Sources */ = {isa = PBXBuildFile; fileRef = BC0D29DE26ED490F00C3AF2D /* PetMenuModel.swift */; };
		BC8B6BC126F0AE3C009D9896 /* PetMenuView.swift in Sources */ = {isa = PBXBuildFile; fileRef = BC38543C26C5ABCF00C2F14E /* PetMenuView.swift */; };
		BC8B6BC226F0AE3E009D9896 /* PetCollectionView.swift in Sources */ = {isa = PBXBuildFile; fileRef = BC7EB65426C6678100BE80AE /* PetCollectionView.swift */; };
		BC8B6BC326F0AE40009D9896 /* PetCollectionCell.swift in Sources */ = {isa = PBXBuildFile; fileRef = BC7EB65626C668F000BE80AE /* PetCollectionCell.swift */; };
		BC8B6BC426F0AE42009D9896 /* PetMenuController.swift in Sources */ = {isa = PBXBuildFile; fileRef = BC38543A26C5AB4700C2F14E /* PetMenuController.swift */; };
		BC8B6BC526F0AE47009D9896 /* PetInfoModel.swift in Sources */ = {isa = PBXBuildFile; fileRef = BC7EB66626C6CA9900BE80AE /* PetInfoModel.swift */; };
		BC8B6BC626F0AE4B009D9896 /* PetInfoView.swift in Sources */ = {isa = PBXBuildFile; fileRef = BC7EB65E26C699CD00BE80AE /* PetInfoView.swift */; };
		BC8B6BC726F0AE4D009D9896 /* PetInfoCollectionCell.swift in Sources */ = {isa = PBXBuildFile; fileRef = BC7EB66026C6A09400BE80AE /* PetInfoCollectionCell.swift */; };
		BC8B6BC826F0AE4F009D9896 /* PetInfoCell.swift in Sources */ = {isa = PBXBuildFile; fileRef = BC7EB66426C6AB1F00BE80AE /* PetInfoCell.swift */; };
		BC8B6BC926F0AE51009D9896 /* PetInfoTableCell.swift in Sources */ = {isa = PBXBuildFile; fileRef = BC9402F826CA6AB70028E5AC /* PetInfoTableCell.swift */; };
		BC8B6BCA26F0AE53009D9896 /* PetInfoController.swift in Sources */ = {isa = PBXBuildFile; fileRef = BC7EB65C26C688F500BE80AE /* PetInfoController.swift */; };
		BC8B6BCB26F0AE57009D9896 /* InputInfoView.swift in Sources */ = {isa = PBXBuildFile; fileRef = BCDAEB6D26CFBD990099CF13 /* InputInfoView.swift */; };
		BC8B6BCC26F0AE5A009D9896 /* InputInfoController.swift in Sources */ = {isa = PBXBuildFile; fileRef = BC9402FB26CA7BFF0028E5AC /* InputInfoController.swift */; };
		BC8B6BCD26F0AE60009D9896 /* ProfileModel.swift in Sources */ = {isa = PBXBuildFile; fileRef = BC0D29E526EE9D1700C3AF2D /* ProfileModel.swift */; };
		BC8B6BCE26F0AE62009D9896 /* SystemModel.swift in Sources */ = {isa = PBXBuildFile; fileRef = BC0D29F326EFA38500C3AF2D /* SystemModel.swift */; };
		BC8B6BCF26F0AE65009D9896 /* ProfileView.swift in Sources */ = {isa = PBXBuildFile; fileRef = BC0D29E326EE9BB600C3AF2D /* ProfileView.swift */; };
		BC8B6BD026F0AE68009D9896 /* SystemView.swift in Sources */ = {isa = PBXBuildFile; fileRef = BC0D29F126EFA33D00C3AF2D /* SystemView.swift */; };
		BC8B6BD126F0AE6A009D9896 /* ProfileController.swift in Sources */ = {isa = PBXBuildFile; fileRef = BC0D29E026EE9B9100C3AF2D /* ProfileController.swift */; };
		BC8B6BD226F0AE71009D9896 /* EntitysModel.swift in Sources */ = {isa = PBXBuildFile; fileRef = BC0D29FB26EFDF3300C3AF2D /* EntitysModel.swift */; };
		BC8B6BD326F0AE74009D9896 /* EntitysView.swift in Sources */ = {isa = PBXBuildFile; fileRef = BC0D29EF26EF7F8F00C3AF2D /* EntitysView.swift */; };
		BC8B6BD426F0AE76009D9896 /* EntitysController.swift in Sources */ = {isa = PBXBuildFile; fileRef = BC0D29F726EFDEA900C3AF2D /* EntitysController.swift */; };
		BC8B6BD526F0AE7A009D9896 /* UIView.swift in Sources */ = {isa = PBXBuildFile; fileRef = BC7073312534BA3800B2979F /* UIView.swift */; };
		BC8B6BD626F0AE7C009D9896 /* UIButton.swift in Sources */ = {isa = PBXBuildFile; fileRef = BC7073242534A6F600B2979F /* UIButton.swift */; };
		BC8B6BD726F0AE7E009D9896 /* UIAlertController.swift in Sources */ = {isa = PBXBuildFile; fileRef = BCE5115425461A23002FB62E /* UIAlertController.swift */; };
		BC8B6BD926F0AE85009D9896 /* UITableViewCell.swift in Sources */ = {isa = PBXBuildFile; fileRef = BC0D29F526EFC1DF00C3AF2D /* UITableViewCell.swift */; };
		BC8B6BDA26F0AE8B009D9896 /* LocationModel.swift in Sources */ = {isa = PBXBuildFile; fileRef = BC0D2A0326F00F5800C3AF2D /* LocationModel.swift */; };
		BC8B6BDB26F0AE8E009D9896 /* LocationView.swift in Sources */ = {isa = PBXBuildFile; fileRef = BC0D2A0526F00F6300C3AF2D /* LocationView.swift */; };
		BC8B6BDC26F0AE90009D9896 /* LocationCollectionCell.swift in Sources */ = {isa = PBXBuildFile; fileRef = BC73964C25435F9900A89858 /* LocationCollectionCell.swift */; };
		BC8B6BDD26F0AE94009D9896 /* LocationController.swift in Sources */ = {isa = PBXBuildFile; fileRef = BC0D2A0726F00F6F00C3AF2D /* LocationController.swift */; };
		BC8C64F326BF37EF00CA7A90 /* PremiumView.swift in Sources */ = {isa = PBXBuildFile; fileRef = BC8C64F226BF37EF00CA7A90 /* PremiumView.swift */; };
		BC8C64F526BF382A00CA7A90 /* PremiumModel.swift in Sources */ = {isa = PBXBuildFile; fileRef = BC8C64F426BF382A00CA7A90 /* PremiumModel.swift */; };
		BC8E373E26E6B0FB00F3B6A9 /* NetworkService.swift in Sources */ = {isa = PBXBuildFile; fileRef = BC8E373D26E6B0FA00F3B6A9 /* NetworkService.swift */; };
		BC91F2F42627423D006CCE3B /* UserDefaultsService.swift in Sources */ = {isa = PBXBuildFile; fileRef = BC91F2F32627423D006CCE3B /* UserDefaultsService.swift */; };
		BC9402E926CA62840028E5AC /* PetInformation.xcdatamodeld in Sources */ = {isa = PBXBuildFile; fileRef = BC9402E726CA62840028E5AC /* PetInformation.xcdatamodeld */; };
		BC9402F926CA6AB70028E5AC /* PetInfoTableCell.swift in Sources */ = {isa = PBXBuildFile; fileRef = BC9402F826CA6AB70028E5AC /* PetInfoTableCell.swift */; };
		BC9402FC26CA7BFF0028E5AC /* InputInfoController.swift in Sources */ = {isa = PBXBuildFile; fileRef = BC9402FB26CA7BFF0028E5AC /* InputInfoController.swift */; };
		BC9F268F26BBCC5D000B854F /* UIColor.swift in Sources */ = {isa = PBXBuildFile; fileRef = BC9F268E26BBCC5D000B854F /* UIColor.swift */; };
		BCA7B29326ED0D340050BD24 /* PremiumController.swift in Sources */ = {isa = PBXBuildFile; fileRef = BC8C64F026BF379700CA7A90 /* PremiumController.swift */; };
		BCB5E1CC26F0BA89002F3E95 /* AppDelegate.swift in Sources */ = {isa = PBXBuildFile; fileRef = BCB610022530C82400C4FD2F /* AppDelegate.swift */; };
		BCB5E1CD26F0BAAA002F3E95 /* NetworkService.swift in Sources */ = {isa = PBXBuildFile; fileRef = BC8E373D26E6B0FA00F3B6A9 /* NetworkService.swift */; };
		BCB610032530C82400C4FD2F /* AppDelegate.swift in Sources */ = {isa = PBXBuildFile; fileRef = BCB610022530C82400C4FD2F /* AppDelegate.swift */; };
		BCB6100C2530C82700C4FD2F /* Assets.xcassets in Resources */ = {isa = PBXBuildFile; fileRef = BCB6100B2530C82700C4FD2F /* Assets.xcassets */; };
		BCB6100F2530C82700C4FD2F /* LaunchScreen.storyboard in Resources */ = {isa = PBXBuildFile; fileRef = BCB6100D2530C82700C4FD2F /* LaunchScreen.storyboard */; };
		BCC259E726C40D3E00FCAC54 /* MainMenuView.swift in Sources */ = {isa = PBXBuildFile; fileRef = BCC259E626C40D3E00FCAC54 /* MainMenuView.swift */; };
		BCC259E926C4142A00FCAC54 /* MainMenuController.swift in Sources */ = {isa = PBXBuildFile; fileRef = BCC259E826C4142A00FCAC54 /* MainMenuController.swift */; };
		BCC259EB26C4173700FCAC54 /* MainMenuCollectionCell.swift in Sources */ = {isa = PBXBuildFile; fileRef = BCC259EA26C4173700FCAC54 /* MainMenuCollectionCell.swift */; };
		BCC259ED26C41FEA00FCAC54 /* TitleMenuView.swift in Sources */ = {isa = PBXBuildFile; fileRef = BCC259EC26C41FEA00FCAC54 /* TitleMenuView.swift */; };
		BCDAEB6E26CFBD990099CF13 /* InputInfoView.swift in Sources */ = {isa = PBXBuildFile; fileRef = BCDAEB6D26CFBD990099CF13 /* InputInfoView.swift */; };
		BCE5115525461A23002FB62E /* UIAlertController.swift in Sources */ = {isa = PBXBuildFile; fileRef = BCE5115425461A23002FB62E /* UIAlertController.swift */; };
/* End PBXBuildFile section */

/* Begin PBXContainerItemProxy section */
		BC33256926F0A9370060DCDD /* PBXContainerItemProxy */ = {
			isa = PBXContainerItemProxy;
			containerPortal = BCB60FF72530C82400C4FD2F /* Project object */;
			proxyType = 1;
			remoteGlobalIDString = BCB60FFE2530C82400C4FD2F;
			remoteInfo = MyPets;
		};
/* End PBXContainerItemProxy section */

/* Begin PBXFileReference section */
		BC0132CE26E15DFE0065F1B7 /* MainWeatherModel.swift */ = {isa = PBXFileReference; lastKnownFileType = sourcecode.swift; path = MainWeatherModel.swift; sourceTree = "<group>"; };
		BC0D29DE26ED490F00C3AF2D /* PetMenuModel.swift */ = {isa = PBXFileReference; lastKnownFileType = sourcecode.swift; path = PetMenuModel.swift; sourceTree = "<group>"; };
		BC0D29E026EE9B9100C3AF2D /* ProfileController.swift */ = {isa = PBXFileReference; lastKnownFileType = sourcecode.swift; path = ProfileController.swift; sourceTree = "<group>"; };
		BC0D29E326EE9BB600C3AF2D /* ProfileView.swift */ = {isa = PBXFileReference; lastKnownFileType = sourcecode.swift; path = ProfileView.swift; sourceTree = "<group>"; };
		BC0D29E526EE9D1700C3AF2D /* ProfileModel.swift */ = {isa = PBXFileReference; lastKnownFileType = sourcecode.swift; path = ProfileModel.swift; sourceTree = "<group>"; };
		BC0D29EF26EF7F8F00C3AF2D /* EntitysView.swift */ = {isa = PBXFileReference; fileEncoding = 4; lastKnownFileType = sourcecode.swift; path = EntitysView.swift; sourceTree = "<group>"; };
		BC0D29F126EFA33D00C3AF2D /* SystemView.swift */ = {isa = PBXFileReference; lastKnownFileType = sourcecode.swift; path = SystemView.swift; sourceTree = "<group>"; };
		BC0D29F326EFA38500C3AF2D /* SystemModel.swift */ = {isa = PBXFileReference; lastKnownFileType = sourcecode.swift; path = SystemModel.swift; sourceTree = "<group>"; };
		BC0D29F526EFC1DF00C3AF2D /* UITableViewCell.swift */ = {isa = PBXFileReference; lastKnownFileType = sourcecode.swift; path = UITableViewCell.swift; sourceTree = "<group>"; };
		BC0D29F726EFDEA900C3AF2D /* EntitysController.swift */ = {isa = PBXFileReference; lastKnownFileType = sourcecode.swift; path = EntitysController.swift; sourceTree = "<group>"; };
		BC0D29FB26EFDF3300C3AF2D /* EntitysModel.swift */ = {isa = PBXFileReference; lastKnownFileType = sourcecode.swift; path = EntitysModel.swift; sourceTree = "<group>"; };
		BC0D2A0326F00F5800C3AF2D /* LocationModel.swift */ = {isa = PBXFileReference; lastKnownFileType = sourcecode.swift; path = LocationModel.swift; sourceTree = "<group>"; };
		BC0D2A0526F00F6300C3AF2D /* LocationView.swift */ = {isa = PBXFileReference; lastKnownFileType = sourcecode.swift; path = LocationView.swift; sourceTree = "<group>"; };
		BC0D2A0726F00F6F00C3AF2D /* LocationController.swift */ = {isa = PBXFileReference; lastKnownFileType = sourcecode.swift; path = LocationController.swift; sourceTree = "<group>"; };
		BC13029626B9785F00CFD87E /* OnboardView.swift */ = {isa = PBXFileReference; lastKnownFileType = sourcecode.swift; path = OnboardView.swift; sourceTree = "<group>"; };
		BC13029826B9787D00CFD87E /* OnboardController.swift */ = {isa = PBXFileReference; lastKnownFileType = sourcecode.swift; path = OnboardController.swift; sourceTree = "<group>"; };
		BC13029A26B978A000CFD87E /* OnboardModel.swift */ = {isa = PBXFileReference; lastKnownFileType = sourcecode.swift; path = OnboardModel.swift; sourceTree = "<group>"; };
		BC13029C26B9878B00CFD87E /* OnboardCollectionCell.swift */ = {isa = PBXFileReference; lastKnownFileType = sourcecode.swift; path = OnboardCollectionCell.swift; sourceTree = "<group>"; };
		BC16013726EB7A1A00666529 /* StorageService.swift */ = {isa = PBXFileReference; lastKnownFileType = sourcecode.swift; path = StorageService.swift; sourceTree = "<group>"; };
		BC16017F26ECBF6800666529 /* PetDTO.swift */ = {isa = PBXFileReference; lastKnownFileType = sourcecode.swift; path = PetDTO.swift; sourceTree = "<group>"; };
		BC16018126ECE17500666529 /* OMPetInformation+CoreDataClass.swift */ = {isa = PBXFileReference; lastKnownFileType = sourcecode.swift; path = "OMPetInformation+CoreDataClass.swift"; sourceTree = "<group>"; };
		BC16018226ECE17500666529 /* OMPetInformation+CoreDataProperties.swift */ = {isa = PBXFileReference; lastKnownFileType = sourcecode.swift; path = "OMPetInformation+CoreDataProperties.swift"; sourceTree = "<group>"; };
		BC33256426F0A9370060DCDD /* MyPetsSnapshotTests.xctest */ = {isa = PBXFileReference; explicitFileType = wrapper.cfbundle; includeInIndex = 0; path = MyPetsSnapshotTests.xctest; sourceTree = BUILT_PRODUCTS_DIR; };
		BC33256626F0A9370060DCDD /* MyPetsSnapshotTests.swift */ = {isa = PBXFileReference; lastKnownFileType = sourcecode.swift; path = MyPetsSnapshotTests.swift; sourceTree = "<group>"; };
		BC33256826F0A9370060DCDD /* Info.plist */ = {isa = PBXFileReference; lastKnownFileType = text.plist.xml; path = Info.plist; sourceTree = "<group>"; };
		BC38543A26C5AB4700C2F14E /* PetMenuController.swift */ = {isa = PBXFileReference; lastKnownFileType = sourcecode.swift; path = PetMenuController.swift; sourceTree = "<group>"; };
		BC38543C26C5ABCF00C2F14E /* PetMenuView.swift */ = {isa = PBXFileReference; lastKnownFileType = sourcecode.swift; path = PetMenuView.swift; sourceTree = "<group>"; };
		BC413CD32538A97F002CDD19 /* CustomTabBarController.swift */ = {isa = PBXFileReference; lastKnownFileType = sourcecode.swift; path = CustomTabBarController.swift; sourceTree = "<group>"; };
		BC4CA476262436EF00C2033C /* BottomMenuCell.swift */ = {isa = PBXFileReference; fileEncoding = 4; lastKnownFileType = sourcecode.swift; path = BottomMenuCell.swift; sourceTree = "<group>"; };
		BC52FF9F26D91B9D00A694CB /* WeatherMenuView.swift */ = {isa = PBXFileReference; lastKnownFileType = sourcecode.swift; path = WeatherMenuView.swift; sourceTree = "<group>"; };
		BC52FFA126D91EDA00A694CB /* Weather.swift */ = {isa = PBXFileReference; lastKnownFileType = sourcecode.swift; path = Weather.swift; sourceTree = "<group>"; };
		BC7073242534A6F600B2979F /* UIButton.swift */ = {isa = PBXFileReference; lastKnownFileType = sourcecode.swift; path = UIButton.swift; sourceTree = "<group>"; };
		BC7073312534BA3800B2979F /* UIView.swift */ = {isa = PBXFileReference; lastKnownFileType = sourcecode.swift; path = UIView.swift; sourceTree = "<group>"; };
		BC73964C25435F9900A89858 /* LocationCollectionCell.swift */ = {isa = PBXFileReference; lastKnownFileType = sourcecode.swift; path = LocationCollectionCell.swift; sourceTree = "<group>"; };
		BC7EB65426C6678100BE80AE /* PetCollectionView.swift */ = {isa = PBXFileReference; lastKnownFileType = sourcecode.swift; path = PetCollectionView.swift; sourceTree = "<group>"; };
		BC7EB65626C668F000BE80AE /* PetCollectionCell.swift */ = {isa = PBXFileReference; lastKnownFileType = sourcecode.swift; path = PetCollectionCell.swift; sourceTree = "<group>"; };
		BC7EB65C26C688F500BE80AE /* PetInfoController.swift */ = {isa = PBXFileReference; lastKnownFileType = sourcecode.swift; path = PetInfoController.swift; sourceTree = "<group>"; };
		BC7EB65E26C699CD00BE80AE /* PetInfoView.swift */ = {isa = PBXFileReference; lastKnownFileType = sourcecode.swift; path = PetInfoView.swift; sourceTree = "<group>"; };
		BC7EB66026C6A09400BE80AE /* PetInfoCollectionCell.swift */ = {isa = PBXFileReference; lastKnownFileType = sourcecode.swift; path = PetInfoCollectionCell.swift; sourceTree = "<group>"; };
		BC7EB66426C6AB1F00BE80AE /* PetInfoCell.swift */ = {isa = PBXFileReference; lastKnownFileType = sourcecode.swift; path = PetInfoCell.swift; sourceTree = "<group>"; };
		BC7EB66626C6CA9900BE80AE /* PetInfoModel.swift */ = {isa = PBXFileReference; lastKnownFileType = sourcecode.swift; path = PetInfoModel.swift; sourceTree = "<group>"; };
		BC8C64F026BF379700CA7A90 /* PremiumController.swift */ = {isa = PBXFileReference; lastKnownFileType = sourcecode.swift; path = PremiumController.swift; sourceTree = "<group>"; };
		BC8C64F226BF37EF00CA7A90 /* PremiumView.swift */ = {isa = PBXFileReference; lastKnownFileType = sourcecode.swift; path = PremiumView.swift; sourceTree = "<group>"; };
		BC8C64F426BF382A00CA7A90 /* PremiumModel.swift */ = {isa = PBXFileReference; lastKnownFileType = sourcecode.swift; path = PremiumModel.swift; sourceTree = "<group>"; };
		BC8E373D26E6B0FA00F3B6A9 /* NetworkService.swift */ = {isa = PBXFileReference; lastKnownFileType = sourcecode.swift; path = NetworkService.swift; sourceTree = "<group>"; };
		BC91F2F32627423D006CCE3B /* UserDefaultsService.swift */ = {isa = PBXFileReference; lastKnownFileType = sourcecode.swift; path = UserDefaultsService.swift; sourceTree = "<group>"; };
		BC9402E826CA62840028E5AC /* PetInformation.xcdatamodel */ = {isa = PBXFileReference; lastKnownFileType = wrapper.xcdatamodel; path = PetInformation.xcdatamodel; sourceTree = "<group>"; };
		BC9402F826CA6AB70028E5AC /* PetInfoTableCell.swift */ = {isa = PBXFileReference; lastKnownFileType = sourcecode.swift; path = PetInfoTableCell.swift; sourceTree = "<group>"; };
		BC9402FB26CA7BFF0028E5AC /* InputInfoController.swift */ = {isa = PBXFileReference; lastKnownFileType = sourcecode.swift; path = InputInfoController.swift; sourceTree = "<group>"; };
		BC9F268E26BBCC5D000B854F /* UIColor.swift */ = {isa = PBXFileReference; fileEncoding = 4; lastKnownFileType = sourcecode.swift; path = UIColor.swift; sourceTree = "<group>"; };
		BCB60FFF2530C82400C4FD2F /* MyPets.app */ = {isa = PBXFileReference; explicitFileType = wrapper.application; includeInIndex = 0; path = MyPets.app; sourceTree = BUILT_PRODUCTS_DIR; };
		BCB610022530C82400C4FD2F /* AppDelegate.swift */ = {isa = PBXFileReference; lastKnownFileType = sourcecode.swift; path = AppDelegate.swift; sourceTree = "<group>"; };
		BCB6100B2530C82700C4FD2F /* Assets.xcassets */ = {isa = PBXFileReference; lastKnownFileType = folder.assetcatalog; path = Assets.xcassets; sourceTree = "<group>"; };
		BCB6100E2530C82700C4FD2F /* Base */ = {isa = PBXFileReference; lastKnownFileType = file.storyboard; name = Base; path = Base.lproj/LaunchScreen.storyboard; sourceTree = "<group>"; };
		BCB610102530C82700C4FD2F /* Info.plist */ = {isa = PBXFileReference; lastKnownFileType = text.plist.xml; name = Info.plist; path = "Assets + LS + Info.plist/Info.plist"; sourceTree = SOURCE_ROOT; };
		BCC259E626C40D3E00FCAC54 /* MainMenuView.swift */ = {isa = PBXFileReference; lastKnownFileType = sourcecode.swift; path = MainMenuView.swift; sourceTree = "<group>"; };
		BCC259E826C4142A00FCAC54 /* MainMenuController.swift */ = {isa = PBXFileReference; lastKnownFileType = sourcecode.swift; path = MainMenuController.swift; sourceTree = "<group>"; };
		BCC259EA26C4173700FCAC54 /* MainMenuCollectionCell.swift */ = {isa = PBXFileReference; lastKnownFileType = sourcecode.swift; path = MainMenuCollectionCell.swift; sourceTree = "<group>"; };
		BCC259EC26C41FEA00FCAC54 /* TitleMenuView.swift */ = {isa = PBXFileReference; lastKnownFileType = sourcecode.swift; path = TitleMenuView.swift; sourceTree = "<group>"; };
		BCDAEB6D26CFBD990099CF13 /* InputInfoView.swift */ = {isa = PBXFileReference; lastKnownFileType = sourcecode.swift; path = InputInfoView.swift; sourceTree = "<group>"; };
		BCE5115425461A23002FB62E /* UIAlertController.swift */ = {isa = PBXFileReference; lastKnownFileType = sourcecode.swift; path = UIAlertController.swift; sourceTree = "<group>"; };
/* End PBXFileReference section */

/* Begin PBXFrameworksBuildPhase section */
		BC33256126F0A9370060DCDD /* Frameworks */ = {
			isa = PBXFrameworksBuildPhase;
			buildActionMask = 2147483647;
			files = (
				BC33257026F0A9D60060DCDD /* SnapshotTesting in Frameworks */,
			);
			runOnlyForDeploymentPostprocessing = 0;
		};
		BCB60FFC2530C82400C4FD2F /* Frameworks */ = {
			isa = PBXFrameworksBuildPhase;
			buildActionMask = 2147483647;
			files = (
			);
			runOnlyForDeploymentPostprocessing = 0;
		};
/* End PBXFrameworksBuildPhase section */

/* Begin PBXGroup section */
		BC0D29E226EE9B9E00C3AF2D /* ProfileModule */ = {
			isa = PBXGroup;
			children = (
				BC0D29FA26EFDEC000C3AF2D /* MainProfileModule */,
			);
			path = ProfileModule;
			sourceTree = "<group>";
		};
		BC0D29E726EF739800C3AF2D /* Models */ = {
			isa = PBXGroup;
			children = (
				BC0D29E526EE9D1700C3AF2D /* ProfileModel.swift */,
				BC0D29F326EFA38500C3AF2D /* SystemModel.swift */,
			);
			path = Models;
			sourceTree = "<group>";
		};
		BC0D29E826EF73A700C3AF2D /* Views */ = {
			isa = PBXGroup;
			children = (
				BC0D29E326EE9BB600C3AF2D /* ProfileView.swift */,
				BC0D29F126EFA33D00C3AF2D /* SystemView.swift */,
			);
			path = Views;
			sourceTree = "<group>";
		};
		BC0D29F926EFDEB000C3AF2D /* EntitysModule */ = {
			isa = PBXGroup;
			children = (
				BC0D29FB26EFDF3300C3AF2D /* EntitysModel.swift */,
				BC0D29EF26EF7F8F00C3AF2D /* EntitysView.swift */,
				BC0D29F726EFDEA900C3AF2D /* EntitysController.swift */,
			);
			path = EntitysModule;
			sourceTree = "<group>";
		};
		BC0D29FA26EFDEC000C3AF2D /* MainProfileModule */ = {
			isa = PBXGroup;
			children = (
				BC0D29E726EF739800C3AF2D /* Models */,
				BC0D29E826EF73A700C3AF2D /* Views */,
				BC0D29E026EE9B9100C3AF2D /* ProfileController.swift */,
			);
			path = MainProfileModule;
			sourceTree = "<group>";
		};
		BC0D2A0126F00DEE00C3AF2D /* FixOrDelete */ = {
			isa = PBXGroup;
			children = (
				BC4CA474262436EF00C2033C /* UICollectionViewCell */,
			);
			path = FixOrDelete;
			sourceTree = "<group>";
		};
		BC0D2A0226F00F4800C3AF2D /* LocationModule */ = {
			isa = PBXGroup;
			children = (
				BC0D2A0326F00F5800C3AF2D /* LocationModel.swift */,
				BC33255F26F0A0350060DCDD /* Views */,
				BC0D2A0726F00F6F00C3AF2D /* LocationController.swift */,
			);
			path = LocationModule;
			sourceTree = "<group>";
		};
		BC33255F26F0A0350060DCDD /* Views */ = {
			isa = PBXGroup;
			children = (
				BC0D2A0526F00F6300C3AF2D /* LocationView.swift */,
				BC73964C25435F9900A89858 /* LocationCollectionCell.swift */,
			);
			path = Views;
			sourceTree = "<group>";
		};
		BC33256526F0A9370060DCDD /* MyPetsSnapshotTests */ = {
			isa = PBXGroup;
			children = (
				BC33256626F0A9370060DCDD /* MyPetsSnapshotTests.swift */,
				BC33256826F0A9370060DCDD /* Info.plist */,
			);
			path = MyPetsSnapshotTests;
			sourceTree = "<group>";
		};
		BC38543626C5AAF000C2F14E /* PetMenuModule */ = {
			isa = PBXGroup;
			children = (
				BC0D29DE26ED490F00C3AF2D /* PetMenuModel.swift */,
				BC38543826C5AB1100C2F14E /* Views */,
				BC38543A26C5AB4700C2F14E /* PetMenuController.swift */,
			);
			path = PetMenuModule;
			sourceTree = "<group>";
		};
		BC38543826C5AB1100C2F14E /* Views */ = {
			isa = PBXGroup;
			children = (
				BC38543C26C5ABCF00C2F14E /* PetMenuView.swift */,
				BC7EB65426C6678100BE80AE /* PetCollectionView.swift */,
				BC7EB65626C668F000BE80AE /* PetCollectionCell.swift */,
			);
			path = Views;
			sourceTree = "<group>";
		};
		BC3C7C752532F54700209C51 /* OnboardViewModule */ = {
			isa = PBXGroup;
			children = (
				BC13029A26B978A000CFD87E /* OnboardModel.swift */,
				BC7464B126BF0B7C00B7B83B /* Views */,
				BC13029826B9787D00CFD87E /* OnboardController.swift */,
			);
			path = OnboardViewModule;
			sourceTree = "<group>";
		};
		BC413CD62538ABBB002CDD19 /* CustomTabBarController */ = {
			isa = PBXGroup;
			children = (
				BC413CD32538A97F002CDD19 /* CustomTabBarController.swift */,
			);
			path = CustomTabBarController;
			sourceTree = "<group>";
		};
		BC4CA473262436EF00C2033C /* MainMenuModule */ = {
			isa = PBXGroup;
			children = (
				BCC259E326C40C8E00FCAC54 /* Models */,
				BCC259E426C40C9500FCAC54 /* Views */,
				BCC259E826C4142A00FCAC54 /* MainMenuController.swift */,
			);
			path = MainMenuModule;
			sourceTree = "<group>";
		};
		BC4CA474262436EF00C2033C /* UICollectionViewCell */ = {
			isa = PBXGroup;
			children = (
				BC4CA476262436EF00C2033C /* BottomMenuCell.swift */,
			);
			path = UICollectionViewCell;
			sourceTree = "<group>";
		};
		BC70732C2534AE9400B2979F /* PremiumModule */ = {
			isa = PBXGroup;
			children = (
				BC8C64F426BF382A00CA7A90 /* PremiumModel.swift */,
				BC8C64F226BF37EF00CA7A90 /* PremiumView.swift */,
				BC8C64F026BF379700CA7A90 /* PremiumController.swift */,
			);
			path = PremiumModule;
			sourceTree = "<group>";
		};
		BC7464B126BF0B7C00B7B83B /* Views */ = {
			isa = PBXGroup;
			children = (
				BC13029626B9785F00CFD87E /* OnboardView.swift */,
				BC13029C26B9878B00CFD87E /* OnboardCollectionCell.swift */,
			);
			path = Views;
			sourceTree = "<group>";
		};
		BC7EB65A26C688DD00BE80AE /* Views */ = {
			isa = PBXGroup;
			children = (
				BC7EB65E26C699CD00BE80AE /* PetInfoView.swift */,
				BC7EB66026C6A09400BE80AE /* PetInfoCollectionCell.swift */,
				BC7EB66426C6AB1F00BE80AE /* PetInfoCell.swift */,
				BC9402F826CA6AB70028E5AC /* PetInfoTableCell.swift */,
			);
			path = Views;
			sourceTree = "<group>";
		};
		BC8E373C26E6B0CD00F3B6A9 /* Services */ = {
			isa = PBXGroup;
			children = (
				BC8E373D26E6B0FA00F3B6A9 /* NetworkService.swift */,
				BC91F2F32627423D006CCE3B /* UserDefaultsService.swift */,
				BC9402EA26CA628A0028E5AC /* CoreDataService + Models */,
			);
			path = Services;
			sourceTree = "<group>";
		};
		BC9402EA26CA628A0028E5AC /* CoreDataService + Models */ = {
			isa = PBXGroup;
			children = (
				BC16018126ECE17500666529 /* OMPetInformation+CoreDataClass.swift */,
				BC16018226ECE17500666529 /* OMPetInformation+CoreDataProperties.swift */,
				BC9402E726CA62840028E5AC /* PetInformation.xcdatamodeld */,
				BC16013726EB7A1A00666529 /* StorageService.swift */,
				BC16017F26ECBF6800666529 /* PetDTO.swift */,
			);
			path = "CoreDataService + Models";
			sourceTree = "<group>";
		};
		BC9402FA26CA79920028E5AC /* PetInfoModule */ = {
			isa = PBXGroup;
			children = (
				BC7EB66626C6CA9900BE80AE /* PetInfoModel.swift */,
				BC7EB65A26C688DD00BE80AE /* Views */,
				BC7EB65C26C688F500BE80AE /* PetInfoController.swift */,
			);
			path = PetInfoModule;
			sourceTree = "<group>";
		};
		BC9F269026BBCC7E000B854F /* Extensions */ = {
			isa = PBXGroup;
			children = (
				BC7073312534BA3800B2979F /* UIView.swift */,
				BC7073242534A6F600B2979F /* UIButton.swift */,
				BCE5115425461A23002FB62E /* UIAlertController.swift */,
				BC9F268E26BBCC5D000B854F /* UIColor.swift */,
				BC0D29F526EFC1DF00C3AF2D /* UITableViewCell.swift */,
			);
			path = Extensions;
			sourceTree = "<group>";
		};
		BCB60FF62530C82400C4FD2F = {
			isa = PBXGroup;
			children = (
				BCB610012530C82400C4FD2F /* MyPets */,
				BCB610182530C87800C4FD2F /* Assets + LS + Info.plist */,
				BC33256526F0A9370060DCDD /* MyPetsSnapshotTests */,
				BCB610002530C82400C4FD2F /* Products */,
			);
			sourceTree = "<group>";
		};
		BCB610002530C82400C4FD2F /* Products */ = {
			isa = PBXGroup;
			children = (
				BCB60FFF2530C82400C4FD2F /* MyPets.app */,
				BC33256426F0A9370060DCDD /* MyPetsSnapshotTests.xctest */,
			);
			name = Products;
			sourceTree = "<group>";
		};
		BCB610012530C82400C4FD2F /* MyPets */ = {
			isa = PBXGroup;
			children = (
				BC0D2A0126F00DEE00C3AF2D /* FixOrDelete */,
				BCB610022530C82400C4FD2F /* AppDelegate.swift */,
				BC8E373C26E6B0CD00F3B6A9 /* Services */,
				BC3C7C752532F54700209C51 /* OnboardViewModule */,
				BC70732C2534AE9400B2979F /* PremiumModule */,
				BC413CD62538ABBB002CDD19 /* CustomTabBarController */,
				BC4CA473262436EF00C2033C /* MainMenuModule */,
				BC38543626C5AAF000C2F14E /* PetMenuModule */,
				BC9402FA26CA79920028E5AC /* PetInfoModule */,
				BCDAEB6926CFBD390099CF13 /* InputPetInfoModule */,
				BC0D2A0226F00F4800C3AF2D /* LocationModule */,
				BC0D29E226EE9B9E00C3AF2D /* ProfileModule */,
				BC0D29F926EFDEB000C3AF2D /* EntitysModule */,
				BC9F269026BBCC7E000B854F /* Extensions */,
			);
			path = MyPets;
			sourceTree = "<group>";
		};
		BCB610182530C87800C4FD2F /* Assets + LS + Info.plist */ = {
			isa = PBXGroup;
			children = (
				BCB6100B2530C82700C4FD2F /* Assets.xcassets */,
				BCB6100D2530C82700C4FD2F /* LaunchScreen.storyboard */,
				BCB610102530C82700C4FD2F /* Info.plist */,
			);
			path = "Assets + LS + Info.plist";
			sourceTree = "<group>";
		};
		BCC259E326C40C8E00FCAC54 /* Models */ = {
			isa = PBXGroup;
			children = (
				BC52FFA126D91EDA00A694CB /* Weather.swift */,
				BC0132CE26E15DFE0065F1B7 /* MainWeatherModel.swift */,
			);
			path = Models;
			sourceTree = "<group>";
		};
		BCC259E426C40C9500FCAC54 /* Views */ = {
			isa = PBXGroup;
			children = (
				BCC259E626C40D3E00FCAC54 /* MainMenuView.swift */,
				BCC259EC26C41FEA00FCAC54 /* TitleMenuView.swift */,
				BCC259EA26C4173700FCAC54 /* MainMenuCollectionCell.swift */,
				BC52FF9F26D91B9D00A694CB /* WeatherMenuView.swift */,
			);
			path = Views;
			sourceTree = "<group>";
		};
		BCDAEB6926CFBD390099CF13 /* InputPetInfoModule */ = {
			isa = PBXGroup;
			children = (
				BCDAEB6D26CFBD990099CF13 /* InputInfoView.swift */,
				BC9402FB26CA7BFF0028E5AC /* InputInfoController.swift */,
			);
			path = InputPetInfoModule;
			sourceTree = "<group>";
		};
/* End PBXGroup section */

/* Begin PBXNativeTarget section */
		BC33256326F0A9370060DCDD /* MyPetsSnapshotTests */ = {
			isa = PBXNativeTarget;
			buildConfigurationList = BC33256B26F0A9370060DCDD /* Build configuration list for PBXNativeTarget "MyPetsSnapshotTests" */;
			buildPhases = (
				BC33256026F0A9370060DCDD /* Sources */,
				BC33256126F0A9370060DCDD /* Frameworks */,
				BC33256226F0A9370060DCDD /* Resources */,
			);
			buildRules = (
			);
			dependencies = (
				BC33256A26F0A9370060DCDD /* PBXTargetDependency */,
			);
			name = MyPetsSnapshotTests;
			packageProductDependencies = (
				BC33256F26F0A9D60060DCDD /* SnapshotTesting */,
			);
			productName = MyPetsSnapshotTests;
			productReference = BC33256426F0A9370060DCDD /* MyPetsSnapshotTests.xctest */;
			productType = "com.apple.product-type.bundle.ui-testing";
		};
		BCB60FFE2530C82400C4FD2F /* MyPets */ = {
			isa = PBXNativeTarget;
			buildConfigurationList = BCB610132530C82700C4FD2F /* Build configuration list for PBXNativeTarget "MyPets" */;
			buildPhases = (
				BCB60FFB2530C82400C4FD2F /* Sources */,
				BCB60FFC2530C82400C4FD2F /* Frameworks */,
				BCB60FFD2530C82400C4FD2F /* Resources */,
			);
			buildRules = (
			);
			dependencies = (
			);
			name = MyPets;
			packageProductDependencies = (
			);
			productName = MyPets;
			productReference = BCB60FFF2530C82400C4FD2F /* MyPets.app */;
			productType = "com.apple.product-type.application";
		};
/* End PBXNativeTarget section */

/* Begin PBXProject section */
		BCB60FF72530C82400C4FD2F /* Project object */ = {
			isa = PBXProject;
			attributes = {
				LastSwiftUpdateCheck = 1250;
				LastUpgradeCheck = 1200;
				TargetAttributes = {
					BC33256326F0A9370060DCDD = {
						CreatedOnToolsVersion = 12.5;
					};
					BCB60FFE2530C82400C4FD2F = {
						CreatedOnToolsVersion = 12.0;
					};
				};
			};
			buildConfigurationList = BCB60FFA2530C82400C4FD2F /* Build configuration list for PBXProject "MyPets" */;
			compatibilityVersion = "Xcode 9.3";
			developmentRegion = en;
			hasScannedForEncodings = 0;
			knownRegions = (
				en,
				Base,
			);
			mainGroup = BCB60FF62530C82400C4FD2F;
			packageReferences = (
				BC33256E26F0A9D60060DCDD /* XCRemoteSwiftPackageReference "swift-snapshot-testing" */,
			);
			productRefGroup = BCB610002530C82400C4FD2F /* Products */;
			projectDirPath = "";
			projectRoot = "";
			targets = (
				BCB60FFE2530C82400C4FD2F /* MyPets */,
				BC33256326F0A9370060DCDD /* MyPetsSnapshotTests */,
			);
		};
/* End PBXProject section */

/* Begin PBXResourcesBuildPhase section */
		BC33256226F0A9370060DCDD /* Resources */ = {
			isa = PBXResourcesBuildPhase;
			buildActionMask = 2147483647;
			files = (
			);
			runOnlyForDeploymentPostprocessing = 0;
		};
		BCB60FFD2530C82400C4FD2F /* Resources */ = {
			isa = PBXResourcesBuildPhase;
			buildActionMask = 2147483647;
			files = (
				BCB6100F2530C82700C4FD2F /* LaunchScreen.storyboard in Resources */,
				BCB6100C2530C82700C4FD2F /* Assets.xcassets in Resources */,
			);
			runOnlyForDeploymentPostprocessing = 0;
		};
/* End PBXResourcesBuildPhase section */

/* Begin PBXSourcesBuildPhase section */
		BC33256026F0A9370060DCDD /* Sources */ = {
			isa = PBXSourcesBuildPhase;
			buildActionMask = 2147483647;
			files = (
				BC8B6BCD26F0AE60009D9896 /* ProfileModel.swift in Sources */,
				BC8B6BAC26F0AD2B009D9896 /* OMPetInformation+CoreDataProperties.swift in Sources */,
				BC8B6BDB26F0AE8E009D9896 /* LocationView.swift in Sources */,
				BC8B6BB426F0ADB3009D9896 /* UIColor.swift in Sources */,
				BC8B6BB626F0ADF3009D9896 /* MainMenuView.swift in Sources */,
				BC8B6BB026F0AD75009D9896 /* OnboardModel.swift in Sources */,
				BC8B6BBA26F0ADFC009D9896 /* Weather.swift in Sources */,
				BC8B6BC026F0AE39009D9896 /* PetMenuModel.swift in Sources */,
				BCB5E1CC26F0BA89002F3E95 /* AppDelegate.swift in Sources */,
				BC8B6BCA26F0AE53009D9896 /* PetInfoController.swift in Sources */,
				BC8B6BAD26F0AD35009D9896 /* PetInformation.xcdatamodeld in Sources */,
				BC8B6BBF26F0AE29009D9896 /* PremiumController.swift in Sources */,
				BC8B6BA926F0AD00009D9896 /* UserDefaultsService.swift in Sources */,
				BC8B6BCF26F0AE65009D9896 /* ProfileView.swift in Sources */,
				BC8B6BD226F0AE71009D9896 /* EntitysModel.swift in Sources */,
				BC8B6BAA26F0AD09009D9896 /* StorageService.swift in Sources */,
				BC8B6BD026F0AE68009D9896 /* SystemView.swift in Sources */,
				BC8B6BC726F0AE4D009D9896 /* PetInfoCollectionCell.swift in Sources */,
				BC8B6BAB26F0AD29009D9896 /* OMPetInformation+CoreDataClass.swift in Sources */,
				BC8B6BB826F0ADF7009D9896 /* MainMenuCollectionCell.swift in Sources */,
				BC8B6BD326F0AE74009D9896 /* EntitysView.swift in Sources */,
				BC8B6BC326F0AE40009D9896 /* PetCollectionCell.swift in Sources */,
				BC8B6BBB26F0ADFF009D9896 /* MainWeatherModel.swift in Sources */,
				BC33256726F0A9370060DCDD /* MyPetsSnapshotTests.swift in Sources */,
				BC8B6BBE26F0AE26009D9896 /* PremiumView.swift in Sources */,
				BC8B6BCC26F0AE5A009D9896 /* InputInfoController.swift in Sources */,
				BC8B6BA826F0ACEC009D9896 /* OnboardController.swift in Sources */,
				BC8B6BD526F0AE7A009D9896 /* UIView.swift in Sources */,
				BC8B6BC926F0AE51009D9896 /* PetInfoTableCell.swift in Sources */,
				BC8B6BC226F0AE3E009D9896 /* PetCollectionView.swift in Sources */,
				BC8B6BB126F0AD78009D9896 /* OnboardView.swift in Sources */,
				BC8B6BDD26F0AE94009D9896 /* LocationController.swift in Sources */,
				BC8B6BD726F0AE7E009D9896 /* UIAlertController.swift in Sources */,
				BC8B6BD926F0AE85009D9896 /* UITableViewCell.swift in Sources */,
				BC8B6BB326F0ADA5009D9896 /* CustomTabBarController.swift in Sources */,
				BC8B6BBD26F0AE24009D9896 /* PremiumModel.swift in Sources */,
				BC8B6BDA26F0AE8B009D9896 /* LocationModel.swift in Sources */,
				BC8B6BC126F0AE3C009D9896 /* PetMenuView.swift in Sources */,
				BC8B6BC426F0AE42009D9896 /* PetMenuController.swift in Sources */,
				BC8B6BD626F0AE7C009D9896 /* UIButton.swift in Sources */,
				BC8B6BAE26F0AD3D009D9896 /* PetDTO.swift in Sources */,
				BCB5E1CD26F0BAAA002F3E95 /* NetworkService.swift in Sources */,
				BC8B6BCB26F0AE57009D9896 /* InputInfoView.swift in Sources */,
				BC8B6BB926F0ADF9009D9896 /* WeatherMenuView.swift in Sources */,
				BC8B6BDC26F0AE90009D9896 /* LocationCollectionCell.swift in Sources */,
				BC8B6BB226F0AD7B009D9896 /* OnboardCollectionCell.swift in Sources */,
				BC8B6BCE26F0AE62009D9896 /* SystemModel.swift in Sources */,
				BC8B6BC626F0AE4B009D9896 /* PetInfoView.swift in Sources */,
				BC8B6BC526F0AE47009D9896 /* PetInfoModel.swift in Sources */,
				BC8B6BC826F0AE4F009D9896 /* PetInfoCell.swift in Sources */,
				BC8B6BB526F0ADEF009D9896 /* MainMenuController.swift in Sources */,
				BC8B6BB726F0ADF5009D9896 /* TitleMenuView.swift in Sources */,
				BC8B6BD426F0AE76009D9896 /* EntitysController.swift in Sources */,
				BC8B6BD126F0AE6A009D9896 /* ProfileController.swift in Sources */,
			);
			runOnlyForDeploymentPostprocessing = 0;
		};
		BCB60FFB2530C82400C4FD2F /* Sources */ = {
			isa = PBXSourcesBuildPhase;
			buildActionMask = 2147483647;
			files = (
				BCC259ED26C41FEA00FCAC54 /* TitleMenuView.swift in Sources */,
				BCC259E726C40D3E00FCAC54 /* MainMenuView.swift in Sources */,
				BC7073322534BA3800B2979F /* UIView.swift in Sources */,
				BCA7B29326ED0D340050BD24 /* PremiumController.swift in Sources */,
				BC413CD42538A97F002CDD19 /* CustomTabBarController.swift in Sources */,
				BC0D29E126EE9B9100C3AF2D /* ProfileController.swift in Sources */,
				BC7EB66526C6AB1F00BE80AE /* PetInfoCell.swift in Sources */,
				BC7EB66726C6CA9900BE80AE /* PetInfoModel.swift in Sources */,
				BC16018326ECE17500666529 /* OMPetInformation+CoreDataClass.swift in Sources */,
				BC7EB65526C6678100BE80AE /* PetCollectionView.swift in Sources */,
				BC0D2A0426F00F5800C3AF2D /* LocationModel.swift in Sources */,
				BC0D29FC26EFDF3300C3AF2D /* EntitysModel.swift in Sources */,
				BC0D2A0626F00F6300C3AF2D /* LocationView.swift in Sources */,
				BC7073252534A6F600B2979F /* UIButton.swift in Sources */,
				BC7EB65D26C688F500BE80AE /* PetInfoController.swift in Sources */,
				BC0D29E426EE9BB600C3AF2D /* ProfileView.swift in Sources */,
				BC16018426ECE17500666529 /* OMPetInformation+CoreDataProperties.swift in Sources */,
				BC9402FC26CA7BFF0028E5AC /* InputInfoController.swift in Sources */,
				BC16013826EB7A1A00666529 /* StorageService.swift in Sources */,
				BC13029D26B9878B00CFD87E /* OnboardCollectionCell.swift in Sources */,
				BC38543D26C5ABCF00C2F14E /* PetMenuView.swift in Sources */,
				BC0D29F626EFC1DF00C3AF2D /* UITableViewCell.swift in Sources */,
				BC38543B26C5AB4700C2F14E /* PetMenuController.swift in Sources */,
				BC7EB65F26C699CD00BE80AE /* PetInfoView.swift in Sources */,
				BC13029726B9786000CFD87E /* OnboardView.swift in Sources */,
				BC91F2F42627423D006CCE3B /* UserDefaultsService.swift in Sources */,
				BC52FFA026D91B9D00A694CB /* WeatherMenuView.swift in Sources */,
				BC0D29F226EFA33D00C3AF2D /* SystemView.swift in Sources */,
				BC9402E926CA62840028E5AC /* PetInformation.xcdatamodeld in Sources */,
				BC0D29E626EE9D1700C3AF2D /* ProfileModel.swift in Sources */,
				BC0132CF26E15DFE0065F1B7 /* MainWeatherModel.swift in Sources */,
				BC9402F926CA6AB70028E5AC /* PetInfoTableCell.swift in Sources */,
				BC73964D25435F9900A89858 /* LocationCollectionCell.swift in Sources */,
				BC13029B26B978A000CFD87E /* OnboardModel.swift in Sources */,
				BC0D29DF26ED490F00C3AF2D /* PetMenuModel.swift in Sources */,
				BC7EB65726C668F000BE80AE /* PetCollectionCell.swift in Sources */,
				BCC259EB26C4173700FCAC54 /* MainMenuCollectionCell.swift in Sources */,
				BCE5115525461A23002FB62E /* UIAlertController.swift in Sources */,
				BC52FFA226D91EDA00A694CB /* Weather.swift in Sources */,
				BCC259E926C4142A00FCAC54 /* MainMenuController.swift in Sources */,
				BC4CA47D262436EF00C2033C /* BottomMenuCell.swift in Sources */,
				BC16018026ECBF6800666529 /* PetDTO.swift in Sources */,
				BCDAEB6E26CFBD990099CF13 /* InputInfoView.swift in Sources */,
				BC13029926B9787D00CFD87E /* OnboardController.swift in Sources */,
				BC0D29F026EF7F8F00C3AF2D /* EntitysView.swift in Sources */,
				BC8C64F526BF382A00CA7A90 /* PremiumModel.swift in Sources */,
				BC7EB66126C6A09400BE80AE /* PetInfoCollectionCell.swift in Sources */,
				BC9F268F26BBCC5D000B854F /* UIColor.swift in Sources */,
				BC8E373E26E6B0FB00F3B6A9 /* NetworkService.swift in Sources */,
				BCB610032530C82400C4FD2F /* AppDelegate.swift in Sources */,
				BC0D2A0826F00F6F00C3AF2D /* LocationController.swift in Sources */,
				BC8C64F326BF37EF00CA7A90 /* PremiumView.swift in Sources */,
				BC0D29F426EFA38500C3AF2D /* SystemModel.swift in Sources */,
				BC0D29F826EFDEA900C3AF2D /* EntitysController.swift in Sources */,
			);
			runOnlyForDeploymentPostprocessing = 0;
		};
/* End PBXSourcesBuildPhase section */

/* Begin PBXTargetDependency section */
		BC33256A26F0A9370060DCDD /* PBXTargetDependency */ = {
			isa = PBXTargetDependency;
			target = BCB60FFE2530C82400C4FD2F /* MyPets */;
			targetProxy = BC33256926F0A9370060DCDD /* PBXContainerItemProxy */;
		};
/* End PBXTargetDependency section */

/* Begin PBXVariantGroup section */
		BCB6100D2530C82700C4FD2F /* LaunchScreen.storyboard */ = {
			isa = PBXVariantGroup;
			children = (
				BCB6100E2530C82700C4FD2F /* Base */,
			);
			name = LaunchScreen.storyboard;
			sourceTree = "<group>";
		};
/* End PBXVariantGroup section */

/* Begin XCBuildConfiguration section */
		BC33256C26F0A9370060DCDD /* Debug */ = {
			isa = XCBuildConfiguration;
			buildSettings = {
				CODE_SIGN_STYLE = Automatic;
				DEVELOPMENT_TEAM = 7JDNVBEZLP;
				INFOPLIST_FILE = MyPetsSnapshotTests/Info.plist;
				IPHONEOS_DEPLOYMENT_TARGET = 13.0;
				LD_RUNPATH_SEARCH_PATHS = (
					"$(inherited)",
					"@executable_path/Frameworks",
					"@loader_path/Frameworks",
				);
				PRODUCT_BUNDLE_IDENTIFIER = com.ahmerovdmitry.MyPetsSnapshotTests;
				PRODUCT_NAME = "$(TARGET_NAME)";
				PROVISIONING_PROFILE = "";
				SWIFT_VERSION = 5.0;
				TARGETED_DEVICE_FAMILY = "1,2";
			};
			name = Debug;
		};
		BC33256D26F0A9370060DCDD /* Release */ = {
			isa = XCBuildConfiguration;
			buildSettings = {
				CODE_SIGN_STYLE = Automatic;
				DEVELOPMENT_TEAM = 7JDNVBEZLP;
				INFOPLIST_FILE = MyPetsSnapshotTests/Info.plist;
				IPHONEOS_DEPLOYMENT_TARGET = 13.0;
				LD_RUNPATH_SEARCH_PATHS = (
					"$(inherited)",
					"@executable_path/Frameworks",
					"@loader_path/Frameworks",
				);
				PRODUCT_BUNDLE_IDENTIFIER = com.ahmerovdmitry.MyPetsSnapshotTests;
				PRODUCT_NAME = "$(TARGET_NAME)";
				PROVISIONING_PROFILE = "";
				SWIFT_VERSION = 5.0;
				TARGETED_DEVICE_FAMILY = "1,2";
			};
			name = Release;
		};
		BCB610112530C82700C4FD2F /* Debug */ = {
			isa = XCBuildConfiguration;
			buildSettings = {
				ALWAYS_SEARCH_USER_PATHS = NO;
				CLANG_ANALYZER_NONNULL = YES;
				CLANG_ANALYZER_NUMBER_OBJECT_CONVERSION = YES_AGGRESSIVE;
				CLANG_CXX_LANGUAGE_STANDARD = "gnu++14";
				CLANG_CXX_LIBRARY = "libc++";
				CLANG_ENABLE_MODULES = YES;
				CLANG_ENABLE_OBJC_ARC = YES;
				CLANG_ENABLE_OBJC_WEAK = YES;
				CLANG_WARN_BLOCK_CAPTURE_AUTORELEASING = YES;
				CLANG_WARN_BOOL_CONVERSION = YES;
				CLANG_WARN_COMMA = YES;
				CLANG_WARN_CONSTANT_CONVERSION = YES;
				CLANG_WARN_DEPRECATED_OBJC_IMPLEMENTATIONS = YES;
				CLANG_WARN_DIRECT_OBJC_ISA_USAGE = YES_ERROR;
				CLANG_WARN_DOCUMENTATION_COMMENTS = YES;
				CLANG_WARN_EMPTY_BODY = YES;
				CLANG_WARN_ENUM_CONVERSION = YES;
				CLANG_WARN_INFINITE_RECURSION = YES;
				CLANG_WARN_INT_CONVERSION = YES;
				CLANG_WARN_NON_LITERAL_NULL_CONVERSION = YES;
				CLANG_WARN_OBJC_IMPLICIT_RETAIN_SELF = YES;
				CLANG_WARN_OBJC_LITERAL_CONVERSION = YES;
				CLANG_WARN_OBJC_ROOT_CLASS = YES_ERROR;
				CLANG_WARN_QUOTED_INCLUDE_IN_FRAMEWORK_HEADER = YES;
				CLANG_WARN_RANGE_LOOP_ANALYSIS = YES;
				CLANG_WARN_STRICT_PROTOTYPES = YES;
				CLANG_WARN_SUSPICIOUS_MOVE = YES;
				CLANG_WARN_UNGUARDED_AVAILABILITY = YES_AGGRESSIVE;
				CLANG_WARN_UNREACHABLE_CODE = YES;
				CLANG_WARN__DUPLICATE_METHOD_MATCH = YES;
				COPY_PHASE_STRIP = NO;
				DEBUG_INFORMATION_FORMAT = dwarf;
				ENABLE_STRICT_OBJC_MSGSEND = YES;
				ENABLE_TESTABILITY = YES;
				GCC_C_LANGUAGE_STANDARD = gnu11;
				GCC_DYNAMIC_NO_PIC = NO;
				GCC_NO_COMMON_BLOCKS = YES;
				GCC_OPTIMIZATION_LEVEL = 0;
				GCC_PREPROCESSOR_DEFINITIONS = (
					"DEBUG=1",
					"$(inherited)",
				);
				GCC_WARN_64_TO_32_BIT_CONVERSION = YES;
				GCC_WARN_ABOUT_RETURN_TYPE = YES_ERROR;
				GCC_WARN_UNDECLARED_SELECTOR = YES;
				GCC_WARN_UNINITIALIZED_AUTOS = YES_AGGRESSIVE;
				GCC_WARN_UNUSED_FUNCTION = YES;
				GCC_WARN_UNUSED_VARIABLE = YES;
				IPHONEOS_DEPLOYMENT_TARGET = 13.0;
				MTL_ENABLE_DEBUG_INFO = INCLUDE_SOURCE;
				MTL_FAST_MATH = YES;
				ONLY_ACTIVE_ARCH = YES;
				SDKROOT = iphoneos;
				SWIFT_ACTIVE_COMPILATION_CONDITIONS = DEBUG;
				SWIFT_OPTIMIZATION_LEVEL = "-Onone";
			};
			name = Debug;
		};
		BCB610122530C82700C4FD2F /* Release */ = {
			isa = XCBuildConfiguration;
			buildSettings = {
				ALWAYS_SEARCH_USER_PATHS = NO;
				CLANG_ANALYZER_NONNULL = YES;
				CLANG_ANALYZER_NUMBER_OBJECT_CONVERSION = YES_AGGRESSIVE;
				CLANG_CXX_LANGUAGE_STANDARD = "gnu++14";
				CLANG_CXX_LIBRARY = "libc++";
				CLANG_ENABLE_MODULES = YES;
				CLANG_ENABLE_OBJC_ARC = YES;
				CLANG_ENABLE_OBJC_WEAK = YES;
				CLANG_WARN_BLOCK_CAPTURE_AUTORELEASING = YES;
				CLANG_WARN_BOOL_CONVERSION = YES;
				CLANG_WARN_COMMA = YES;
				CLANG_WARN_CONSTANT_CONVERSION = YES;
				CLANG_WARN_DEPRECATED_OBJC_IMPLEMENTATIONS = YES;
				CLANG_WARN_DIRECT_OBJC_ISA_USAGE = YES_ERROR;
				CLANG_WARN_DOCUMENTATION_COMMENTS = YES;
				CLANG_WARN_EMPTY_BODY = YES;
				CLANG_WARN_ENUM_CONVERSION = YES;
				CLANG_WARN_INFINITE_RECURSION = YES;
				CLANG_WARN_INT_CONVERSION = YES;
				CLANG_WARN_NON_LITERAL_NULL_CONVERSION = YES;
				CLANG_WARN_OBJC_IMPLICIT_RETAIN_SELF = YES;
				CLANG_WARN_OBJC_LITERAL_CONVERSION = YES;
				CLANG_WARN_OBJC_ROOT_CLASS = YES_ERROR;
				CLANG_WARN_QUOTED_INCLUDE_IN_FRAMEWORK_HEADER = YES;
				CLANG_WARN_RANGE_LOOP_ANALYSIS = YES;
				CLANG_WARN_STRICT_PROTOTYPES = YES;
				CLANG_WARN_SUSPICIOUS_MOVE = YES;
				CLANG_WARN_UNGUARDED_AVAILABILITY = YES_AGGRESSIVE;
				CLANG_WARN_UNREACHABLE_CODE = YES;
				CLANG_WARN__DUPLICATE_METHOD_MATCH = YES;
				COPY_PHASE_STRIP = NO;
				DEBUG_INFORMATION_FORMAT = "dwarf-with-dsym";
				ENABLE_NS_ASSERTIONS = NO;
				ENABLE_STRICT_OBJC_MSGSEND = YES;
				GCC_C_LANGUAGE_STANDARD = gnu11;
				GCC_NO_COMMON_BLOCKS = YES;
				GCC_WARN_64_TO_32_BIT_CONVERSION = YES;
				GCC_WARN_ABOUT_RETURN_TYPE = YES_ERROR;
				GCC_WARN_UNDECLARED_SELECTOR = YES;
				GCC_WARN_UNINITIALIZED_AUTOS = YES_AGGRESSIVE;
				GCC_WARN_UNUSED_FUNCTION = YES;
				GCC_WARN_UNUSED_VARIABLE = YES;
				IPHONEOS_DEPLOYMENT_TARGET = 13.0;
				MTL_ENABLE_DEBUG_INFO = NO;
				MTL_FAST_MATH = YES;
				SDKROOT = iphoneos;
				SWIFT_COMPILATION_MODE = wholemodule;
				SWIFT_OPTIMIZATION_LEVEL = "-O";
				VALIDATE_PRODUCT = YES;
			};
			name = Release;
		};
		BCB610142530C82700C4FD2F /* Debug */ = {
			isa = XCBuildConfiguration;
			buildSettings = {
				ASSETCATALOG_COMPILER_APPICON_NAME = AppIcon;
				ASSETCATALOG_COMPILER_GLOBAL_ACCENT_COLOR_NAME = AccentColor;
				CODE_SIGN_STYLE = Automatic;
				DEVELOPMENT_TEAM = 7JDNVBEZLP;
				INFOPLIST_FILE = "Assets + LS + Info.plist/Info.plist";
				LD_RUNPATH_SEARCH_PATHS = (
					"$(inherited)",
					"@executable_path/Frameworks",
				);
				MARKETING_VERSION = 1.0;
				PRODUCT_BUNDLE_IDENTIFIER = com.ahmerovdmitry.MyPets.MyPets;
				PRODUCT_NAME = "$(TARGET_NAME)";
				SWIFT_VERSION = 5.0;
				TARGETED_DEVICE_FAMILY = 1;
				VALIDATE_WORKSPACE = NO;
			};
			name = Debug;
		};
		BCB610152530C82700C4FD2F /* Release */ = {
			isa = XCBuildConfiguration;
			buildSettings = {
				ASSETCATALOG_COMPILER_APPICON_NAME = AppIcon;
				ASSETCATALOG_COMPILER_GLOBAL_ACCENT_COLOR_NAME = AccentColor;
				CODE_SIGN_STYLE = Automatic;
				DEVELOPMENT_TEAM = 7JDNVBEZLP;
				INFOPLIST_FILE = "Assets + LS + Info.plist/Info.plist";
				LD_RUNPATH_SEARCH_PATHS = (
					"$(inherited)",
					"@executable_path/Frameworks",
				);
				MARKETING_VERSION = 1.0;
				PRODUCT_BUNDLE_IDENTIFIER = com.ahmerovdmitry.MyPets.MyPets;
				PRODUCT_NAME = "$(TARGET_NAME)";
				SWIFT_VERSION = 5.0;
				TARGETED_DEVICE_FAMILY = 1;
				VALIDATE_WORKSPACE = NO;
			};
			name = Release;
		};
/* End XCBuildConfiguration section */

/* Begin XCConfigurationList section */
		BC33256B26F0A9370060DCDD /* Build configuration list for PBXNativeTarget "MyPetsSnapshotTests" */ = {
			isa = XCConfigurationList;
			buildConfigurations = (
				BC33256C26F0A9370060DCDD /* Debug */,
				BC33256D26F0A9370060DCDD /* Release */,
			);
			defaultConfigurationIsVisible = 0;
			defaultConfigurationName = Release;
		};
		BCB60FFA2530C82400C4FD2F /* Build configuration list for PBXProject "MyPets" */ = {
			isa = XCConfigurationList;
			buildConfigurations = (
				BCB610112530C82700C4FD2F /* Debug */,
				BCB610122530C82700C4FD2F /* Release */,
			);
			defaultConfigurationIsVisible = 0;
			defaultConfigurationName = Release;
		};
		BCB610132530C82700C4FD2F /* Build configuration list for PBXNativeTarget "MyPets" */ = {
			isa = XCConfigurationList;
			buildConfigurations = (
				BCB610142530C82700C4FD2F /* Debug */,
				BCB610152530C82700C4FD2F /* Release */,
			);
			defaultConfigurationIsVisible = 0;
			defaultConfigurationName = Release;
		};
/* End XCConfigurationList section */

/* Begin XCRemoteSwiftPackageReference section */
		BC33256E26F0A9D60060DCDD /* XCRemoteSwiftPackageReference "swift-snapshot-testing" */ = {
			isa = XCRemoteSwiftPackageReference;
			repositoryURL = "https://github.com/pointfreeco/swift-snapshot-testing";
			requirement = {
				kind = upToNextMajorVersion;
				minimumVersion = 1.9.0;
			};
		};
/* End XCRemoteSwiftPackageReference section */

/* Begin XCSwiftPackageProductDependency section */
		BC33256F26F0A9D60060DCDD /* SnapshotTesting */ = {
			isa = XCSwiftPackageProductDependency;
			package = BC33256E26F0A9D60060DCDD /* XCRemoteSwiftPackageReference "swift-snapshot-testing" */;
			productName = SnapshotTesting;
		};
/* End XCSwiftPackageProductDependency section */

/* Begin XCVersionGroup section */
		BC9402E726CA62840028E5AC /* PetInformation.xcdatamodeld */ = {
			isa = XCVersionGroup;
			children = (
				BC9402E826CA62840028E5AC /* PetInformation.xcdatamodel */,
			);
			currentVersion = BC9402E826CA62840028E5AC /* PetInformation.xcdatamodel */;
			path = PetInformation.xcdatamodeld;
			sourceTree = "<group>";
			versionGroupType = wrapper.xcdatamodel;
		};
/* End XCVersionGroup section */
	};
	rootObject = BCB60FF72530C82400C4FD2F /* Project object */;
}
