// !$*UTF8*$!
{
	archiveVersion = 1;
	classes = {
	};
	objectVersion = 52;
	objects = {

/* Begin PBXBuildFile section */
		BC0132CF26E15DFE0065F1B7 /* MainWeatherModel.swift in Sources */ = {isa = PBXBuildFile; fileRef = BC0132CE26E15DFE0065F1B7 /* MainWeatherModel.swift */; };
		BC0D29DF26ED490F00C3AF2D /* PetMenuModel.swift in Sources */ = {isa = PBXBuildFile; fileRef = BC0D29DE26ED490F00C3AF2D /* PetMenuModel.swift */; };
		BC0D29E126EE9B9100C3AF2D /* ProfileController.swift in Sources */ = {isa = PBXBuildFile; fileRef = BC0D29E026EE9B9100C3AF2D /* ProfileController.swift */; };
		BC0D29E426EE9BB600C3AF2D /* ProfileView.swift in Sources */ = {isa = PBXBuildFile; fileRef = BC0D29E326EE9BB600C3AF2D /* ProfileView.swift */; };
		BC0D29E626EE9D1700C3AF2D /* ProfileModel.swift in Sources */ = {isa = PBXBuildFile; fileRef = BC0D29E526EE9D1700C3AF2D /* ProfileModel.swift */; };
		BC0D29F026EF7F8F00C3AF2D /* EntitysView.swift in Sources */ = {isa = PBXBuildFile; fileRef = BC0D29EF26EF7F8F00C3AF2D /* EntitysView.swift */; };
		BC0D29F226EFA33D00C3AF2D /* SystemView.swift in Sources */ = {isa = PBXBuildFile; fileRef = BC0D29F126EFA33D00C3AF2D /* SystemView.swift */; };
		BC0D29F426EFA38500C3AF2D /* SystemModel.swift in Sources */ = {isa = PBXBuildFile; fileRef = BC0D29F326EFA38500C3AF2D /* SystemModel.swift */; };
		BC0D29F626EFC1DF00C3AF2D /* UITableViewCell.swift in Sources */ = {isa = PBXBuildFile; fileRef = BC0D29F526EFC1DF00C3AF2D /* UITableViewCell.swift */; };
		BC0D29F826EFDEA900C3AF2D /* EntitysController.swift in Sources */ = {isa = PBXBuildFile; fileRef = BC0D29F726EFDEA900C3AF2D /* EntitysController.swift */; };
		BC0D29FC26EFDF3300C3AF2D /* EntitysModel.swift in Sources */ = {isa = PBXBuildFile; fileRef = BC0D29FB26EFDF3300C3AF2D /* EntitysModel.swift */; };
		BC0D2A0426F00F5800C3AF2D /* LocationModel.swift in Sources */ = {isa = PBXBuildFile; fileRef = BC0D2A0326F00F5800C3AF2D /* LocationModel.swift */; };
		BC0D2A0626F00F6300C3AF2D /* LocationView.swift in Sources */ = {isa = PBXBuildFile; fileRef = BC0D2A0526F00F6300C3AF2D /* LocationView.swift */; };
		BC0D2A0826F00F6F00C3AF2D /* LocationController.swift in Sources */ = {isa = PBXBuildFile; fileRef = BC0D2A0726F00F6F00C3AF2D /* LocationController.swift */; };
		BC0F3D7D26F3871F0069ADA1 /* PetPhotoView.swift in Sources */ = {isa = PBXBuildFile; fileRef = BC0F3D7C26F3871F0069ADA1 /* PetPhotoView.swift */; };
		BC0F3D8526F396E20069ADA1 /* MyPetsUnitTests.swift in Sources */ = {isa = PBXBuildFile; fileRef = BC0F3D8426F396E20069ADA1 /* MyPetsUnitTests.swift */; };
		BC13029726B9786000CFD87E /* OnboardView.swift in Sources */ = {isa = PBXBuildFile; fileRef = BC13029626B9785F00CFD87E /* OnboardView.swift */; };
		BC13029926B9787D00CFD87E /* OnboardController.swift in Sources */ = {isa = PBXBuildFile; fileRef = BC13029826B9787D00CFD87E /* OnboardController.swift */; };
		BC13029B26B978A000CFD87E /* OnboardModel.swift in Sources */ = {isa = PBXBuildFile; fileRef = BC13029A26B978A000CFD87E /* OnboardModel.swift */; };
		BC13029D26B9878B00CFD87E /* OnboardCollectionCell.swift in Sources */ = {isa = PBXBuildFile; fileRef = BC13029C26B9878B00CFD87E /* OnboardCollectionCell.swift */; };
		BC16013826EB7A1A00666529 /* StorageService.swift in Sources */ = {isa = PBXBuildFile; fileRef = BC16013726EB7A1A00666529 /* StorageService.swift */; };
		BC16018026ECBF6800666529 /* PetDTO.swift in Sources */ = {isa = PBXBuildFile; fileRef = BC16017F26ECBF6800666529 /* PetDTO.swift */; };
		BC16018326ECE17500666529 /* OMPetInformation+CoreDataClass.swift in Sources */ = {isa = PBXBuildFile; fileRef = BC16018126ECE17500666529 /* OMPetInformation+CoreDataClass.swift */; };
		BC16018426ECE17500666529 /* OMPetInformation+CoreDataProperties.swift in Sources */ = {isa = PBXBuildFile; fileRef = BC16018226ECE17500666529 /* OMPetInformation+CoreDataProperties.swift */; };
		BC26F06626F2072500403961 /* ShimmerView.swift in Sources */ = {isa = PBXBuildFile; fileRef = BC26F06526F2072500403961 /* ShimmerView.swift */; };
		BC38543B26C5AB4700C2F14E /* PetMenuController.swift in Sources */ = {isa = PBXBuildFile; fileRef = BC38543A26C5AB4700C2F14E /* PetMenuController.swift */; };
		BC38543D26C5ABCF00C2F14E /* PetMenuView.swift in Sources */ = {isa = PBXBuildFile; fileRef = BC38543C26C5ABCF00C2F14E /* PetMenuView.swift */; };
		BC413CD42538A97F002CDD19 /* CustomTabBarController.swift in Sources */ = {isa = PBXBuildFile; fileRef = BC413CD32538A97F002CDD19 /* CustomTabBarController.swift */; };
		BC52FFA026D91B9D00A694CB /* WeatherMenuView.swift in Sources */ = {isa = PBXBuildFile; fileRef = BC52FF9F26D91B9D00A694CB /* WeatherMenuView.swift */; };
		BC7073252534A6F600B2979F /* UIButton.swift in Sources */ = {isa = PBXBuildFile; fileRef = BC7073242534A6F600B2979F /* UIButton.swift */; };
		BC7073322534BA3800B2979F /* UIView.swift in Sources */ = {isa = PBXBuildFile; fileRef = BC7073312534BA3800B2979F /* UIView.swift */; };
		BC73964D25435F9900A89858 /* LocationCollectionCell.swift in Sources */ = {isa = PBXBuildFile; fileRef = BC73964C25435F9900A89858 /* LocationCollectionCell.swift */; };
		BC7EB65526C6678100BE80AE /* PetCollectionView.swift in Sources */ = {isa = PBXBuildFile; fileRef = BC7EB65426C6678100BE80AE /* PetCollectionView.swift */; };
		BC7EB65726C668F000BE80AE /* PetCollectionCell.swift in Sources */ = {isa = PBXBuildFile; fileRef = BC7EB65626C668F000BE80AE /* PetCollectionCell.swift */; };
		BC7EB65D26C688F500BE80AE /* PetInfoController.swift in Sources */ = {isa = PBXBuildFile; fileRef = BC7EB65C26C688F500BE80AE /* PetInfoController.swift */; };
		BC7EB65F26C699CD00BE80AE /* PetInfoView.swift in Sources */ = {isa = PBXBuildFile; fileRef = BC7EB65E26C699CD00BE80AE /* PetInfoView.swift */; };
		BC7EB66126C6A09400BE80AE /* PetInfoCollectionCell.swift in Sources */ = {isa = PBXBuildFile; fileRef = BC7EB66026C6A09400BE80AE /* PetInfoCollectionCell.swift */; };
		BC7EB66526C6AB1F00BE80AE /* PetInfoCell.swift in Sources */ = {isa = PBXBuildFile; fileRef = BC7EB66426C6AB1F00BE80AE /* PetInfoCell.swift */; };
		BC7EB66726C6CA9900BE80AE /* PetInfoModel.swift in Sources */ = {isa = PBXBuildFile; fileRef = BC7EB66626C6CA9900BE80AE /* PetInfoModel.swift */; };
		BC8C64F326BF37EF00CA7A90 /* PremiumView.swift in Sources */ = {isa = PBXBuildFile; fileRef = BC8C64F226BF37EF00CA7A90 /* PremiumView.swift */; };
		BC8C64F526BF382A00CA7A90 /* PremiumModel.swift in Sources */ = {isa = PBXBuildFile; fileRef = BC8C64F426BF382A00CA7A90 /* PremiumModel.swift */; };
		BC91F2F42627423D006CCE3B /* UserDefaultsService.swift in Sources */ = {isa = PBXBuildFile; fileRef = BC91F2F32627423D006CCE3B /* UserDefaultsService.swift */; };
		BC9402E926CA62840028E5AC /* PetInformation.xcdatamodeld in Sources */ = {isa = PBXBuildFile; fileRef = BC9402E726CA62840028E5AC /* PetInformation.xcdatamodeld */; };
		BC9402F926CA6AB70028E5AC /* PetInfoTableCell.swift in Sources */ = {isa = PBXBuildFile; fileRef = BC9402F826CA6AB70028E5AC /* PetInfoTableCell.swift */; };
		BC9402FC26CA7BFF0028E5AC /* InputInfoController.swift in Sources */ = {isa = PBXBuildFile; fileRef = BC9402FB26CA7BFF0028E5AC /* InputInfoController.swift */; };
		BC9F268F26BBCC5D000B854F /* UIColor.swift in Sources */ = {isa = PBXBuildFile; fileRef = BC9F268E26BBCC5D000B854F /* UIColor.swift */; };
		BCA7B29326ED0D340050BD24 /* PremiumController.swift in Sources */ = {isa = PBXBuildFile; fileRef = BC8C64F026BF379700CA7A90 /* PremiumController.swift */; };
		BCB610032530C82400C4FD2F /* AppDelegate.swift in Sources */ = {isa = PBXBuildFile; fileRef = BCB610022530C82400C4FD2F /* AppDelegate.swift */; };
		BCB6100C2530C82700C4FD2F /* Assets.xcassets in Resources */ = {isa = PBXBuildFile; fileRef = BCB6100B2530C82700C4FD2F /* Assets.xcassets */; };
		BCB6100F2530C82700C4FD2F /* LaunchScreen.storyboard in Resources */ = {isa = PBXBuildFile; fileRef = BCB6100D2530C82700C4FD2F /* LaunchScreen.storyboard */; };
		BCC259E726C40D3E00FCAC54 /* MainMenuView.swift in Sources */ = {isa = PBXBuildFile; fileRef = BCC259E626C40D3E00FCAC54 /* MainMenuView.swift */; };
		BCC259E926C4142A00FCAC54 /* MainMenuController.swift in Sources */ = {isa = PBXBuildFile; fileRef = BCC259E826C4142A00FCAC54 /* MainMenuController.swift */; };
		BCDAEB6E26CFBD990099CF13 /* InputInfoView.swift in Sources */ = {isa = PBXBuildFile; fileRef = BCDAEB6D26CFBD990099CF13 /* InputInfoView.swift */; };
		BCE5115525461A23002FB62E /* UIAlertController.swift in Sources */ = {isa = PBXBuildFile; fileRef = BCE5115425461A23002FB62E /* UIAlertController.swift */; };
		BCE6ACA626F21011007CDB81 /* NetworkServiceError.swift in Sources */ = {isa = PBXBuildFile; fileRef = BCE6ACA526F21011007CDB81 /* NetworkServiceError.swift */; };
		BCFECA5026F2327600286EF6 /* MyPetsSnapshotTests.swift in Sources */ = {isa = PBXBuildFile; fileRef = BCFECA4F26F2327600286EF6 /* MyPetsSnapshotTests.swift */; };
		BCFECA5926F2336400286EF6 /* SnapshotTesting in Frameworks */ = {isa = PBXBuildFile; productRef = BCFECA5826F2336400286EF6 /* SnapshotTesting */; };
		BCFECA5A26F2345600286EF6 /* ProfileController.swift in Sources */ = {isa = PBXBuildFile; fileRef = BC0D29E026EE9B9100C3AF2D /* ProfileController.swift */; };
		BCFECA5B26F234A300286EF6 /* AppDelegate.swift in Sources */ = {isa = PBXBuildFile; fileRef = BCB610022530C82400C4FD2F /* AppDelegate.swift */; };
		BCFECA5C26F234AE00286EF6 /* SystemView.swift in Sources */ = {isa = PBXBuildFile; fileRef = BC0D29F126EFA33D00C3AF2D /* SystemView.swift */; };
		BCFECA5D26F234AE00286EF6 /* ProfileModel.swift in Sources */ = {isa = PBXBuildFile; fileRef = BC0D29E526EE9D1700C3AF2D /* ProfileModel.swift */; };
		BCFECA5E26F234AE00286EF6 /* ProfileView.swift in Sources */ = {isa = PBXBuildFile; fileRef = BC0D29E326EE9BB600C3AF2D /* ProfileView.swift */; };
		BCFECA5F26F234AE00286EF6 /* SystemModel.swift in Sources */ = {isa = PBXBuildFile; fileRef = BC0D29F326EFA38500C3AF2D /* SystemModel.swift */; };
		BCFECA6026F234BE00286EF6 /* UserDefaultsService.swift in Sources */ = {isa = PBXBuildFile; fileRef = BC91F2F32627423D006CCE3B /* UserDefaultsService.swift */; };
		BCFECA6126F234C600286EF6 /* PetDTO.swift in Sources */ = {isa = PBXBuildFile; fileRef = BC16017F26ECBF6800666529 /* PetDTO.swift */; };
		BCFECA6226F234C600286EF6 /* OMPetInformation+CoreDataClass.swift in Sources */ = {isa = PBXBuildFile; fileRef = BC16018126ECE17500666529 /* OMPetInformation+CoreDataClass.swift */; };
		BCFECA6326F234C600286EF6 /* OMPetInformation+CoreDataProperties.swift in Sources */ = {isa = PBXBuildFile; fileRef = BC16018226ECE17500666529 /* OMPetInformation+CoreDataProperties.swift */; };
		BCFECA6426F234C600286EF6 /* StorageService.swift in Sources */ = {isa = PBXBuildFile; fileRef = BC16013726EB7A1A00666529 /* StorageService.swift */; };
		BCFECA6526F234E200286EF6 /* OnboardModel.swift in Sources */ = {isa = PBXBuildFile; fileRef = BC13029A26B978A000CFD87E /* OnboardModel.swift */; };
		BCFECA6626F234E200286EF6 /* OnboardView.swift in Sources */ = {isa = PBXBuildFile; fileRef = BC13029626B9785F00CFD87E /* OnboardView.swift */; };
		BCFECA6726F234E200286EF6 /* OnboardCollectionCell.swift in Sources */ = {isa = PBXBuildFile; fileRef = BC13029C26B9878B00CFD87E /* OnboardCollectionCell.swift */; };
		BCFECA6826F234E200286EF6 /* OnboardController.swift in Sources */ = {isa = PBXBuildFile; fileRef = BC13029826B9787D00CFD87E /* OnboardController.swift */; };
		BCFECA6926F234E600286EF6 /* CustomTabBarController.swift in Sources */ = {isa = PBXBuildFile; fileRef = BC413CD32538A97F002CDD19 /* CustomTabBarController.swift */; };
		BCFECA6A26F234F900286EF6 /* PremiumModel.swift in Sources */ = {isa = PBXBuildFile; fileRef = BC8C64F426BF382A00CA7A90 /* PremiumModel.swift */; };
		BCFECA6B26F234F900286EF6 /* PremiumView.swift in Sources */ = {isa = PBXBuildFile; fileRef = BC8C64F226BF37EF00CA7A90 /* PremiumView.swift */; };
		BCFECA6C26F234F900286EF6 /* PremiumController.swift in Sources */ = {isa = PBXBuildFile; fileRef = BC8C64F026BF379700CA7A90 /* PremiumController.swift */; };
		BCFECA6D26F2350300286EF6 /* MainMenuController.swift in Sources */ = {isa = PBXBuildFile; fileRef = BCC259E826C4142A00FCAC54 /* MainMenuController.swift */; };
		BCFECA7026F2350300286EF6 /* WeatherMenuView.swift in Sources */ = {isa = PBXBuildFile; fileRef = BC52FF9F26D91B9D00A694CB /* WeatherMenuView.swift */; };
		BCFECA7126F2350300286EF6 /* MainMenuView.swift in Sources */ = {isa = PBXBuildFile; fileRef = BCC259E626C40D3E00FCAC54 /* MainMenuView.swift */; };
		BCFECA7226F2350300286EF6 /* ShimmerView.swift in Sources */ = {isa = PBXBuildFile; fileRef = BC26F06526F2072500403961 /* ShimmerView.swift */; };
		BCFECA7326F2350300286EF6 /* MainWeatherModel.swift in Sources */ = {isa = PBXBuildFile; fileRef = BC0132CE26E15DFE0065F1B7 /* MainWeatherModel.swift */; };
		BCFECA7526F2350C00286EF6 /* PetMenuModel.swift in Sources */ = {isa = PBXBuildFile; fileRef = BC0D29DE26ED490F00C3AF2D /* PetMenuModel.swift */; };
		BCFECA7626F2350D00286EF6 /* PetMenuController.swift in Sources */ = {isa = PBXBuildFile; fileRef = BC38543A26C5AB4700C2F14E /* PetMenuController.swift */; };
		BCFECA7726F2350D00286EF6 /* PetCollectionCell.swift in Sources */ = {isa = PBXBuildFile; fileRef = BC7EB65626C668F000BE80AE /* PetCollectionCell.swift */; };
		BCFECA7826F2350D00286EF6 /* PetCollectionView.swift in Sources */ = {isa = PBXBuildFile; fileRef = BC7EB65426C6678100BE80AE /* PetCollectionView.swift */; };
		BCFECA7926F2350D00286EF6 /* PetMenuView.swift in Sources */ = {isa = PBXBuildFile; fileRef = BC38543C26C5ABCF00C2F14E /* PetMenuView.swift */; };
		BCFECA7A26F2351400286EF6 /* PetInfoController.swift in Sources */ = {isa = PBXBuildFile; fileRef = BC7EB65C26C688F500BE80AE /* PetInfoController.swift */; };
		BCFECA7B26F2351400286EF6 /* PetInfoModel.swift in Sources */ = {isa = PBXBuildFile; fileRef = BC7EB66626C6CA9900BE80AE /* PetInfoModel.swift */; };
		BCFECA7C26F2351400286EF6 /* PetInfoTableCell.swift in Sources */ = {isa = PBXBuildFile; fileRef = BC9402F826CA6AB70028E5AC /* PetInfoTableCell.swift */; };
		BCFECA7D26F2351400286EF6 /* PetInfoCollectionCell.swift in Sources */ = {isa = PBXBuildFile; fileRef = BC7EB66026C6A09400BE80AE /* PetInfoCollectionCell.swift */; };
		BCFECA7E26F2351400286EF6 /* PetInfoCell.swift in Sources */ = {isa = PBXBuildFile; fileRef = BC7EB66426C6AB1F00BE80AE /* PetInfoCell.swift */; };
		BCFECA7F26F2351400286EF6 /* PetInfoView.swift in Sources */ = {isa = PBXBuildFile; fileRef = BC7EB65E26C699CD00BE80AE /* PetInfoView.swift */; };
		BCFECA8026F2351900286EF6 /* InputInfoView.swift in Sources */ = {isa = PBXBuildFile; fileRef = BCDAEB6D26CFBD990099CF13 /* InputInfoView.swift */; };
		BCFECA8126F2351900286EF6 /* InputInfoController.swift in Sources */ = {isa = PBXBuildFile; fileRef = BC9402FB26CA7BFF0028E5AC /* InputInfoController.swift */; };
		BCFECA8226F2351F00286EF6 /* LocationModel.swift in Sources */ = {isa = PBXBuildFile; fileRef = BC0D2A0326F00F5800C3AF2D /* LocationModel.swift */; };
		BCFECA8326F2351F00286EF6 /* LocationView.swift in Sources */ = {isa = PBXBuildFile; fileRef = BC0D2A0526F00F6300C3AF2D /* LocationView.swift */; };
		BCFECA8426F2351F00286EF6 /* LocationCollectionCell.swift in Sources */ = {isa = PBXBuildFile; fileRef = BC73964C25435F9900A89858 /* LocationCollectionCell.swift */; };
		BCFECA8526F2351F00286EF6 /* LocationController.swift in Sources */ = {isa = PBXBuildFile; fileRef = BC0D2A0726F00F6F00C3AF2D /* LocationController.swift */; };
		BCFECA8626F2352800286EF6 /* EntitysModel.swift in Sources */ = {isa = PBXBuildFile; fileRef = BC0D29FB26EFDF3300C3AF2D /* EntitysModel.swift */; };
		BCFECA8726F2352800286EF6 /* EntitysController.swift in Sources */ = {isa = PBXBuildFile; fileRef = BC0D29F726EFDEA900C3AF2D /* EntitysController.swift */; };
		BCFECA8826F2352800286EF6 /* EntitysView.swift in Sources */ = {isa = PBXBuildFile; fileRef = BC0D29EF26EF7F8F00C3AF2D /* EntitysView.swift */; };
		BCFECA8926F2352C00286EF6 /* UIColor.swift in Sources */ = {isa = PBXBuildFile; fileRef = BC9F268E26BBCC5D000B854F /* UIColor.swift */; };
		BCFECA8A26F2352C00286EF6 /* UITableViewCell.swift in Sources */ = {isa = PBXBuildFile; fileRef = BC0D29F526EFC1DF00C3AF2D /* UITableViewCell.swift */; };
		BCFECA8B26F2352C00286EF6 /* UIAlertController.swift in Sources */ = {isa = PBXBuildFile; fileRef = BCE5115425461A23002FB62E /* UIAlertController.swift */; };
		BCFECA8C26F2352C00286EF6 /* UIView.swift in Sources */ = {isa = PBXBuildFile; fileRef = BC7073312534BA3800B2979F /* UIView.swift */; };
		BCFECA8D26F2352C00286EF6 /* UIButton.swift in Sources */ = {isa = PBXBuildFile; fileRef = BC7073242534A6F600B2979F /* UIButton.swift */; };
		BCFECA8F26F2354000286EF6 /* NetworkServiceError.swift in Sources */ = {isa = PBXBuildFile; fileRef = BCE6ACA526F21011007CDB81 /* NetworkServiceError.swift */; };
		BCFECA9326F2368700286EF6 /* MainMenuController + Extension.swift in Sources */ = {isa = PBXBuildFile; fileRef = BCFECA9226F2368700286EF6 /* MainMenuController + Extension.swift */; };
		BCFECA9726F2499900286EF6 /* GetWeatherResponse.swift in Sources */ = {isa = PBXBuildFile; fileRef = BCFECA9626F2499900286EF6 /* GetWeatherResponse.swift */; };
		BCFECA9926F24ECC00286EF6 /* NetworkService.swift in Sources */ = {isa = PBXBuildFile; fileRef = BCFECA9826F24ECC00286EF6 /* NetworkService.swift */; };
/* End PBXBuildFile section */

/* Begin PBXContainerItemProxy section */
		BC0F3D8726F396E20069ADA1 /* PBXContainerItemProxy */ = {
			isa = PBXContainerItemProxy;
			containerPortal = BCB60FF72530C82400C4FD2F /* Project object */;
			proxyType = 1;
			remoteGlobalIDString = BCB60FFE2530C82400C4FD2F;
			remoteInfo = MyPets;
		};
		BCFECA5226F2327700286EF6 /* PBXContainerItemProxy */ = {
			isa = PBXContainerItemProxy;
			containerPortal = BCB60FF72530C82400C4FD2F /* Project object */;
			proxyType = 1;
			remoteGlobalIDString = BCB60FFE2530C82400C4FD2F;
			remoteInfo = MyPets;
		};
/* End PBXContainerItemProxy section */

/* Begin PBXFileReference section */
		BC0132CE26E15DFE0065F1B7 /* MainWeatherModel.swift */ = {isa = PBXFileReference; lastKnownFileType = sourcecode.swift; path = MainWeatherModel.swift; sourceTree = "<group>"; };
		BC0D29DE26ED490F00C3AF2D /* PetMenuModel.swift */ = {isa = PBXFileReference; lastKnownFileType = sourcecode.swift; path = PetMenuModel.swift; sourceTree = "<group>"; };
		BC0D29E026EE9B9100C3AF2D /* ProfileController.swift */ = {isa = PBXFileReference; lastKnownFileType = sourcecode.swift; path = ProfileController.swift; sourceTree = "<group>"; };
		BC0D29E326EE9BB600C3AF2D /* ProfileView.swift */ = {isa = PBXFileReference; lastKnownFileType = sourcecode.swift; path = ProfileView.swift; sourceTree = "<group>"; };
		BC0D29E526EE9D1700C3AF2D /* ProfileModel.swift */ = {isa = PBXFileReference; lastKnownFileType = sourcecode.swift; path = ProfileModel.swift; sourceTree = "<group>"; };
		BC0D29EF26EF7F8F00C3AF2D /* EntitysView.swift */ = {isa = PBXFileReference; fileEncoding = 4; lastKnownFileType = sourcecode.swift; path = EntitysView.swift; sourceTree = "<group>"; };
		BC0D29F126EFA33D00C3AF2D /* SystemView.swift */ = {isa = PBXFileReference; lastKnownFileType = sourcecode.swift; path = SystemView.swift; sourceTree = "<group>"; };
		BC0D29F326EFA38500C3AF2D /* SystemModel.swift */ = {isa = PBXFileReference; lastKnownFileType = sourcecode.swift; path = SystemModel.swift; sourceTree = "<group>"; };
		BC0D29F526EFC1DF00C3AF2D /* UITableViewCell.swift */ = {isa = PBXFileReference; lastKnownFileType = sourcecode.swift; path = UITableViewCell.swift; sourceTree = "<group>"; };
		BC0D29F726EFDEA900C3AF2D /* EntitysController.swift */ = {isa = PBXFileReference; lastKnownFileType = sourcecode.swift; path = EntitysController.swift; sourceTree = "<group>"; };
		BC0D29FB26EFDF3300C3AF2D /* EntitysModel.swift */ = {isa = PBXFileReference; lastKnownFileType = sourcecode.swift; path = EntitysModel.swift; sourceTree = "<group>"; };
		BC0D2A0326F00F5800C3AF2D /* LocationModel.swift */ = {isa = PBXFileReference; lastKnownFileType = sourcecode.swift; path = LocationModel.swift; sourceTree = "<group>"; };
		BC0D2A0526F00F6300C3AF2D /* LocationView.swift */ = {isa = PBXFileReference; lastKnownFileType = sourcecode.swift; path = LocationView.swift; sourceTree = "<group>"; };
		BC0D2A0726F00F6F00C3AF2D /* LocationController.swift */ = {isa = PBXFileReference; lastKnownFileType = sourcecode.swift; path = LocationController.swift; sourceTree = "<group>"; };
		BC0F3D7C26F3871F0069ADA1 /* PetPhotoView.swift */ = {isa = PBXFileReference; lastKnownFileType = sourcecode.swift; path = PetPhotoView.swift; sourceTree = "<group>"; };
		BC0F3D8226F396E20069ADA1 /* MyPetsUnitTests.xctest */ = {isa = PBXFileReference; explicitFileType = wrapper.cfbundle; includeInIndex = 0; path = MyPetsUnitTests.xctest; sourceTree = BUILT_PRODUCTS_DIR; };
		BC0F3D8426F396E20069ADA1 /* MyPetsUnitTests.swift */ = {isa = PBXFileReference; lastKnownFileType = sourcecode.swift; path = MyPetsUnitTests.swift; sourceTree = "<group>"; };
		BC0F3D8626F396E20069ADA1 /* Info.plist */ = {isa = PBXFileReference; lastKnownFileType = text.plist.xml; path = Info.plist; sourceTree = "<group>"; };
		BC13029626B9785F00CFD87E /* OnboardView.swift */ = {isa = PBXFileReference; lastKnownFileType = sourcecode.swift; path = OnboardView.swift; sourceTree = "<group>"; };
		BC13029826B9787D00CFD87E /* OnboardController.swift */ = {isa = PBXFileReference; lastKnownFileType = sourcecode.swift; path = OnboardController.swift; sourceTree = "<group>"; };
		BC13029A26B978A000CFD87E /* OnboardModel.swift */ = {isa = PBXFileReference; lastKnownFileType = sourcecode.swift; path = OnboardModel.swift; sourceTree = "<group>"; };
		BC13029C26B9878B00CFD87E /* OnboardCollectionCell.swift */ = {isa = PBXFileReference; lastKnownFileType = sourcecode.swift; path = OnboardCollectionCell.swift; sourceTree = "<group>"; };
		BC16013726EB7A1A00666529 /* StorageService.swift */ = {isa = PBXFileReference; lastKnownFileType = sourcecode.swift; path = StorageService.swift; sourceTree = "<group>"; };
		BC16017F26ECBF6800666529 /* PetDTO.swift */ = {isa = PBXFileReference; lastKnownFileType = sourcecode.swift; path = PetDTO.swift; sourceTree = "<group>"; };
		BC16018126ECE17500666529 /* OMPetInformation+CoreDataClass.swift */ = {isa = PBXFileReference; lastKnownFileType = sourcecode.swift; path = "OMPetInformation+CoreDataClass.swift"; sourceTree = "<group>"; };
		BC16018226ECE17500666529 /* OMPetInformation+CoreDataProperties.swift */ = {isa = PBXFileReference; lastKnownFileType = sourcecode.swift; path = "OMPetInformation+CoreDataProperties.swift"; sourceTree = "<group>"; };
		BC26F06526F2072500403961 /* ShimmerView.swift */ = {isa = PBXFileReference; lastKnownFileType = sourcecode.swift; path = ShimmerView.swift; sourceTree = "<group>"; };
		BC38543A26C5AB4700C2F14E /* PetMenuController.swift */ = {isa = PBXFileReference; lastKnownFileType = sourcecode.swift; path = PetMenuController.swift; sourceTree = "<group>"; };
		BC38543C26C5ABCF00C2F14E /* PetMenuView.swift */ = {isa = PBXFileReference; lastKnownFileType = sourcecode.swift; path = PetMenuView.swift; sourceTree = "<group>"; };
		BC413CD32538A97F002CDD19 /* CustomTabBarController.swift */ = {isa = PBXFileReference; lastKnownFileType = sourcecode.swift; path = CustomTabBarController.swift; sourceTree = "<group>"; };
		BC52FF9F26D91B9D00A694CB /* WeatherMenuView.swift */ = {isa = PBXFileReference; lastKnownFileType = sourcecode.swift; path = WeatherMenuView.swift; sourceTree = "<group>"; };
		BC7073242534A6F600B2979F /* UIButton.swift */ = {isa = PBXFileReference; lastKnownFileType = sourcecode.swift; path = UIButton.swift; sourceTree = "<group>"; };
		BC7073312534BA3800B2979F /* UIView.swift */ = {isa = PBXFileReference; lastKnownFileType = sourcecode.swift; path = UIView.swift; sourceTree = "<group>"; };
		BC73964C25435F9900A89858 /* LocationCollectionCell.swift */ = {isa = PBXFileReference; lastKnownFileType = sourcecode.swift; path = LocationCollectionCell.swift; sourceTree = "<group>"; };
		BC7EB65426C6678100BE80AE /* PetCollectionView.swift */ = {isa = PBXFileReference; lastKnownFileType = sourcecode.swift; path = PetCollectionView.swift; sourceTree = "<group>"; };
		BC7EB65626C668F000BE80AE /* PetCollectionCell.swift */ = {isa = PBXFileReference; lastKnownFileType = sourcecode.swift; path = PetCollectionCell.swift; sourceTree = "<group>"; };
		BC7EB65C26C688F500BE80AE /* PetInfoController.swift */ = {isa = PBXFileReference; lastKnownFileType = sourcecode.swift; path = PetInfoController.swift; sourceTree = "<group>"; };
		BC7EB65E26C699CD00BE80AE /* PetInfoView.swift */ = {isa = PBXFileReference; lastKnownFileType = sourcecode.swift; path = PetInfoView.swift; sourceTree = "<group>"; };
		BC7EB66026C6A09400BE80AE /* PetInfoCollectionCell.swift */ = {isa = PBXFileReference; lastKnownFileType = sourcecode.swift; path = PetInfoCollectionCell.swift; sourceTree = "<group>"; };
		BC7EB66426C6AB1F00BE80AE /* PetInfoCell.swift */ = {isa = PBXFileReference; lastKnownFileType = sourcecode.swift; path = PetInfoCell.swift; sourceTree = "<group>"; };
		BC7EB66626C6CA9900BE80AE /* PetInfoModel.swift */ = {isa = PBXFileReference; lastKnownFileType = sourcecode.swift; path = PetInfoModel.swift; sourceTree = "<group>"; };
		BC8C64F026BF379700CA7A90 /* PremiumController.swift */ = {isa = PBXFileReference; lastKnownFileType = sourcecode.swift; path = PremiumController.swift; sourceTree = "<group>"; };
		BC8C64F226BF37EF00CA7A90 /* PremiumView.swift */ = {isa = PBXFileReference; lastKnownFileType = sourcecode.swift; path = PremiumView.swift; sourceTree = "<group>"; };
		BC8C64F426BF382A00CA7A90 /* PremiumModel.swift */ = {isa = PBXFileReference; lastKnownFileType = sourcecode.swift; path = PremiumModel.swift; sourceTree = "<group>"; };
		BC91F2F32627423D006CCE3B /* UserDefaultsService.swift */ = {isa = PBXFileReference; lastKnownFileType = sourcecode.swift; path = UserDefaultsService.swift; sourceTree = "<group>"; };
		BC9402E826CA62840028E5AC /* PetInformation.xcdatamodel */ = {isa = PBXFileReference; lastKnownFileType = wrapper.xcdatamodel; path = PetInformation.xcdatamodel; sourceTree = "<group>"; };
		BC9402F826CA6AB70028E5AC /* PetInfoTableCell.swift */ = {isa = PBXFileReference; lastKnownFileType = sourcecode.swift; path = PetInfoTableCell.swift; sourceTree = "<group>"; };
		BC9402FB26CA7BFF0028E5AC /* InputInfoController.swift */ = {isa = PBXFileReference; lastKnownFileType = sourcecode.swift; path = InputInfoController.swift; sourceTree = "<group>"; };
		BC9F268E26BBCC5D000B854F /* UIColor.swift */ = {isa = PBXFileReference; fileEncoding = 4; lastKnownFileType = sourcecode.swift; path = UIColor.swift; sourceTree = "<group>"; };
		BCB60FFF2530C82400C4FD2F /* MyPets.app */ = {isa = PBXFileReference; explicitFileType = wrapper.application; includeInIndex = 0; path = MyPets.app; sourceTree = BUILT_PRODUCTS_DIR; };
		BCB610022530C82400C4FD2F /* AppDelegate.swift */ = {isa = PBXFileReference; lastKnownFileType = sourcecode.swift; path = AppDelegate.swift; sourceTree = "<group>"; };
		BCB6100B2530C82700C4FD2F /* Assets.xcassets */ = {isa = PBXFileReference; lastKnownFileType = folder.assetcatalog; path = Assets.xcassets; sourceTree = "<group>"; };
		BCB6100E2530C82700C4FD2F /* Base */ = {isa = PBXFileReference; lastKnownFileType = file.storyboard; name = Base; path = Base.lproj/LaunchScreen.storyboard; sourceTree = "<group>"; };
		BCB610102530C82700C4FD2F /* Info.plist */ = {isa = PBXFileReference; lastKnownFileType = text.plist.xml; name = Info.plist; path = "Assets + LS + Info.plist/Info.plist"; sourceTree = SOURCE_ROOT; };
		BCC259E626C40D3E00FCAC54 /* MainMenuView.swift */ = {isa = PBXFileReference; lastKnownFileType = sourcecode.swift; path = MainMenuView.swift; sourceTree = "<group>"; };
		BCC259E826C4142A00FCAC54 /* MainMenuController.swift */ = {isa = PBXFileReference; lastKnownFileType = sourcecode.swift; path = MainMenuController.swift; sourceTree = "<group>"; };
		BCDAEB6D26CFBD990099CF13 /* InputInfoView.swift */ = {isa = PBXFileReference; lastKnownFileType = sourcecode.swift; path = InputInfoView.swift; sourceTree = "<group>"; };
		BCE5115425461A23002FB62E /* UIAlertController.swift */ = {isa = PBXFileReference; lastKnownFileType = sourcecode.swift; path = UIAlertController.swift; sourceTree = "<group>"; };
		BCE6ACA526F21011007CDB81 /* NetworkServiceError.swift */ = {isa = PBXFileReference; lastKnownFileType = sourcecode.swift; path = NetworkServiceError.swift; sourceTree = "<group>"; };
		BCFECA4D26F2327600286EF6 /* MyPetsSnapshotTests.xctest */ = {isa = PBXFileReference; explicitFileType = wrapper.cfbundle; includeInIndex = 0; path = MyPetsSnapshotTests.xctest; sourceTree = BUILT_PRODUCTS_DIR; };
		BCFECA4F26F2327600286EF6 /* MyPetsSnapshotTests.swift */ = {isa = PBXFileReference; lastKnownFileType = sourcecode.swift; path = MyPetsSnapshotTests.swift; sourceTree = "<group>"; };
		BCFECA5126F2327700286EF6 /* Info.plist */ = {isa = PBXFileReference; lastKnownFileType = text.plist.xml; path = Info.plist; sourceTree = "<group>"; };
		BCFECA9226F2368700286EF6 /* MainMenuController + Extension.swift */ = {isa = PBXFileReference; lastKnownFileType = sourcecode.swift; path = "MainMenuController + Extension.swift"; sourceTree = "<group>"; };
		BCFECA9626F2499900286EF6 /* GetWeatherResponse.swift */ = {isa = PBXFileReference; lastKnownFileType = sourcecode.swift; path = GetWeatherResponse.swift; sourceTree = "<group>"; };
		BCFECA9826F24ECC00286EF6 /* NetworkService.swift */ = {isa = PBXFileReference; lastKnownFileType = sourcecode.swift; path = NetworkService.swift; sourceTree = "<group>"; };
/* End PBXFileReference section */

/* Begin PBXFrameworksBuildPhase section */
		BC0F3D7F26F396E20069ADA1 /* Frameworks */ = {
			isa = PBXFrameworksBuildPhase;
			buildActionMask = 2147483647;
			files = (
			);
			runOnlyForDeploymentPostprocessing = 0;
		};
		BCB60FFC2530C82400C4FD2F /* Frameworks */ = {
			isa = PBXFrameworksBuildPhase;
			buildActionMask = 2147483647;
			files = (
			);
			runOnlyForDeploymentPostprocessing = 0;
		};
		BCFECA4A26F2327600286EF6 /* Frameworks */ = {
			isa = PBXFrameworksBuildPhase;
			buildActionMask = 2147483647;
			files = (
				BCFECA5926F2336400286EF6 /* SnapshotTesting in Frameworks */,
			);
			runOnlyForDeploymentPostprocessing = 0;
		};
/* End PBXFrameworksBuildPhase section */

/* Begin PBXGroup section */
		BC0D29E226EE9B9E00C3AF2D /* ProfileModule */ = {
			isa = PBXGroup;
			children = (
				BC0D29E726EF739800C3AF2D /* Models */,
				BC0D29E826EF73A700C3AF2D /* Views */,
				BC0D29E026EE9B9100C3AF2D /* ProfileController.swift */,
			);
			path = ProfileModule;
			sourceTree = "<group>";
		};
		BC0D29E726EF739800C3AF2D /* Models */ = {
			isa = PBXGroup;
			children = (
				BC0D29E526EE9D1700C3AF2D /* ProfileModel.swift */,
				BC0D29F326EFA38500C3AF2D /* SystemModel.swift */,
			);
			path = Models;
			sourceTree = "<group>";
		};
		BC0D29E826EF73A700C3AF2D /* Views */ = {
			isa = PBXGroup;
			children = (
				BC0D29E326EE9BB600C3AF2D /* ProfileView.swift */,
				BC0D29F126EFA33D00C3AF2D /* SystemView.swift */,
			);
			path = Views;
			sourceTree = "<group>";
		};
		BC0D29F926EFDEB000C3AF2D /* EntitysModule */ = {
			isa = PBXGroup;
			children = (
				BC0D29FB26EFDF3300C3AF2D /* EntitysModel.swift */,
				BC0D29EF26EF7F8F00C3AF2D /* EntitysView.swift */,
				BC0D29F726EFDEA900C3AF2D /* EntitysController.swift */,
			);
			path = EntitysModule;
			sourceTree = "<group>";
		};
		BC0D2A0226F00F4800C3AF2D /* LocationModule */ = {
			isa = PBXGroup;
			children = (
				BC0D2A0326F00F5800C3AF2D /* LocationModel.swift */,
				BC33255F26F0A0350060DCDD /* Views */,
				BC0D2A0726F00F6F00C3AF2D /* LocationController.swift */,
			);
			path = LocationModule;
			sourceTree = "<group>";
		};
		BC0F3D8326F396E20069ADA1 /* MyPetsUnitTests */ = {
			isa = PBXGroup;
			children = (
				BC0F3D8426F396E20069ADA1 /* MyPetsUnitTests.swift */,
				BC0F3D8626F396E20069ADA1 /* Info.plist */,
			);
			path = MyPetsUnitTests;
			sourceTree = "<group>";
		};
		BC33255F26F0A0350060DCDD /* Views */ = {
			isa = PBXGroup;
			children = (
				BC0D2A0526F00F6300C3AF2D /* LocationView.swift */,
				BC73964C25435F9900A89858 /* LocationCollectionCell.swift */,
			);
			path = Views;
			sourceTree = "<group>";
		};
		BC38543626C5AAF000C2F14E /* PetMenuModule */ = {
			isa = PBXGroup;
			children = (
				BC0D29DE26ED490F00C3AF2D /* PetMenuModel.swift */,
				BC38543826C5AB1100C2F14E /* Views */,
				BC38543A26C5AB4700C2F14E /* PetMenuController.swift */,
			);
			path = PetMenuModule;
			sourceTree = "<group>";
		};
		BC38543826C5AB1100C2F14E /* Views */ = {
			isa = PBXGroup;
			children = (
				BC38543C26C5ABCF00C2F14E /* PetMenuView.swift */,
				BC7EB65426C6678100BE80AE /* PetCollectionView.swift */,
				BC7EB65626C668F000BE80AE /* PetCollectionCell.swift */,
			);
			path = Views;
			sourceTree = "<group>";
		};
		BC3C7C752532F54700209C51 /* OnboardViewModule */ = {
			isa = PBXGroup;
			children = (
				BC13029A26B978A000CFD87E /* OnboardModel.swift */,
				BC7464B126BF0B7C00B7B83B /* Views */,
				BC13029826B9787D00CFD87E /* OnboardController.swift */,
			);
			path = OnboardViewModule;
			sourceTree = "<group>";
		};
		BC413CD62538ABBB002CDD19 /* CustomTabBarController */ = {
			isa = PBXGroup;
			children = (
				BC413CD32538A97F002CDD19 /* CustomTabBarController.swift */,
			);
			path = CustomTabBarController;
			sourceTree = "<group>";
		};
		BC4CA473262436EF00C2033C /* MainMenuModule */ = {
			isa = PBXGroup;
			children = (
				BCC259E326C40C8E00FCAC54 /* Models */,
				BCC259E426C40C9500FCAC54 /* Views */,
				BCFECA9126F2366E00286EF6 /* Controller */,
			);
			path = MainMenuModule;
			sourceTree = "<group>";
		};
		BC70732C2534AE9400B2979F /* PremiumModule */ = {
			isa = PBXGroup;
			children = (
				BC8C64F426BF382A00CA7A90 /* PremiumModel.swift */,
				BC8C64F226BF37EF00CA7A90 /* PremiumView.swift */,
				BC8C64F026BF379700CA7A90 /* PremiumController.swift */,
			);
			path = PremiumModule;
			sourceTree = "<group>";
		};
		BC7464B126BF0B7C00B7B83B /* Views */ = {
			isa = PBXGroup;
			children = (
				BC13029626B9785F00CFD87E /* OnboardView.swift */,
				BC13029C26B9878B00CFD87E /* OnboardCollectionCell.swift */,
			);
			path = Views;
			sourceTree = "<group>";
		};
		BC7EB65A26C688DD00BE80AE /* Views */ = {
			isa = PBXGroup;
			children = (
				BC7EB65E26C699CD00BE80AE /* PetInfoView.swift */,
				BC7EB66026C6A09400BE80AE /* PetInfoCollectionCell.swift */,
				BC7EB66426C6AB1F00BE80AE /* PetInfoCell.swift */,
				BC9402F826CA6AB70028E5AC /* PetInfoTableCell.swift */,
			);
			path = Views;
			sourceTree = "<group>";
		};
		BC8E373C26E6B0CD00F3B6A9 /* Services */ = {
			isa = PBXGroup;
			children = (
				BC91F2F32627423D006CCE3B /* UserDefaultsService.swift */,
				BC9402EA26CA628A0028E5AC /* CoreDataService + Models */,
				BCE6ACA726F21018007CDB81 /* NetworkService */,
			);
			path = Services;
			sourceTree = "<group>";
		};
		BC9402EA26CA628A0028E5AC /* CoreDataService + Models */ = {
			isa = PBXGroup;
			children = (
				BC16018126ECE17500666529 /* OMPetInformation+CoreDataClass.swift */,
				BC16018226ECE17500666529 /* OMPetInformation+CoreDataProperties.swift */,
				BC9402E726CA62840028E5AC /* PetInformation.xcdatamodeld */,
				BC16013726EB7A1A00666529 /* StorageService.swift */,
				BC16017F26ECBF6800666529 /* PetDTO.swift */,
			);
			path = "CoreDataService + Models";
			sourceTree = "<group>";
		};
		BC9402FA26CA79920028E5AC /* PetInfoModule */ = {
			isa = PBXGroup;
			children = (
				BC7EB66626C6CA9900BE80AE /* PetInfoModel.swift */,
				BC7EB65A26C688DD00BE80AE /* Views */,
				BC7EB65C26C688F500BE80AE /* PetInfoController.swift */,
			);
			path = PetInfoModule;
			sourceTree = "<group>";
		};
		BC9F269026BBCC7E000B854F /* Extensions */ = {
			isa = PBXGroup;
			children = (
				BC7073312534BA3800B2979F /* UIView.swift */,
				BC7073242534A6F600B2979F /* UIButton.swift */,
				BCE5115425461A23002FB62E /* UIAlertController.swift */,
				BC9F268E26BBCC5D000B854F /* UIColor.swift */,
				BC0D29F526EFC1DF00C3AF2D /* UITableViewCell.swift */,
			);
			path = Extensions;
			sourceTree = "<group>";
		};
		BCB60FF62530C82400C4FD2F = {
			isa = PBXGroup;
			children = (
				BCB610012530C82400C4FD2F /* MyPets */,
				BCB610182530C87800C4FD2F /* Assets + LS + Info.plist */,
				BCFECA4E26F2327600286EF6 /* MyPetsSnapshotTests */,
				BC0F3D8326F396E20069ADA1 /* MyPetsUnitTests */,
				BCB610002530C82400C4FD2F /* Products */,
			);
			sourceTree = "<group>";
		};
		BCB610002530C82400C4FD2F /* Products */ = {
			isa = PBXGroup;
			children = (
				BCB60FFF2530C82400C4FD2F /* MyPets.app */,
				BCFECA4D26F2327600286EF6 /* MyPetsSnapshotTests.xctest */,
				BC0F3D8226F396E20069ADA1 /* MyPetsUnitTests.xctest */,
			);
			name = Products;
			sourceTree = "<group>";
		};
		BCB610012530C82400C4FD2F /* MyPets */ = {
			isa = PBXGroup;
			children = (
				BCB610022530C82400C4FD2F /* AppDelegate.swift */,
				BC8E373C26E6B0CD00F3B6A9 /* Services */,
				BC3C7C752532F54700209C51 /* OnboardViewModule */,
				BC70732C2534AE9400B2979F /* PremiumModule */,
				BC413CD62538ABBB002CDD19 /* CustomTabBarController */,
				BC4CA473262436EF00C2033C /* MainMenuModule */,
				BC38543626C5AAF000C2F14E /* PetMenuModule */,
				BC9402FA26CA79920028E5AC /* PetInfoModule */,
				BCDAEB6926CFBD390099CF13 /* InputPetInfoModule */,
				BC0D2A0226F00F4800C3AF2D /* LocationModule */,
				BC0D29E226EE9B9E00C3AF2D /* ProfileModule */,
				BC0D29F926EFDEB000C3AF2D /* EntitysModule */,
				BC9F269026BBCC7E000B854F /* Extensions */,
			);
			path = MyPets;
			sourceTree = "<group>";
		};
		BCB610182530C87800C4FD2F /* Assets + LS + Info.plist */ = {
			isa = PBXGroup;
			children = (
				BCB6100B2530C82700C4FD2F /* Assets.xcassets */,
				BCB6100D2530C82700C4FD2F /* LaunchScreen.storyboard */,
				BCB610102530C82700C4FD2F /* Info.plist */,
			);
			path = "Assets + LS + Info.plist";
			sourceTree = "<group>";
		};
		BCC259E326C40C8E00FCAC54 /* Models */ = {
			isa = PBXGroup;
			children = (
				BCFECA9626F2499900286EF6 /* GetWeatherResponse.swift */,
				BC0132CE26E15DFE0065F1B7 /* MainWeatherModel.swift */,
			);
			path = Models;
			sourceTree = "<group>";
		};
		BCC259E426C40C9500FCAC54 /* Views */ = {
			isa = PBXGroup;
			children = (
				BCC259E626C40D3E00FCAC54 /* MainMenuView.swift */,
				BC52FF9F26D91B9D00A694CB /* WeatherMenuView.swift */,
				BC0F3D7C26F3871F0069ADA1 /* PetPhotoView.swift */,
				BC26F06526F2072500403961 /* ShimmerView.swift */,
			);
			path = Views;
			sourceTree = "<group>";
		};
		BCDAEB6926CFBD390099CF13 /* InputPetInfoModule */ = {
			isa = PBXGroup;
			children = (
				BCDAEB6D26CFBD990099CF13 /* InputInfoView.swift */,
				BC9402FB26CA7BFF0028E5AC /* InputInfoController.swift */,
			);
			path = InputPetInfoModule;
			sourceTree = "<group>";
		};
		BCE6ACA726F21018007CDB81 /* NetworkService */ = {
			isa = PBXGroup;
			children = (
				BCE6ACA526F21011007CDB81 /* NetworkServiceError.swift */,
				BCFECA9826F24ECC00286EF6 /* NetworkService.swift */,
			);
			path = NetworkService;
			sourceTree = "<group>";
		};
		BCFECA4E26F2327600286EF6 /* MyPetsSnapshotTests */ = {
			isa = PBXGroup;
			children = (
				BCFECA4F26F2327600286EF6 /* MyPetsSnapshotTests.swift */,
				BCFECA5126F2327700286EF6 /* Info.plist */,
			);
			path = MyPetsSnapshotTests;
			sourceTree = "<group>";
		};
		BCFECA9126F2366E00286EF6 /* Controller */ = {
			isa = PBXGroup;
			children = (
				BCC259E826C4142A00FCAC54 /* MainMenuController.swift */,
				BCFECA9226F2368700286EF6 /* MainMenuController + Extension.swift */,
			);
			path = Controller;
			sourceTree = "<group>";
		};
/* End PBXGroup section */

/* Begin PBXNativeTarget section */
		BC0F3D8126F396E20069ADA1 /* MyPetsUnitTests */ = {
			isa = PBXNativeTarget;
			buildConfigurationList = BC0F3D8926F396E20069ADA1 /* Build configuration list for PBXNativeTarget "MyPetsUnitTests" */;
			buildPhases = (
				BC0F3D7E26F396E20069ADA1 /* Sources */,
				BC0F3D7F26F396E20069ADA1 /* Frameworks */,
				BC0F3D8026F396E20069ADA1 /* Resources */,
			);
			buildRules = (
			);
			dependencies = (
				BC0F3D8826F396E20069ADA1 /* PBXTargetDependency */,
			);
			name = MyPetsUnitTests;
			productName = MyPetsUnitTests;
			productReference = BC0F3D8226F396E20069ADA1 /* MyPetsUnitTests.xctest */;
			productType = "com.apple.product-type.bundle.unit-test";
		};
		BCB60FFE2530C82400C4FD2F /* MyPets */ = {
			isa = PBXNativeTarget;
			buildConfigurationList = BCB610132530C82700C4FD2F /* Build configuration list for PBXNativeTarget "MyPets" */;
			buildPhases = (
				BCB60FFB2530C82400C4FD2F /* Sources */,
				BCB60FFC2530C82400C4FD2F /* Frameworks */,
				BCB60FFD2530C82400C4FD2F /* Resources */,
			);
			buildRules = (
			);
			dependencies = (
			);
			name = MyPets;
			packageProductDependencies = (
			);
			productName = MyPets;
			productReference = BCB60FFF2530C82400C4FD2F /* MyPets.app */;
			productType = "com.apple.product-type.application";
		};
		BCFECA4C26F2327600286EF6 /* MyPetsSnapshotTests */ = {
			isa = PBXNativeTarget;
			buildConfigurationList = BCFECA5426F2327700286EF6 /* Build configuration list for PBXNativeTarget "MyPetsSnapshotTests" */;
			buildPhases = (
				BCFECA4926F2327600286EF6 /* Sources */,
				BCFECA4A26F2327600286EF6 /* Frameworks */,
				BCFECA4B26F2327600286EF6 /* Resources */,
			);
			buildRules = (
			);
			dependencies = (
				BCFECA5326F2327700286EF6 /* PBXTargetDependency */,
			);
			name = MyPetsSnapshotTests;
			packageProductDependencies = (
				BCFECA5826F2336400286EF6 /* SnapshotTesting */,
			);
			productName = MyPetsSnapshotTests;
			productReference = BCFECA4D26F2327600286EF6 /* MyPetsSnapshotTests.xctest */;
			productType = "com.apple.product-type.bundle.ui-testing";
		};
/* End PBXNativeTarget section */

/* Begin PBXProject section */
		BCB60FF72530C82400C4FD2F /* Project object */ = {
			isa = PBXProject;
			attributes = {
				LastSwiftUpdateCheck = 1250;
				LastUpgradeCheck = 1200;
				TargetAttributes = {
					BC0F3D8126F396E20069ADA1 = {
						CreatedOnToolsVersion = 12.5;
					};
					BCB60FFE2530C82400C4FD2F = {
						CreatedOnToolsVersion = 12.0;
					};
					BCFECA4C26F2327600286EF6 = {
						CreatedOnToolsVersion = 12.5;
					};
				};
			};
			buildConfigurationList = BCB60FFA2530C82400C4FD2F /* Build configuration list for PBXProject "MyPets" */;
			compatibilityVersion = "Xcode 9.3";
			developmentRegion = en;
			hasScannedForEncodings = 0;
			knownRegions = (
				en,
				Base,
			);
			mainGroup = BCB60FF62530C82400C4FD2F;
			packageReferences = (
				BCFECA5726F2336400286EF6 /* XCRemoteSwiftPackageReference "swift-snapshot-testing" */,
			);
			productRefGroup = BCB610002530C82400C4FD2F /* Products */;
			projectDirPath = "";
			projectRoot = "";
			targets = (
				BCB60FFE2530C82400C4FD2F /* MyPets */,
				BCFECA4C26F2327600286EF6 /* MyPetsSnapshotTests */,
				BC0F3D8126F396E20069ADA1 /* MyPetsUnitTests */,
			);
		};
/* End PBXProject section */

/* Begin PBXResourcesBuildPhase section */
		BC0F3D8026F396E20069ADA1 /* Resources */ = {
			isa = PBXResourcesBuildPhase;
			buildActionMask = 2147483647;
			files = (
			);
			runOnlyForDeploymentPostprocessing = 0;
		};
		BCB60FFD2530C82400C4FD2F /* Resources */ = {
			isa = PBXResourcesBuildPhase;
			buildActionMask = 2147483647;
			files = (
				BCB6100F2530C82700C4FD2F /* LaunchScreen.storyboard in Resources */,
				BCB6100C2530C82700C4FD2F /* Assets.xcassets in Resources */,
			);
			runOnlyForDeploymentPostprocessing = 0;
		};
		BCFECA4B26F2327600286EF6 /* Resources */ = {
			isa = PBXResourcesBuildPhase;
			buildActionMask = 2147483647;
			files = (
			);
			runOnlyForDeploymentPostprocessing = 0;
		};
/* End PBXResourcesBuildPhase section */

/* Begin PBXSourcesBuildPhase section */
		BC0F3D7E26F396E20069ADA1 /* Sources */ = {
			isa = PBXSourcesBuildPhase;
			buildActionMask = 2147483647;
			files = (
				BC0F3D8526F396E20069ADA1 /* MyPetsUnitTests.swift in Sources */,
			);
			runOnlyForDeploymentPostprocessing = 0;
		};
		BCB60FFB2530C82400C4FD2F /* Sources */ = {
			isa = PBXSourcesBuildPhase;
			buildActionMask = 2147483647;
			files = (
				BCC259E726C40D3E00FCAC54 /* MainMenuView.swift in Sources */,
				BC7073322534BA3800B2979F /* UIView.swift in Sources */,
				BCA7B29326ED0D340050BD24 /* PremiumController.swift in Sources */,
				BC413CD42538A97F002CDD19 /* CustomTabBarController.swift in Sources */,
				BC0D29E126EE9B9100C3AF2D /* ProfileController.swift in Sources */,
				BC7EB66526C6AB1F00BE80AE /* PetInfoCell.swift in Sources */,
				BC7EB66726C6CA9900BE80AE /* PetInfoModel.swift in Sources */,
				BC16018326ECE17500666529 /* OMPetInformation+CoreDataClass.swift in Sources */,
				BC7EB65526C6678100BE80AE /* PetCollectionView.swift in Sources */,
				BC0F3D7D26F3871F0069ADA1 /* PetPhotoView.swift in Sources */,
				BC0D2A0426F00F5800C3AF2D /* LocationModel.swift in Sources */,
				BC0D29FC26EFDF3300C3AF2D /* EntitysModel.swift in Sources */,
				BC0D2A0626F00F6300C3AF2D /* LocationView.swift in Sources */,
				BC7073252534A6F600B2979F /* UIButton.swift in Sources */,
				BC7EB65D26C688F500BE80AE /* PetInfoController.swift in Sources */,
				BC0D29E426EE9BB600C3AF2D /* ProfileView.swift in Sources */,
				BC16018426ECE17500666529 /* OMPetInformation+CoreDataProperties.swift in Sources */,
				BC9402FC26CA7BFF0028E5AC /* InputInfoController.swift in Sources */,
				BC16013826EB7A1A00666529 /* StorageService.swift in Sources */,
				BC13029D26B9878B00CFD87E /* OnboardCollectionCell.swift in Sources */,
				BC38543D26C5ABCF00C2F14E /* PetMenuView.swift in Sources */,
				BC0D29F626EFC1DF00C3AF2D /* UITableViewCell.swift in Sources */,
				BCFECA9326F2368700286EF6 /* MainMenuController + Extension.swift in Sources */,
				BC38543B26C5AB4700C2F14E /* PetMenuController.swift in Sources */,
				BC7EB65F26C699CD00BE80AE /* PetInfoView.swift in Sources */,
				BCFECA9926F24ECC00286EF6 /* NetworkService.swift in Sources */,
				BC13029726B9786000CFD87E /* OnboardView.swift in Sources */,
				BC91F2F42627423D006CCE3B /* UserDefaultsService.swift in Sources */,
				BC52FFA026D91B9D00A694CB /* WeatherMenuView.swift in Sources */,
				BC0D29F226EFA33D00C3AF2D /* SystemView.swift in Sources */,
				BC9402E926CA62840028E5AC /* PetInformation.xcdatamodeld in Sources */,
				BC0D29E626EE9D1700C3AF2D /* ProfileModel.swift in Sources */,
				BC0132CF26E15DFE0065F1B7 /* MainWeatherModel.swift in Sources */,
				BC9402F926CA6AB70028E5AC /* PetInfoTableCell.swift in Sources */,
				BC73964D25435F9900A89858 /* LocationCollectionCell.swift in Sources */,
				BC13029B26B978A000CFD87E /* OnboardModel.swift in Sources */,
				BC26F06626F2072500403961 /* ShimmerView.swift in Sources */,
				BC0D29DF26ED490F00C3AF2D /* PetMenuModel.swift in Sources */,
				BC7EB65726C668F000BE80AE /* PetCollectionCell.swift in Sources */,
				BCE5115525461A23002FB62E /* UIAlertController.swift in Sources */,
				BCC259E926C4142A00FCAC54 /* MainMenuController.swift in Sources */,
				BC16018026ECBF6800666529 /* PetDTO.swift in Sources */,
				BCDAEB6E26CFBD990099CF13 /* InputInfoView.swift in Sources */,
				BC13029926B9787D00CFD87E /* OnboardController.swift in Sources */,
				BC0D29F026EF7F8F00C3AF2D /* EntitysView.swift in Sources */,
				BC8C64F526BF382A00CA7A90 /* PremiumModel.swift in Sources */,
				BC7EB66126C6A09400BE80AE /* PetInfoCollectionCell.swift in Sources */,
				BCFECA9726F2499900286EF6 /* GetWeatherResponse.swift in Sources */,
				BC9F268F26BBCC5D000B854F /* UIColor.swift in Sources */,
				BCB610032530C82400C4FD2F /* AppDelegate.swift in Sources */,
				BC0D2A0826F00F6F00C3AF2D /* LocationController.swift in Sources */,
				BC8C64F326BF37EF00CA7A90 /* PremiumView.swift in Sources */,
				BCE6ACA626F21011007CDB81 /* NetworkServiceError.swift in Sources */,
				BC0D29F426EFA38500C3AF2D /* SystemModel.swift in Sources */,
				BC0D29F826EFDEA900C3AF2D /* EntitysController.swift in Sources */,
			);
			runOnlyForDeploymentPostprocessing = 0;
		};
		BCFECA4926F2327600286EF6 /* Sources */ = {
			isa = PBXSourcesBuildPhase;
			buildActionMask = 2147483647;
			files = (
				BCFECA8C26F2352C00286EF6 /* UIView.swift in Sources */,
				BCFECA6626F234E200286EF6 /* OnboardView.swift in Sources */,
				BCFECA8126F2351900286EF6 /* InputInfoController.swift in Sources */,
				BCFECA8626F2352800286EF6 /* EntitysModel.swift in Sources */,
				BCFECA7D26F2351400286EF6 /* PetInfoCollectionCell.swift in Sources */,
				BCFECA7526F2350C00286EF6 /* PetMenuModel.swift in Sources */,
				BCFECA7B26F2351400286EF6 /* PetInfoModel.swift in Sources */,
				BCFECA7826F2350D00286EF6 /* PetCollectionView.swift in Sources */,
				BCFECA5F26F234AE00286EF6 /* SystemModel.swift in Sources */,
				BCFECA7226F2350300286EF6 /* ShimmerView.swift in Sources */,
				BCFECA6426F234C600286EF6 /* StorageService.swift in Sources */,
				BCFECA5D26F234AE00286EF6 /* ProfileModel.swift in Sources */,
				BCFECA7326F2350300286EF6 /* MainWeatherModel.swift in Sources */,
				BCFECA6226F234C600286EF6 /* OMPetInformation+CoreDataClass.swift in Sources */,
				BCFECA6D26F2350300286EF6 /* MainMenuController.swift in Sources */,
				BCFECA6726F234E200286EF6 /* OnboardCollectionCell.swift in Sources */,
				BCFECA8926F2352C00286EF6 /* UIColor.swift in Sources */,
				BCFECA8B26F2352C00286EF6 /* UIAlertController.swift in Sources */,
				BCFECA7926F2350D00286EF6 /* PetMenuView.swift in Sources */,
				BCFECA8426F2351F00286EF6 /* LocationCollectionCell.swift in Sources */,
				BCFECA6126F234C600286EF6 /* PetDTO.swift in Sources */,
				BCFECA5B26F234A300286EF6 /* AppDelegate.swift in Sources */,
				BCFECA7126F2350300286EF6 /* MainMenuView.swift in Sources */,
				BCFECA5026F2327600286EF6 /* MyPetsSnapshotTests.swift in Sources */,
				BCFECA6026F234BE00286EF6 /* UserDefaultsService.swift in Sources */,
				BCFECA8826F2352800286EF6 /* EntitysView.swift in Sources */,
				BCFECA7726F2350D00286EF6 /* PetCollectionCell.swift in Sources */,
				BCFECA8026F2351900286EF6 /* InputInfoView.swift in Sources */,
				BCFECA6526F234E200286EF6 /* OnboardModel.swift in Sources */,
				BCFECA6826F234E200286EF6 /* OnboardController.swift in Sources */,
				BCFECA7A26F2351400286EF6 /* PetInfoController.swift in Sources */,
				BCFECA6B26F234F900286EF6 /* PremiumView.swift in Sources */,
				BCFECA7E26F2351400286EF6 /* PetInfoCell.swift in Sources */,
				BCFECA8726F2352800286EF6 /* EntitysController.swift in Sources */,
				BCFECA7026F2350300286EF6 /* WeatherMenuView.swift in Sources */,
				BCFECA8A26F2352C00286EF6 /* UITableViewCell.swift in Sources */,
				BCFECA6926F234E600286EF6 /* CustomTabBarController.swift in Sources */,
				BCFECA5A26F2345600286EF6 /* ProfileController.swift in Sources */,
				BCFECA7626F2350D00286EF6 /* PetMenuController.swift in Sources */,
				BCFECA7F26F2351400286EF6 /* PetInfoView.swift in Sources */,
				BCFECA8D26F2352C00286EF6 /* UIButton.swift in Sources */,
				BCFECA5E26F234AE00286EF6 /* ProfileView.swift in Sources */,
				BCFECA6326F234C600286EF6 /* OMPetInformation+CoreDataProperties.swift in Sources */,
				BCFECA6C26F234F900286EF6 /* PremiumController.swift in Sources */,
				BCFECA5C26F234AE00286EF6 /* SystemView.swift in Sources */,
				BCFECA7C26F2351400286EF6 /* PetInfoTableCell.swift in Sources */,
				BCFECA8326F2351F00286EF6 /* LocationView.swift in Sources */,
				BCFECA8F26F2354000286EF6 /* NetworkServiceError.swift in Sources */,
				BCFECA8226F2351F00286EF6 /* LocationModel.swift in Sources */,
				BCFECA8526F2351F00286EF6 /* LocationController.swift in Sources */,
				BCFECA6A26F234F900286EF6 /* PremiumModel.swift in Sources */,
			);
			runOnlyForDeploymentPostprocessing = 0;
		};
/* End PBXSourcesBuildPhase section */

/* Begin PBXTargetDependency section */
		BC0F3D8826F396E20069ADA1 /* PBXTargetDependency */ = {
			isa = PBXTargetDependency;
			target = BCB60FFE2530C82400C4FD2F /* MyPets */;
			targetProxy = BC0F3D8726F396E20069ADA1 /* PBXContainerItemProxy */;
		};
		BCFECA5326F2327700286EF6 /* PBXTargetDependency */ = {
			isa = PBXTargetDependency;
			target = BCB60FFE2530C82400C4FD2F /* MyPets */;
			targetProxy = BCFECA5226F2327700286EF6 /* PBXContainerItemProxy */;
		};
/* End PBXTargetDependency section */

/* Begin PBXVariantGroup section */
		BCB6100D2530C82700C4FD2F /* LaunchScreen.storyboard */ = {
			isa = PBXVariantGroup;
			children = (
				BCB6100E2530C82700C4FD2F /* Base */,
			);
			name = LaunchScreen.storyboard;
			sourceTree = "<group>";
		};
/* End PBXVariantGroup section */

/* Begin XCBuildConfiguration section */
		BC0F3D8A26F396E20069ADA1 /* Debug */ = {
			isa = XCBuildConfiguration;
			buildSettings = {
				CODE_SIGN_STYLE = Automatic;
				DEVELOPMENT_TEAM = 7JDNVBEZLP;
				INFOPLIST_FILE = MyPetsUnitTests/Info.plist;
				IPHONEOS_DEPLOYMENT_TARGET = 14.5;
				LD_RUNPATH_SEARCH_PATHS = (
					"$(inherited)",
					"@executable_path/Frameworks",
					"@loader_path/Frameworks",
				);
				PRODUCT_BUNDLE_IDENTIFIER = com.ahmerovdmitry.MyPetsUnitTests;
				PRODUCT_NAME = "$(TARGET_NAME)";
				SWIFT_VERSION = 5.0;
				TARGETED_DEVICE_FAMILY = "1,2";
			};
			name = Debug;
		};
		BC0F3D8B26F396E20069ADA1 /* Release */ = {
			isa = XCBuildConfiguration;
			buildSettings = {
				CODE_SIGN_STYLE = Automatic;
				DEVELOPMENT_TEAM = 7JDNVBEZLP;
				INFOPLIST_FILE = MyPetsUnitTests/Info.plist;
				IPHONEOS_DEPLOYMENT_TARGET = 14.5;
				LD_RUNPATH_SEARCH_PATHS = (
					"$(inherited)",
					"@executable_path/Frameworks",
					"@loader_path/Frameworks",
				);
				PRODUCT_BUNDLE_IDENTIFIER = com.ahmerovdmitry.MyPetsUnitTests;
				PRODUCT_NAME = "$(TARGET_NAME)";
				SWIFT_VERSION = 5.0;
				TARGETED_DEVICE_FAMILY = "1,2";
			};
			name = Release;
		};
		BCB610112530C82700C4FD2F /* Debug */ = {
			isa = XCBuildConfiguration;
			buildSettings = {
				ALWAYS_SEARCH_USER_PATHS = NO;
				CLANG_ANALYZER_NONNULL = YES;
				CLANG_ANALYZER_NUMBER_OBJECT_CONVERSION = YES_AGGRESSIVE;
				CLANG_CXX_LANGUAGE_STANDARD = "gnu++14";
				CLANG_CXX_LIBRARY = "libc++";
				CLANG_ENABLE_MODULES = YES;
				CLANG_ENABLE_OBJC_ARC = YES;
				CLANG_ENABLE_OBJC_WEAK = YES;
				CLANG_WARN_BLOCK_CAPTURE_AUTORELEASING = YES;
				CLANG_WARN_BOOL_CONVERSION = YES;
				CLANG_WARN_COMMA = YES;
				CLANG_WARN_CONSTANT_CONVERSION = YES;
				CLANG_WARN_DEPRECATED_OBJC_IMPLEMENTATIONS = YES;
				CLANG_WARN_DIRECT_OBJC_ISA_USAGE = YES_ERROR;
				CLANG_WARN_DOCUMENTATION_COMMENTS = YES;
				CLANG_WARN_EMPTY_BODY = YES;
				CLANG_WARN_ENUM_CONVERSION = YES;
				CLANG_WARN_INFINITE_RECURSION = YES;
				CLANG_WARN_INT_CONVERSION = YES;
				CLANG_WARN_NON_LITERAL_NULL_CONVERSION = YES;
				CLANG_WARN_OBJC_IMPLICIT_RETAIN_SELF = YES;
				CLANG_WARN_OBJC_LITERAL_CONVERSION = YES;
				CLANG_WARN_OBJC_ROOT_CLASS = YES_ERROR;
				CLANG_WARN_QUOTED_INCLUDE_IN_FRAMEWORK_HEADER = YES;
				CLANG_WARN_RANGE_LOOP_ANALYSIS = YES;
				CLANG_WARN_STRICT_PROTOTYPES = YES;
				CLANG_WARN_SUSPICIOUS_MOVE = YES;
				CLANG_WARN_UNGUARDED_AVAILABILITY = YES_AGGRESSIVE;
				CLANG_WARN_UNREACHABLE_CODE = YES;
				CLANG_WARN__DUPLICATE_METHOD_MATCH = YES;
				COPY_PHASE_STRIP = NO;
				DEBUG_INFORMATION_FORMAT = dwarf;
				ENABLE_STRICT_OBJC_MSGSEND = YES;
				ENABLE_TESTABILITY = YES;
				GCC_C_LANGUAGE_STANDARD = gnu11;
				GCC_DYNAMIC_NO_PIC = NO;
				GCC_NO_COMMON_BLOCKS = YES;
				GCC_OPTIMIZATION_LEVEL = 0;
				GCC_PREPROCESSOR_DEFINITIONS = (
					"DEBUG=1",
					"$(inherited)",
				);
				GCC_WARN_64_TO_32_BIT_CONVERSION = YES;
				GCC_WARN_ABOUT_RETURN_TYPE = YES_ERROR;
				GCC_WARN_UNDECLARED_SELECTOR = YES;
				GCC_WARN_UNINITIALIZED_AUTOS = YES_AGGRESSIVE;
				GCC_WARN_UNUSED_FUNCTION = YES;
				GCC_WARN_UNUSED_VARIABLE = YES;
				IPHONEOS_DEPLOYMENT_TARGET = 13.0;
				MTL_ENABLE_DEBUG_INFO = INCLUDE_SOURCE;
				MTL_FAST_MATH = YES;
				ONLY_ACTIVE_ARCH = YES;
				SDKROOT = iphoneos;
				SWIFT_ACTIVE_COMPILATION_CONDITIONS = DEBUG;
				SWIFT_OPTIMIZATION_LEVEL = "-Onone";
				VALIDATE_PRODUCT = NO;
			};
			name = Debug;
		};
		BCB610122530C82700C4FD2F /* Release */ = {
			isa = XCBuildConfiguration;
			buildSettings = {
				ALWAYS_SEARCH_USER_PATHS = NO;
				CLANG_ANALYZER_NONNULL = YES;
				CLANG_ANALYZER_NUMBER_OBJECT_CONVERSION = YES_AGGRESSIVE;
				CLANG_CXX_LANGUAGE_STANDARD = "gnu++14";
				CLANG_CXX_LIBRARY = "libc++";
				CLANG_ENABLE_MODULES = YES;
				CLANG_ENABLE_OBJC_ARC = YES;
				CLANG_ENABLE_OBJC_WEAK = YES;
				CLANG_WARN_BLOCK_CAPTURE_AUTORELEASING = YES;
				CLANG_WARN_BOOL_CONVERSION = YES;
				CLANG_WARN_COMMA = YES;
				CLANG_WARN_CONSTANT_CONVERSION = YES;
				CLANG_WARN_DEPRECATED_OBJC_IMPLEMENTATIONS = YES;
				CLANG_WARN_DIRECT_OBJC_ISA_USAGE = YES_ERROR;
				CLANG_WARN_DOCUMENTATION_COMMENTS = YES;
				CLANG_WARN_EMPTY_BODY = YES;
				CLANG_WARN_ENUM_CONVERSION = YES;
				CLANG_WARN_INFINITE_RECURSION = YES;
				CLANG_WARN_INT_CONVERSION = YES;
				CLANG_WARN_NON_LITERAL_NULL_CONVERSION = YES;
				CLANG_WARN_OBJC_IMPLICIT_RETAIN_SELF = YES;
				CLANG_WARN_OBJC_LITERAL_CONVERSION = YES;
				CLANG_WARN_OBJC_ROOT_CLASS = YES_ERROR;
				CLANG_WARN_QUOTED_INCLUDE_IN_FRAMEWORK_HEADER = YES;
				CLANG_WARN_RANGE_LOOP_ANALYSIS = YES;
				CLANG_WARN_STRICT_PROTOTYPES = YES;
				CLANG_WARN_SUSPICIOUS_MOVE = YES;
				CLANG_WARN_UNGUARDED_AVAILABILITY = YES_AGGRESSIVE;
				CLANG_WARN_UNREACHABLE_CODE = YES;
				CLANG_WARN__DUPLICATE_METHOD_MATCH = YES;
				COPY_PHASE_STRIP = NO;
				DEBUG_INFORMATION_FORMAT = "dwarf-with-dsym";
				ENABLE_NS_ASSERTIONS = NO;
				ENABLE_STRICT_OBJC_MSGSEND = YES;
				GCC_C_LANGUAGE_STANDARD = gnu11;
				GCC_NO_COMMON_BLOCKS = YES;
				GCC_WARN_64_TO_32_BIT_CONVERSION = YES;
				GCC_WARN_ABOUT_RETURN_TYPE = YES_ERROR;
				GCC_WARN_UNDECLARED_SELECTOR = YES;
				GCC_WARN_UNINITIALIZED_AUTOS = YES_AGGRESSIVE;
				GCC_WARN_UNUSED_FUNCTION = YES;
				GCC_WARN_UNUSED_VARIABLE = YES;
				IPHONEOS_DEPLOYMENT_TARGET = 13.0;
				MTL_ENABLE_DEBUG_INFO = NO;
				MTL_FAST_MATH = YES;
				SDKROOT = iphoneos;
				SWIFT_COMPILATION_MODE = wholemodule;
				SWIFT_OPTIMIZATION_LEVEL = "-O";
				VALIDATE_PRODUCT = YES;
			};
			name = Release;
		};
		BCB610142530C82700C4FD2F /* Debug */ = {
			isa = XCBuildConfiguration;
			buildSettings = {
				ASSETCATALOG_COMPILER_APPICON_NAME = AppIcon;
				ASSETCATALOG_COMPILER_GLOBAL_ACCENT_COLOR_NAME = AccentColor;
				CODE_SIGN_STYLE = Automatic;
				DEVELOPMENT_TEAM = 7JDNVBEZLP;
				INFOPLIST_FILE = "Assets + LS + Info.plist/Info.plist";
				LD_RUNPATH_SEARCH_PATHS = (
					"$(inherited)",
					"@executable_path/Frameworks",
				);
				MARKETING_VERSION = 1.0;
				PRODUCT_BUNDLE_IDENTIFIER = com.ahmerovdmitry.MyPets.MyPets;
				PRODUCT_NAME = "$(TARGET_NAME)";
				SWIFT_VERSION = 5.0;
				TARGETED_DEVICE_FAMILY = 1;
				VALIDATE_WORKSPACE = NO;
			};
			name = Debug;
		};
		BCB610152530C82700C4FD2F /* Release */ = {
			isa = XCBuildConfiguration;
			buildSettings = {
				ASSETCATALOG_COMPILER_APPICON_NAME = AppIcon;
				ASSETCATALOG_COMPILER_GLOBAL_ACCENT_COLOR_NAME = AccentColor;
				CODE_SIGN_STYLE = Automatic;
				DEVELOPMENT_TEAM = 7JDNVBEZLP;
				INFOPLIST_FILE = "Assets + LS + Info.plist/Info.plist";
				LD_RUNPATH_SEARCH_PATHS = (
					"$(inherited)",
					"@executable_path/Frameworks",
				);
				MARKETING_VERSION = 1.0;
				PRODUCT_BUNDLE_IDENTIFIER = com.ahmerovdmitry.MyPets.MyPets;
				PRODUCT_NAME = "$(TARGET_NAME)";
				SWIFT_VERSION = 5.0;
				TARGETED_DEVICE_FAMILY = 1;
				VALIDATE_WORKSPACE = NO;
			};
			name = Release;
		};
		BCFECA5526F2327700286EF6 /* Debug */ = {
			isa = XCBuildConfiguration;
			buildSettings = {
				CODE_SIGN_STYLE = Automatic;
				DEVELOPMENT_TEAM = 7JDNVBEZLP;
				INFOPLIST_FILE = MyPetsSnapshotTests/Info.plist;
				IPHONEOS_DEPLOYMENT_TARGET = 13.0;
				LD_RUNPATH_SEARCH_PATHS = (
					"$(inherited)",
					"@executable_path/Frameworks",
					"@loader_path/Frameworks",
				);
				PRODUCT_BUNDLE_IDENTIFIER = com.ahmerovdmitry.MyPetsSnapshotTests;
				PRODUCT_NAME = "$(TARGET_NAME)";
				PROVISIONING_PROFILE = "";
				SWIFT_VERSION = 5.0;
				TARGETED_DEVICE_FAMILY = "1,2";
			};
			name = Debug;
		};
		BCFECA5626F2327700286EF6 /* Release */ = {
			isa = XCBuildConfiguration;
			buildSettings = {
				CODE_SIGN_STYLE = Automatic;
				DEVELOPMENT_TEAM = 7JDNVBEZLP;
				INFOPLIST_FILE = MyPetsSnapshotTests/Info.plist;
				IPHONEOS_DEPLOYMENT_TARGET = 13.0;
				LD_RUNPATH_SEARCH_PATHS = (
					"$(inherited)",
					"@executable_path/Frameworks",
					"@loader_path/Frameworks",
				);
				PRODUCT_BUNDLE_IDENTIFIER = com.ahmerovdmitry.MyPetsSnapshotTests;
				PRODUCT_NAME = "$(TARGET_NAME)";
				PROVISIONING_PROFILE = "";
				SWIFT_VERSION = 5.0;
				TARGETED_DEVICE_FAMILY = "1,2";
			};
			name = Release;
		};
/* End XCBuildConfiguration section */

/* Begin XCConfigurationList section */
		BC0F3D8926F396E20069ADA1 /* Build configuration list for PBXNativeTarget "MyPetsUnitTests" */ = {
			isa = XCConfigurationList;
			buildConfigurations = (
				BC0F3D8A26F396E20069ADA1 /* Debug */,
				BC0F3D8B26F396E20069ADA1 /* Release */,
			);
			defaultConfigurationIsVisible = 0;
			defaultConfigurationName = Release;
		};
		BCB60FFA2530C82400C4FD2F /* Build configuration list for PBXProject "MyPets" */ = {
			isa = XCConfigurationList;
			buildConfigurations = (
				BCB610112530C82700C4FD2F /* Debug */,
				BCB610122530C82700C4FD2F /* Release */,
			);
			defaultConfigurationIsVisible = 0;
			defaultConfigurationName = Release;
		};
		BCB610132530C82700C4FD2F /* Build configuration list for PBXNativeTarget "MyPets" */ = {
			isa = XCConfigurationList;
			buildConfigurations = (
				BCB610142530C82700C4FD2F /* Debug */,
				BCB610152530C82700C4FD2F /* Release */,
			);
			defaultConfigurationIsVisible = 0;
			defaultConfigurationName = Release;
		};
		BCFECA5426F2327700286EF6 /* Build configuration list for PBXNativeTarget "MyPetsSnapshotTests" */ = {
			isa = XCConfigurationList;
			buildConfigurations = (
				BCFECA5526F2327700286EF6 /* Debug */,
				BCFECA5626F2327700286EF6 /* Release */,
			);
			defaultConfigurationIsVisible = 0;
			defaultConfigurationName = Release;
		};
/* End XCConfigurationList section */

/* Begin XCRemoteSwiftPackageReference section */
		BCFECA5726F2336400286EF6 /* XCRemoteSwiftPackageReference "swift-snapshot-testing" */ = {
			isa = XCRemoteSwiftPackageReference;
			repositoryURL = "https://github.com/pointfreeco/swift-snapshot-testing";
			requirement = {
				kind = upToNextMajorVersion;
				minimumVersion = 1.9.0;
			};
		};
/* End XCRemoteSwiftPackageReference section */

/* Begin XCSwiftPackageProductDependency section */
		BCFECA5826F2336400286EF6 /* SnapshotTesting */ = {
			isa = XCSwiftPackageProductDependency;
			package = BCFECA5726F2336400286EF6 /* XCRemoteSwiftPackageReference "swift-snapshot-testing" */;
			productName = SnapshotTesting;
		};
/* End XCSwiftPackageProductDependency section */

/* Begin XCVersionGroup section */
		BC9402E726CA62840028E5AC /* PetInformation.xcdatamodeld */ = {
			isa = XCVersionGroup;
			children = (
				BC9402E826CA62840028E5AC /* PetInformation.xcdatamodel */,
			);
			currentVersion = BC9402E826CA62840028E5AC /* PetInformation.xcdatamodel */;
			path = PetInformation.xcdatamodeld;
			sourceTree = "<group>";
			versionGroupType = wrapper.xcdatamodel;
		};
/* End XCVersionGroup section */
	};
	rootObject = BCB60FF72530C82400C4FD2F /* Project object */;
}
