// !$*UTF8*$!
{
	archiveVersion = 1;
	classes = {
	};
	objectVersion = 50;
	objects = {

/* Begin PBXBuildFile section */
		95131C78DA1EB474B96446DB /* Pods_MyPets.framework in Frameworks */ = {isa = PBXBuildFile; fileRef = 7BE9B2B3138C0DFECEB81498 /* Pods_MyPets.framework */; };
		BC0132CF26E15DFE0065F1B7 /* MainWeatherModel.swift in Sources */ = {isa = PBXBuildFile; fileRef = BC0132CE26E15DFE0065F1B7 /* MainWeatherModel.swift */; };
		BC03FE3A25A32F1C00C81BC5 /* ProfileViewControllerDelegate.swift in Sources */ = {isa = PBXBuildFile; fileRef = BC03FE3925A32F1C00C81BC5 /* ProfileViewControllerDelegate.swift */; };
		BC0EE6A3259DE49500BE167D /* UserProfileViewController.swift in Sources */ = {isa = PBXBuildFile; fileRef = BC0EE6A2259DE49500BE167D /* UserProfileViewController.swift */; };
		BC13029726B9786000CFD87E /* OnboardView.swift in Sources */ = {isa = PBXBuildFile; fileRef = BC13029626B9785F00CFD87E /* OnboardView.swift */; };
		BC13029926B9787D00CFD87E /* OnboardController.swift in Sources */ = {isa = PBXBuildFile; fileRef = BC13029826B9787D00CFD87E /* OnboardController.swift */; };
		BC13029B26B978A000CFD87E /* OnboardModel.swift in Sources */ = {isa = PBXBuildFile; fileRef = BC13029A26B978A000CFD87E /* OnboardModel.swift */; };
		BC13029D26B9878B00CFD87E /* OnboardCollectionCell.swift in Sources */ = {isa = PBXBuildFile; fileRef = BC13029C26B9878B00CFD87E /* OnboardCollectionCell.swift */; };
		BC16013826EB7A1A00666529 /* StorageService.swift in Sources */ = {isa = PBXBuildFile; fileRef = BC16013726EB7A1A00666529 /* StorageService.swift */; };
		BC18E519254DAA6C0014B7DF /* PetViewControllerDelegate.swift in Sources */ = {isa = PBXBuildFile; fileRef = BC18E518254DAA6C0014B7DF /* PetViewControllerDelegate.swift */; };
		BC2C33C92536D6E00092D884 /* GeneralSetupProtocol.swift in Sources */ = {isa = PBXBuildFile; fileRef = BC2C33C82536D6E00092D884 /* GeneralSetupProtocol.swift */; };
		BC38543B26C5AB4700C2F14E /* PetMenuController.swift in Sources */ = {isa = PBXBuildFile; fileRef = BC38543A26C5AB4700C2F14E /* PetMenuController.swift */; };
		BC38543D26C5ABCF00C2F14E /* PetMenuView.swift in Sources */ = {isa = PBXBuildFile; fileRef = BC38543C26C5ABCF00C2F14E /* PetMenuView.swift */; };
		BC413CCA253893F7002CDD19 /* MainPetViewController.swift in Sources */ = {isa = PBXBuildFile; fileRef = BC413CC9253893F7002CDD19 /* MainPetViewController.swift */; };
		BC413CCE25389494002CDD19 /* LocationViewController.swift in Sources */ = {isa = PBXBuildFile; fileRef = BC413CCD25389494002CDD19 /* LocationViewController.swift */; };
		BC413CD1253894D1002CDD19 /* ProfileViewController.swift in Sources */ = {isa = PBXBuildFile; fileRef = BC413CD0253894D1002CDD19 /* ProfileViewController.swift */; };
		BC413CD42538A97F002CDD19 /* CustomTabBarController.swift in Sources */ = {isa = PBXBuildFile; fileRef = BC413CD32538A97F002CDD19 /* CustomTabBarController.swift */; };
		BC469CA125AA4BCB00449E3C /* ProfileViewCell.swift in Sources */ = {isa = PBXBuildFile; fileRef = BC469CA025AA4BCB00449E3C /* ProfileViewCell.swift */; };
		BC4CA47D262436EF00C2033C /* BottomMenuCell.swift in Sources */ = {isa = PBXBuildFile; fileRef = BC4CA476262436EF00C2033C /* BottomMenuCell.swift */; };
		BC52FFA026D91B9D00A694CB /* WeatherMenuView.swift in Sources */ = {isa = PBXBuildFile; fileRef = BC52FF9F26D91B9D00A694CB /* WeatherMenuView.swift */; };
		BC52FFA226D91EDA00A694CB /* Weather.swift in Sources */ = {isa = PBXBuildFile; fileRef = BC52FFA126D91EDA00A694CB /* Weather.swift */; };
		BC67E24825A0593D008BDBBD /* UserProfileDelegate + DataSource.swift in Sources */ = {isa = PBXBuildFile; fileRef = BC67E24725A0593D008BDBBD /* UserProfileDelegate + DataSource.swift */; };
		BC7073252534A6F600B2979F /* UIButton.swift in Sources */ = {isa = PBXBuildFile; fileRef = BC7073242534A6F600B2979F /* UIButton.swift */; };
		BC7073322534BA3800B2979F /* UIView.swift in Sources */ = {isa = PBXBuildFile; fileRef = BC7073312534BA3800B2979F /* UIView.swift */; };
		BC73002A25723C460010F161 /* PetInfoExtension.swift in Sources */ = {isa = PBXBuildFile; fileRef = BC73002925723C460010F161 /* PetInfoExtension.swift */; };
		BC7318B926D51D8A006F4C60 /* CoreDataManager.swift in Sources */ = {isa = PBXBuildFile; fileRef = BC7318B826D51D8A006F4C60 /* CoreDataManager.swift */; };
		BC73964A2542084D00A89858 /* LocationViewDelegate + DataSource.swift in Sources */ = {isa = PBXBuildFile; fileRef = BC7396492542084D00A89858 /* LocationViewDelegate + DataSource.swift */; };
		BC73964D25435F9900A89858 /* LocationViewCell.swift in Sources */ = {isa = PBXBuildFile; fileRef = BC73964C25435F9900A89858 /* LocationViewCell.swift */; };
		BC7E9B90257F8242006D75A1 /* ProfileViewDelegate + DataSource.swift in Sources */ = {isa = PBXBuildFile; fileRef = BC7E9B8F257F8242006D75A1 /* ProfileViewDelegate + DataSource.swift */; };
		BC7EB65526C6678100BE80AE /* PetCollectionView.swift in Sources */ = {isa = PBXBuildFile; fileRef = BC7EB65426C6678100BE80AE /* PetCollectionView.swift */; };
		BC7EB65726C668F000BE80AE /* PetCollectionCell.swift in Sources */ = {isa = PBXBuildFile; fileRef = BC7EB65626C668F000BE80AE /* PetCollectionCell.swift */; };
		BC7EB65D26C688F500BE80AE /* PetInfoController.swift in Sources */ = {isa = PBXBuildFile; fileRef = BC7EB65C26C688F500BE80AE /* PetInfoController.swift */; };
		BC7EB65F26C699CD00BE80AE /* PetInfoView.swift in Sources */ = {isa = PBXBuildFile; fileRef = BC7EB65E26C699CD00BE80AE /* PetInfoView.swift */; };
		BC7EB66126C6A09400BE80AE /* PetInfoCollectionCell.swift in Sources */ = {isa = PBXBuildFile; fileRef = BC7EB66026C6A09400BE80AE /* PetInfoCollectionCell.swift */; };
		BC7EB66526C6AB1F00BE80AE /* PetInfoCell.swift in Sources */ = {isa = PBXBuildFile; fileRef = BC7EB66426C6AB1F00BE80AE /* PetInfoCell.swift */; };
		BC7EB66726C6CA9900BE80AE /* PetInfoModel.swift in Sources */ = {isa = PBXBuildFile; fileRef = BC7EB66626C6CA9900BE80AE /* PetInfoModel.swift */; };
		BC83CB06260CFA160066A32C /* UIImage.swift in Sources */ = {isa = PBXBuildFile; fileRef = BC83CB05260CFA160066A32C /* UIImage.swift */; };
		BC83CB09260CFA3F0066A32C /* String.swift in Sources */ = {isa = PBXBuildFile; fileRef = BC83CB08260CFA3F0066A32C /* String.swift */; };
		BC859AE125B383B000FDD33B /* AboutAppController.swift in Sources */ = {isa = PBXBuildFile; fileRef = BC859AE025B383B000FDD33B /* AboutAppController.swift */; };
		BC8C64F126BF379700CA7A90 /* PremiumController.swift in Sources */ = {isa = PBXBuildFile; fileRef = BC8C64F026BF379700CA7A90 /* PremiumController.swift */; };
		BC8C64F326BF37EF00CA7A90 /* PremiumView.swift in Sources */ = {isa = PBXBuildFile; fileRef = BC8C64F226BF37EF00CA7A90 /* PremiumView.swift */; };
		BC8C64F526BF382A00CA7A90 /* PremiumModel.swift in Sources */ = {isa = PBXBuildFile; fileRef = BC8C64F426BF382A00CA7A90 /* PremiumModel.swift */; };
		BC8CDFFF25C6BB85005EEFEB /* SupportViewController.swift in Sources */ = {isa = PBXBuildFile; fileRef = BC8CDFFE25C6BB85005EEFEB /* SupportViewController.swift */; };
		BC8CE00625C6CBC2005EEFEB /* SupportVCDelegate + DataSource.swift in Sources */ = {isa = PBXBuildFile; fileRef = BC8CE00525C6CBC2005EEFEB /* SupportVCDelegate + DataSource.swift */; };
		BC8CE00925C6CBF6005EEFEB /* SupportVC - Extension.swift in Sources */ = {isa = PBXBuildFile; fileRef = BC8CE00825C6CBF6005EEFEB /* SupportVC - Extension.swift */; };
		BC8E373E26E6B0FB00F3B6A9 /* NetworkService.swift in Sources */ = {isa = PBXBuildFile; fileRef = BC8E373D26E6B0FA00F3B6A9 /* NetworkService.swift */; };
		BC8E9F5425A324DE00403505 /* @objc UserProfileController.swift in Sources */ = {isa = PBXBuildFile; fileRef = BC8E9F5325A324DE00403505 /* @objc UserProfileController.swift */; };
		BC8E9F5825A3261D00403505 /* UIImagePickerControllerDelegateForUserProfile.swift in Sources */ = {isa = PBXBuildFile; fileRef = BC8E9F5725A3261D00403505 /* UIImagePickerControllerDelegateForUserProfile.swift */; };
		BC91F2F42627423D006CCE3B /* UserDefaultsService.swift in Sources */ = {isa = PBXBuildFile; fileRef = BC91F2F32627423D006CCE3B /* UserDefaultsService.swift */; };
		BC9402E926CA62840028E5AC /* PetInformation.xcdatamodeld in Sources */ = {isa = PBXBuildFile; fileRef = BC9402E726CA62840028E5AC /* PetInformation.xcdatamodeld */; };
		BC9402F126CA63ED0028E5AC /* OMPetInformation+CoreDataProperties.swift in Sources */ = {isa = PBXBuildFile; fileRef = BC9402EF26CA63ED0028E5AC /* OMPetInformation+CoreDataProperties.swift */; };
		BC9402F226CA63ED0028E5AC /* OMPetInformation+CoreDataClass.swift in Sources */ = {isa = PBXBuildFile; fileRef = BC9402F026CA63ED0028E5AC /* OMPetInformation+CoreDataClass.swift */; };
		BC9402F726CA69AC0028E5AC /* BaseModel.swift in Sources */ = {isa = PBXBuildFile; fileRef = BC9402F626CA69AC0028E5AC /* BaseModel.swift */; };
		BC9402F926CA6AB70028E5AC /* PetInfoTableCell.swift in Sources */ = {isa = PBXBuildFile; fileRef = BC9402F826CA6AB70028E5AC /* PetInfoTableCell.swift */; };
		BC9402FC26CA7BFF0028E5AC /* InputInfoController.swift in Sources */ = {isa = PBXBuildFile; fileRef = BC9402FB26CA7BFF0028E5AC /* InputInfoController.swift */; };
		BC97F2C025A0652900267E34 /* UserProfileModel.swift in Sources */ = {isa = PBXBuildFile; fileRef = BC97F2BF25A0652900267E34 /* UserProfileModel.swift */; };
		BC9959BE26244ABD006CE6E1 /* ClinicVC.swift in Sources */ = {isa = PBXBuildFile; fileRef = BC9959BD26244ABD006CE6E1 /* ClinicVC.swift */; };
		BC9959C226244AF6006CE6E1 /* DewormingVC.swift in Sources */ = {isa = PBXBuildFile; fileRef = BC9959C126244AF6006CE6E1 /* DewormingVC.swift */; };
		BC9959C526244B48006CE6E1 /* TreatmentVC.swift in Sources */ = {isa = PBXBuildFile; fileRef = BC9959C426244B48006CE6E1 /* TreatmentVC.swift */; };
		BC9959C926244B76006CE6E1 /* VaccinationVC.swift in Sources */ = {isa = PBXBuildFile; fileRef = BC9959C826244B76006CE6E1 /* VaccinationVC.swift */; };
		BC9959CC26244BA2006CE6E1 /* DiseasesVC.swift in Sources */ = {isa = PBXBuildFile; fileRef = BC9959CB26244BA2006CE6E1 /* DiseasesVC.swift */; };
		BC9959E626247049006CE6E1 /* BaseMenuVC.swift in Sources */ = {isa = PBXBuildFile; fileRef = BC9959E526247049006CE6E1 /* BaseMenuVC.swift */; };
		BC99B01A2549A50D00050854 /* PetInfoViewDelegate + DataSource.swift in Sources */ = {isa = PBXBuildFile; fileRef = BC99B0192549A50D00050854 /* PetInfoViewDelegate + DataSource.swift */; };
		BC99B01F2549A53700050854 /* PetViewCollectionCell.swift in Sources */ = {isa = PBXBuildFile; fileRef = BC99B01E2549A53700050854 /* PetViewCollectionCell.swift */; };
		BC99B0272549A77C00050854 /* PetInfoViewController.swift in Sources */ = {isa = PBXBuildFile; fileRef = BC99B0262549A77C00050854 /* PetInfoViewController.swift */; };
		BC9F268F26BBCC5D000B854F /* UIColor.swift in Sources */ = {isa = PBXBuildFile; fileRef = BC9F268E26BBCC5D000B854F /* UIColor.swift */; };
		BCB3AA4125AF791B00289B7A /* @objc ProfileViewController.swift in Sources */ = {isa = PBXBuildFile; fileRef = BCB3AA4025AF791B00289B7A /* @objc ProfileViewController.swift */; };
		BCB3AA4425AF8CD000289B7A /* UIViewController.swift in Sources */ = {isa = PBXBuildFile; fileRef = BCB3AA4325AF8CD000289B7A /* UIViewController.swift */; };
		BCB404252532F5FE00993A5C /* @objc AuthorizationViewControllerExtension.swift in Sources */ = {isa = PBXBuildFile; fileRef = BCB404242532F5FE00993A5C /* @objc AuthorizationViewControllerExtension.swift */; };
		BCB610032530C82400C4FD2F /* AppDelegate.swift in Sources */ = {isa = PBXBuildFile; fileRef = BCB610022530C82400C4FD2F /* AppDelegate.swift */; };
		BCB610072530C82400C4FD2F /* AuthorizationViewController.swift in Sources */ = {isa = PBXBuildFile; fileRef = BCB610062530C82400C4FD2F /* AuthorizationViewController.swift */; };
		BCB6100C2530C82700C4FD2F /* Assets.xcassets in Resources */ = {isa = PBXBuildFile; fileRef = BCB6100B2530C82700C4FD2F /* Assets.xcassets */; };
		BCB6100F2530C82700C4FD2F /* LaunchScreen.storyboard in Resources */ = {isa = PBXBuildFile; fileRef = BCB6100D2530C82700C4FD2F /* LaunchScreen.storyboard */; };
		BCBFA54125E6B8D00036C7ED /* MainPetDelegate + DataSource.swift in Sources */ = {isa = PBXBuildFile; fileRef = BCBFA54025E6B8CF0036C7ED /* MainPetDelegate + DataSource.swift */; };
		BCC259E726C40D3E00FCAC54 /* MainMenuView.swift in Sources */ = {isa = PBXBuildFile; fileRef = BCC259E626C40D3E00FCAC54 /* MainMenuView.swift */; };
		BCC259E926C4142A00FCAC54 /* MainMenuController.swift in Sources */ = {isa = PBXBuildFile; fileRef = BCC259E826C4142A00FCAC54 /* MainMenuController.swift */; };
		BCC259EB26C4173700FCAC54 /* MainMenuCollectionCell.swift in Sources */ = {isa = PBXBuildFile; fileRef = BCC259EA26C4173700FCAC54 /* MainMenuCollectionCell.swift */; };
		BCC259ED26C41FEA00FCAC54 /* TitleMenuView.swift in Sources */ = {isa = PBXBuildFile; fileRef = BCC259EC26C41FEA00FCAC54 /* TitleMenuView.swift */; };
		BCD83D1125F20C1300F04EF3 /* HealthController.swift in Sources */ = {isa = PBXBuildFile; fileRef = BCD83D1025F20C1300F04EF3 /* HealthController.swift */; };
		BCD83D1425F20E7E00F04EF3 /* HealthDelegate + DataSource.swift in Sources */ = {isa = PBXBuildFile; fileRef = BCD83D1325F20E7E00F04EF3 /* HealthDelegate + DataSource.swift */; };
		BCD83D1725F2121E00F04EF3 /* MenuCell.swift in Sources */ = {isa = PBXBuildFile; fileRef = BCD83D1625F2121E00F04EF3 /* MenuCell.swift */; };
		BCD83D2025F2900B00F04EF3 /* DocumentController.swift in Sources */ = {isa = PBXBuildFile; fileRef = BCD83D1F25F2900B00F04EF3 /* DocumentController.swift */; };
		BCD83D2325F2903600F04EF3 /* FoodController.swift in Sources */ = {isa = PBXBuildFile; fileRef = BCD83D2225F2903600F04EF3 /* FoodController.swift */; };
		BCD83D2625F2906600F04EF3 /* CareController.swift in Sources */ = {isa = PBXBuildFile; fileRef = BCD83D2525F2906600F04EF3 /* CareController.swift */; };
		BCD83D2925F2908700F04EF3 /* EntertainmentController.swift in Sources */ = {isa = PBXBuildFile; fileRef = BCD83D2825F2908700F04EF3 /* EntertainmentController.swift */; };
		BCD83D3025F2A72B00F04EF3 /* FoodDelegate + DataSource.swift in Sources */ = {isa = PBXBuildFile; fileRef = BCD83D2F25F2A72B00F04EF3 /* FoodDelegate + DataSource.swift */; };
		BCD83D3325F2A7C900F04EF3 /* CareDelegate + DataSource.swift in Sources */ = {isa = PBXBuildFile; fileRef = BCD83D3225F2A7C900F04EF3 /* CareDelegate + DataSource.swift */; };
		BCD83D3625F2A8C000F04EF3 /* EntertainmentDelegate + DataSource.swift in Sources */ = {isa = PBXBuildFile; fileRef = BCD83D3525F2A8C000F04EF3 /* EntertainmentDelegate + DataSource.swift */; };
		BCDAEB6E26CFBD990099CF13 /* InputInfoView.swift in Sources */ = {isa = PBXBuildFile; fileRef = BCDAEB6D26CFBD990099CF13 /* InputInfoView.swift */; };
		BCDBF528253F887E00BCBBFB /* Map Settings.swift in Sources */ = {isa = PBXBuildFile; fileRef = BCDBF527253F887E00BCBBFB /* Map Settings.swift */; };
		BCE5115525461A23002FB62E /* UIAlertController.swift in Sources */ = {isa = PBXBuildFile; fileRef = BCE5115425461A23002FB62E /* UIAlertController.swift */; };
		BCF2FC8426D968F70087A4D1 /* MyPetsUITests.swift in Sources */ = {isa = PBXBuildFile; fileRef = BCF2FC8326D968F70087A4D1 /* MyPetsUITests.swift */; };
/* End PBXBuildFile section */

/* Begin PBXContainerItemProxy section */
		BCF2FC8626D968F70087A4D1 /* PBXContainerItemProxy */ = {
			isa = PBXContainerItemProxy;
			containerPortal = BCB60FF72530C82400C4FD2F /* Project object */;
			proxyType = 1;
			remoteGlobalIDString = BCB60FFE2530C82400C4FD2F;
			remoteInfo = MyPets;
		};
/* End PBXContainerItemProxy section */

/* Begin PBXFileReference section */
		1AB93CA32E178D69E15038B7 /* Pods_MyPetsTests.framework */ = {isa = PBXFileReference; explicitFileType = wrapper.framework; includeInIndex = 0; path = Pods_MyPetsTests.framework; sourceTree = BUILT_PRODUCTS_DIR; };
		33508C6DE950F3600B3D97BA /* Pods-MyPets.release.xcconfig */ = {isa = PBXFileReference; includeInIndex = 1; lastKnownFileType = text.xcconfig; name = "Pods-MyPets.release.xcconfig"; path = "Target Support Files/Pods-MyPets/Pods-MyPets.release.xcconfig"; sourceTree = "<group>"; };
		5EAF5AB78B0FDF623B0D120E /* Pods-MyPetsTests.debug.xcconfig */ = {isa = PBXFileReference; includeInIndex = 1; lastKnownFileType = text.xcconfig; name = "Pods-MyPetsTests.debug.xcconfig"; path = "Target Support Files/Pods-MyPetsTests/Pods-MyPetsTests.debug.xcconfig"; sourceTree = "<group>"; };
		7BE9B2B3138C0DFECEB81498 /* Pods_MyPets.framework */ = {isa = PBXFileReference; explicitFileType = wrapper.framework; includeInIndex = 0; path = Pods_MyPets.framework; sourceTree = BUILT_PRODUCTS_DIR; };
		8E08E455CA77DE62238317EE /* Pods-MyPets.debug.xcconfig */ = {isa = PBXFileReference; includeInIndex = 1; lastKnownFileType = text.xcconfig; name = "Pods-MyPets.debug.xcconfig"; path = "Target Support Files/Pods-MyPets/Pods-MyPets.debug.xcconfig"; sourceTree = "<group>"; };
		BC0132CE26E15DFE0065F1B7 /* MainWeatherModel.swift */ = {isa = PBXFileReference; lastKnownFileType = sourcecode.swift; path = MainWeatherModel.swift; sourceTree = "<group>"; };
		BC03FE3925A32F1C00C81BC5 /* ProfileViewControllerDelegate.swift */ = {isa = PBXFileReference; lastKnownFileType = sourcecode.swift; path = ProfileViewControllerDelegate.swift; sourceTree = "<group>"; };
		BC0EE6A2259DE49500BE167D /* UserProfileViewController.swift */ = {isa = PBXFileReference; lastKnownFileType = sourcecode.swift; path = UserProfileViewController.swift; sourceTree = "<group>"; };
		BC13029626B9785F00CFD87E /* OnboardView.swift */ = {isa = PBXFileReference; lastKnownFileType = sourcecode.swift; path = OnboardView.swift; sourceTree = "<group>"; };
		BC13029826B9787D00CFD87E /* OnboardController.swift */ = {isa = PBXFileReference; lastKnownFileType = sourcecode.swift; path = OnboardController.swift; sourceTree = "<group>"; };
		BC13029A26B978A000CFD87E /* OnboardModel.swift */ = {isa = PBXFileReference; lastKnownFileType = sourcecode.swift; path = OnboardModel.swift; sourceTree = "<group>"; };
		BC13029C26B9878B00CFD87E /* OnboardCollectionCell.swift */ = {isa = PBXFileReference; lastKnownFileType = sourcecode.swift; path = OnboardCollectionCell.swift; sourceTree = "<group>"; };
		BC16013726EB7A1A00666529 /* StorageService.swift */ = {isa = PBXFileReference; lastKnownFileType = sourcecode.swift; path = StorageService.swift; sourceTree = "<group>"; };
		BC18E518254DAA6C0014B7DF /* PetViewControllerDelegate.swift */ = {isa = PBXFileReference; lastKnownFileType = sourcecode.swift; path = PetViewControllerDelegate.swift; sourceTree = "<group>"; };
		BC2C33C82536D6E00092D884 /* GeneralSetupProtocol.swift */ = {isa = PBXFileReference; lastKnownFileType = sourcecode.swift; path = GeneralSetupProtocol.swift; sourceTree = "<group>"; };
		BC38543A26C5AB4700C2F14E /* PetMenuController.swift */ = {isa = PBXFileReference; lastKnownFileType = sourcecode.swift; path = PetMenuController.swift; sourceTree = "<group>"; };
		BC38543C26C5ABCF00C2F14E /* PetMenuView.swift */ = {isa = PBXFileReference; lastKnownFileType = sourcecode.swift; path = PetMenuView.swift; sourceTree = "<group>"; };
		BC413CC9253893F7002CDD19 /* MainPetViewController.swift */ = {isa = PBXFileReference; lastKnownFileType = sourcecode.swift; path = MainPetViewController.swift; sourceTree = "<group>"; };
		BC413CCD25389494002CDD19 /* LocationViewController.swift */ = {isa = PBXFileReference; lastKnownFileType = sourcecode.swift; path = LocationViewController.swift; sourceTree = "<group>"; };
		BC413CD0253894D1002CDD19 /* ProfileViewController.swift */ = {isa = PBXFileReference; lastKnownFileType = sourcecode.swift; path = ProfileViewController.swift; sourceTree = "<group>"; };
		BC413CD32538A97F002CDD19 /* CustomTabBarController.swift */ = {isa = PBXFileReference; lastKnownFileType = sourcecode.swift; path = CustomTabBarController.swift; sourceTree = "<group>"; };
		BC469CA025AA4BCB00449E3C /* ProfileViewCell.swift */ = {isa = PBXFileReference; lastKnownFileType = sourcecode.swift; path = ProfileViewCell.swift; sourceTree = "<group>"; };
		BC4CA476262436EF00C2033C /* BottomMenuCell.swift */ = {isa = PBXFileReference; fileEncoding = 4; lastKnownFileType = sourcecode.swift; path = BottomMenuCell.swift; sourceTree = "<group>"; };
		BC52FF9F26D91B9D00A694CB /* WeatherMenuView.swift */ = {isa = PBXFileReference; lastKnownFileType = sourcecode.swift; path = WeatherMenuView.swift; sourceTree = "<group>"; };
		BC52FFA126D91EDA00A694CB /* Weather.swift */ = {isa = PBXFileReference; lastKnownFileType = sourcecode.swift; path = Weather.swift; sourceTree = "<group>"; };
		BC67E24725A0593D008BDBBD /* UserProfileDelegate + DataSource.swift */ = {isa = PBXFileReference; lastKnownFileType = sourcecode.swift; path = "UserProfileDelegate + DataSource.swift"; sourceTree = "<group>"; };
		BC7073242534A6F600B2979F /* UIButton.swift */ = {isa = PBXFileReference; lastKnownFileType = sourcecode.swift; path = UIButton.swift; sourceTree = "<group>"; };
		BC7073312534BA3800B2979F /* UIView.swift */ = {isa = PBXFileReference; lastKnownFileType = sourcecode.swift; path = UIView.swift; sourceTree = "<group>"; };
		BC73002925723C460010F161 /* PetInfoExtension.swift */ = {isa = PBXFileReference; lastKnownFileType = sourcecode.swift; path = PetInfoExtension.swift; sourceTree = "<group>"; };
		BC7318B826D51D8A006F4C60 /* CoreDataManager.swift */ = {isa = PBXFileReference; lastKnownFileType = sourcecode.swift; path = CoreDataManager.swift; sourceTree = "<group>"; };
		BC7396492542084D00A89858 /* LocationViewDelegate + DataSource.swift */ = {isa = PBXFileReference; lastKnownFileType = sourcecode.swift; path = "LocationViewDelegate + DataSource.swift"; sourceTree = "<group>"; };
		BC73964C25435F9900A89858 /* LocationViewCell.swift */ = {isa = PBXFileReference; lastKnownFileType = sourcecode.swift; path = LocationViewCell.swift; sourceTree = "<group>"; };
		BC7E9B8F257F8242006D75A1 /* ProfileViewDelegate + DataSource.swift */ = {isa = PBXFileReference; lastKnownFileType = sourcecode.swift; path = "ProfileViewDelegate + DataSource.swift"; sourceTree = "<group>"; };
		BC7EB65426C6678100BE80AE /* PetCollectionView.swift */ = {isa = PBXFileReference; lastKnownFileType = sourcecode.swift; path = PetCollectionView.swift; sourceTree = "<group>"; };
		BC7EB65626C668F000BE80AE /* PetCollectionCell.swift */ = {isa = PBXFileReference; lastKnownFileType = sourcecode.swift; path = PetCollectionCell.swift; sourceTree = "<group>"; };
		BC7EB65C26C688F500BE80AE /* PetInfoController.swift */ = {isa = PBXFileReference; lastKnownFileType = sourcecode.swift; path = PetInfoController.swift; sourceTree = "<group>"; };
		BC7EB65E26C699CD00BE80AE /* PetInfoView.swift */ = {isa = PBXFileReference; lastKnownFileType = sourcecode.swift; path = PetInfoView.swift; sourceTree = "<group>"; };
		BC7EB66026C6A09400BE80AE /* PetInfoCollectionCell.swift */ = {isa = PBXFileReference; lastKnownFileType = sourcecode.swift; path = PetInfoCollectionCell.swift; sourceTree = "<group>"; };
		BC7EB66426C6AB1F00BE80AE /* PetInfoCell.swift */ = {isa = PBXFileReference; lastKnownFileType = sourcecode.swift; path = PetInfoCell.swift; sourceTree = "<group>"; };
		BC7EB66626C6CA9900BE80AE /* PetInfoModel.swift */ = {isa = PBXFileReference; lastKnownFileType = sourcecode.swift; path = PetInfoModel.swift; sourceTree = "<group>"; };
		BC83CB05260CFA160066A32C /* UIImage.swift */ = {isa = PBXFileReference; lastKnownFileType = sourcecode.swift; path = UIImage.swift; sourceTree = "<group>"; };
		BC83CB08260CFA3F0066A32C /* String.swift */ = {isa = PBXFileReference; lastKnownFileType = sourcecode.swift; path = String.swift; sourceTree = "<group>"; };
		BC859AE025B383B000FDD33B /* AboutAppController.swift */ = {isa = PBXFileReference; lastKnownFileType = sourcecode.swift; path = AboutAppController.swift; sourceTree = "<group>"; };
		BC8C64F026BF379700CA7A90 /* PremiumController.swift */ = {isa = PBXFileReference; lastKnownFileType = sourcecode.swift; path = PremiumController.swift; sourceTree = "<group>"; };
		BC8C64F226BF37EF00CA7A90 /* PremiumView.swift */ = {isa = PBXFileReference; lastKnownFileType = sourcecode.swift; path = PremiumView.swift; sourceTree = "<group>"; };
		BC8C64F426BF382A00CA7A90 /* PremiumModel.swift */ = {isa = PBXFileReference; lastKnownFileType = sourcecode.swift; path = PremiumModel.swift; sourceTree = "<group>"; };
		BC8CDFFE25C6BB85005EEFEB /* SupportViewController.swift */ = {isa = PBXFileReference; lastKnownFileType = sourcecode.swift; path = SupportViewController.swift; sourceTree = "<group>"; };
		BC8CE00525C6CBC2005EEFEB /* SupportVCDelegate + DataSource.swift */ = {isa = PBXFileReference; lastKnownFileType = sourcecode.swift; path = "SupportVCDelegate + DataSource.swift"; sourceTree = "<group>"; };
		BC8CE00825C6CBF6005EEFEB /* SupportVC - Extension.swift */ = {isa = PBXFileReference; lastKnownFileType = sourcecode.swift; path = "SupportVC - Extension.swift"; sourceTree = "<group>"; };
		BC8E373D26E6B0FA00F3B6A9 /* NetworkService.swift */ = {isa = PBXFileReference; lastKnownFileType = sourcecode.swift; path = NetworkService.swift; sourceTree = "<group>"; };
		BC8E9F5325A324DE00403505 /* @objc UserProfileController.swift */ = {isa = PBXFileReference; lastKnownFileType = sourcecode.swift; path = "@objc UserProfileController.swift"; sourceTree = "<group>"; };
		BC8E9F5725A3261D00403505 /* UIImagePickerControllerDelegateForUserProfile.swift */ = {isa = PBXFileReference; lastKnownFileType = sourcecode.swift; path = UIImagePickerControllerDelegateForUserProfile.swift; sourceTree = "<group>"; };
		BC91F2F32627423D006CCE3B /* UserDefaultsService.swift */ = {isa = PBXFileReference; lastKnownFileType = sourcecode.swift; path = UserDefaultsService.swift; sourceTree = "<group>"; };
		BC9402E826CA62840028E5AC /* PetInformation.xcdatamodel */ = {isa = PBXFileReference; lastKnownFileType = wrapper.xcdatamodel; path = PetInformation.xcdatamodel; sourceTree = "<group>"; };
		BC9402EF26CA63ED0028E5AC /* OMPetInformation+CoreDataProperties.swift */ = {isa = PBXFileReference; fileEncoding = 4; lastKnownFileType = sourcecode.swift; path = "OMPetInformation+CoreDataProperties.swift"; sourceTree = "<group>"; };
		BC9402F026CA63ED0028E5AC /* OMPetInformation+CoreDataClass.swift */ = {isa = PBXFileReference; fileEncoding = 4; lastKnownFileType = sourcecode.swift; path = "OMPetInformation+CoreDataClass.swift"; sourceTree = "<group>"; };
		BC9402F626CA69AC0028E5AC /* BaseModel.swift */ = {isa = PBXFileReference; lastKnownFileType = sourcecode.swift; path = BaseModel.swift; sourceTree = "<group>"; };
		BC9402F826CA6AB70028E5AC /* PetInfoTableCell.swift */ = {isa = PBXFileReference; lastKnownFileType = sourcecode.swift; path = PetInfoTableCell.swift; sourceTree = "<group>"; };
		BC9402FB26CA7BFF0028E5AC /* InputInfoController.swift */ = {isa = PBXFileReference; lastKnownFileType = sourcecode.swift; path = InputInfoController.swift; sourceTree = "<group>"; };
		BC97F2BF25A0652900267E34 /* UserProfileModel.swift */ = {isa = PBXFileReference; lastKnownFileType = sourcecode.swift; path = UserProfileModel.swift; sourceTree = "<group>"; };
		BC9959BD26244ABD006CE6E1 /* ClinicVC.swift */ = {isa = PBXFileReference; lastKnownFileType = sourcecode.swift; path = ClinicVC.swift; sourceTree = "<group>"; };
		BC9959C126244AF6006CE6E1 /* DewormingVC.swift */ = {isa = PBXFileReference; lastKnownFileType = sourcecode.swift; path = DewormingVC.swift; sourceTree = "<group>"; };
		BC9959C426244B48006CE6E1 /* TreatmentVC.swift */ = {isa = PBXFileReference; lastKnownFileType = sourcecode.swift; path = TreatmentVC.swift; sourceTree = "<group>"; };
		BC9959C826244B76006CE6E1 /* VaccinationVC.swift */ = {isa = PBXFileReference; lastKnownFileType = sourcecode.swift; path = VaccinationVC.swift; sourceTree = "<group>"; };
		BC9959CB26244BA2006CE6E1 /* DiseasesVC.swift */ = {isa = PBXFileReference; lastKnownFileType = sourcecode.swift; path = DiseasesVC.swift; sourceTree = "<group>"; };
		BC9959E526247049006CE6E1 /* BaseMenuVC.swift */ = {isa = PBXFileReference; lastKnownFileType = sourcecode.swift; path = BaseMenuVC.swift; sourceTree = "<group>"; };
		BC99B0192549A50D00050854 /* PetInfoViewDelegate + DataSource.swift */ = {isa = PBXFileReference; lastKnownFileType = sourcecode.swift; path = "PetInfoViewDelegate + DataSource.swift"; sourceTree = "<group>"; };
		BC99B01E2549A53700050854 /* PetViewCollectionCell.swift */ = {isa = PBXFileReference; lastKnownFileType = sourcecode.swift; path = PetViewCollectionCell.swift; sourceTree = "<group>"; };
		BC99B0262549A77C00050854 /* PetInfoViewController.swift */ = {isa = PBXFileReference; lastKnownFileType = sourcecode.swift; path = PetInfoViewController.swift; sourceTree = "<group>"; };
		BC9F268E26BBCC5D000B854F /* UIColor.swift */ = {isa = PBXFileReference; fileEncoding = 4; lastKnownFileType = sourcecode.swift; path = UIColor.swift; sourceTree = "<group>"; };
		BCB3AA4025AF791B00289B7A /* @objc ProfileViewController.swift */ = {isa = PBXFileReference; lastKnownFileType = sourcecode.swift; path = "@objc ProfileViewController.swift"; sourceTree = "<group>"; };
		BCB3AA4325AF8CD000289B7A /* UIViewController.swift */ = {isa = PBXFileReference; lastKnownFileType = sourcecode.swift; path = UIViewController.swift; sourceTree = "<group>"; };
		BCB404242532F5FE00993A5C /* @objc AuthorizationViewControllerExtension.swift */ = {isa = PBXFileReference; lastKnownFileType = sourcecode.swift; path = "@objc AuthorizationViewControllerExtension.swift"; sourceTree = "<group>"; };
		BCB60FFF2530C82400C4FD2F /* MyPets.app */ = {isa = PBXFileReference; explicitFileType = wrapper.application; includeInIndex = 0; path = MyPets.app; sourceTree = BUILT_PRODUCTS_DIR; };
		BCB610022530C82400C4FD2F /* AppDelegate.swift */ = {isa = PBXFileReference; lastKnownFileType = sourcecode.swift; path = AppDelegate.swift; sourceTree = "<group>"; };
		BCB610062530C82400C4FD2F /* AuthorizationViewController.swift */ = {isa = PBXFileReference; lastKnownFileType = sourcecode.swift; path = AuthorizationViewController.swift; sourceTree = "<group>"; };
		BCB6100B2530C82700C4FD2F /* Assets.xcassets */ = {isa = PBXFileReference; lastKnownFileType = folder.assetcatalog; path = Assets.xcassets; sourceTree = "<group>"; };
		BCB6100E2530C82700C4FD2F /* Base */ = {isa = PBXFileReference; lastKnownFileType = file.storyboard; name = Base; path = Base.lproj/LaunchScreen.storyboard; sourceTree = "<group>"; };
		BCB610102530C82700C4FD2F /* Info.plist */ = {isa = PBXFileReference; lastKnownFileType = text.plist.xml; name = Info.plist; path = "Assets + LS + Info.plist/Info.plist"; sourceTree = SOURCE_ROOT; };
		BCBFA54025E6B8CF0036C7ED /* MainPetDelegate + DataSource.swift */ = {isa = PBXFileReference; lastKnownFileType = sourcecode.swift; path = "MainPetDelegate + DataSource.swift"; sourceTree = "<group>"; };
		BCC259E626C40D3E00FCAC54 /* MainMenuView.swift */ = {isa = PBXFileReference; lastKnownFileType = sourcecode.swift; path = MainMenuView.swift; sourceTree = "<group>"; };
		BCC259E826C4142A00FCAC54 /* MainMenuController.swift */ = {isa = PBXFileReference; lastKnownFileType = sourcecode.swift; path = MainMenuController.swift; sourceTree = "<group>"; };
		BCC259EA26C4173700FCAC54 /* MainMenuCollectionCell.swift */ = {isa = PBXFileReference; lastKnownFileType = sourcecode.swift; path = MainMenuCollectionCell.swift; sourceTree = "<group>"; };
		BCC259EC26C41FEA00FCAC54 /* TitleMenuView.swift */ = {isa = PBXFileReference; lastKnownFileType = sourcecode.swift; path = TitleMenuView.swift; sourceTree = "<group>"; };
		BCD83D1025F20C1300F04EF3 /* HealthController.swift */ = {isa = PBXFileReference; lastKnownFileType = sourcecode.swift; path = HealthController.swift; sourceTree = "<group>"; };
		BCD83D1325F20E7E00F04EF3 /* HealthDelegate + DataSource.swift */ = {isa = PBXFileReference; lastKnownFileType = sourcecode.swift; path = "HealthDelegate + DataSource.swift"; sourceTree = "<group>"; };
		BCD83D1625F2121E00F04EF3 /* MenuCell.swift */ = {isa = PBXFileReference; lastKnownFileType = sourcecode.swift; path = MenuCell.swift; sourceTree = "<group>"; };
		BCD83D1F25F2900B00F04EF3 /* DocumentController.swift */ = {isa = PBXFileReference; lastKnownFileType = sourcecode.swift; path = DocumentController.swift; sourceTree = "<group>"; };
		BCD83D2225F2903600F04EF3 /* FoodController.swift */ = {isa = PBXFileReference; lastKnownFileType = sourcecode.swift; path = FoodController.swift; sourceTree = "<group>"; };
		BCD83D2525F2906600F04EF3 /* CareController.swift */ = {isa = PBXFileReference; lastKnownFileType = sourcecode.swift; path = CareController.swift; sourceTree = "<group>"; };
		BCD83D2825F2908700F04EF3 /* EntertainmentController.swift */ = {isa = PBXFileReference; lastKnownFileType = sourcecode.swift; path = EntertainmentController.swift; sourceTree = "<group>"; };
		BCD83D2F25F2A72B00F04EF3 /* FoodDelegate + DataSource.swift */ = {isa = PBXFileReference; lastKnownFileType = sourcecode.swift; path = "FoodDelegate + DataSource.swift"; sourceTree = "<group>"; };
		BCD83D3225F2A7C900F04EF3 /* CareDelegate + DataSource.swift */ = {isa = PBXFileReference; lastKnownFileType = sourcecode.swift; path = "CareDelegate + DataSource.swift"; sourceTree = "<group>"; };
		BCD83D3525F2A8C000F04EF3 /* EntertainmentDelegate + DataSource.swift */ = {isa = PBXFileReference; lastKnownFileType = sourcecode.swift; path = "EntertainmentDelegate + DataSource.swift"; sourceTree = "<group>"; };
		BCDAEB6D26CFBD990099CF13 /* InputInfoView.swift */ = {isa = PBXFileReference; lastKnownFileType = sourcecode.swift; path = InputInfoView.swift; sourceTree = "<group>"; };
		BCDBF527253F887E00BCBBFB /* Map Settings.swift */ = {isa = PBXFileReference; lastKnownFileType = sourcecode.swift; path = "Map Settings.swift"; sourceTree = "<group>"; };
		BCE5115425461A23002FB62E /* UIAlertController.swift */ = {isa = PBXFileReference; lastKnownFileType = sourcecode.swift; path = UIAlertController.swift; sourceTree = "<group>"; };
		BCF2FC8126D968F70087A4D1 /* MyPetsUITests.xctest */ = {isa = PBXFileReference; explicitFileType = wrapper.cfbundle; includeInIndex = 0; path = MyPetsUITests.xctest; sourceTree = BUILT_PRODUCTS_DIR; };
		BCF2FC8326D968F70087A4D1 /* MyPetsUITests.swift */ = {isa = PBXFileReference; lastKnownFileType = sourcecode.swift; path = MyPetsUITests.swift; sourceTree = "<group>"; };
		BCF2FC8526D968F70087A4D1 /* Info.plist */ = {isa = PBXFileReference; lastKnownFileType = text.plist.xml; path = Info.plist; sourceTree = "<group>"; };
		D0CD38EC24314E7417FBFCAC /* Pods-MyPetsTests.release.xcconfig */ = {isa = PBXFileReference; includeInIndex = 1; lastKnownFileType = text.xcconfig; name = "Pods-MyPetsTests.release.xcconfig"; path = "Target Support Files/Pods-MyPetsTests/Pods-MyPetsTests.release.xcconfig"; sourceTree = "<group>"; };
/* End PBXFileReference section */

/* Begin PBXFrameworksBuildPhase section */
		BCB60FFC2530C82400C4FD2F /* Frameworks */ = {
			isa = PBXFrameworksBuildPhase;
			buildActionMask = 2147483647;
			files = (
				95131C78DA1EB474B96446DB /* Pods_MyPets.framework in Frameworks */,
			);
			runOnlyForDeploymentPostprocessing = 0;
		};
		BCF2FC7E26D968F70087A4D1 /* Frameworks */ = {
			isa = PBXFrameworksBuildPhase;
			buildActionMask = 2147483647;
			files = (
			);
			runOnlyForDeploymentPostprocessing = 0;
		};
/* End PBXFrameworksBuildPhase section */

/* Begin PBXGroup section */
		33E45E13DC41BD96A81E77B9 /* Pods */ = {
			isa = PBXGroup;
			children = (
				8E08E455CA77DE62238317EE /* Pods-MyPets.debug.xcconfig */,
				33508C6DE950F3600B3D97BA /* Pods-MyPets.release.xcconfig */,
				5EAF5AB78B0FDF623B0D120E /* Pods-MyPetsTests.debug.xcconfig */,
				D0CD38EC24314E7417FBFCAC /* Pods-MyPetsTests.release.xcconfig */,
			);
			path = Pods;
			sourceTree = "<group>";
		};
		BC03FE3725A32C2B00C81BC5 /* Extension - @objc */ = {
			isa = PBXGroup;
			children = (
				BC8E9F5325A324DE00403505 /* @objc UserProfileController.swift */,
			);
			path = "Extension - @objc";
			sourceTree = "<group>";
		};
		BC03FE3825A32F0D00C81BC5 /* Delegate Methods */ = {
			isa = PBXGroup;
			children = (
				BC03FE3925A32F1C00C81BC5 /* ProfileViewControllerDelegate.swift */,
			);
			path = "Delegate Methods";
			sourceTree = "<group>";
		};
		BC0EE6A1259DE47000BE167D /* UserProfileController */ = {
			isa = PBXGroup;
			children = (
				BC67E24625A05923008BDBBD /* UIViewController */,
				BC03FE3725A32C2B00C81BC5 /* Extension - @objc */,
				BC67E24525A05910008BDBBD /* Delegate + DataSource */,
			);
			path = UserProfileController;
			sourceTree = "<group>";
		};
		BC2C33C72536D6BE0092D884 /* Protocol */ = {
			isa = PBXGroup;
			children = (
				BC2C33C82536D6E00092D884 /* GeneralSetupProtocol.swift */,
			);
			path = Protocol;
			sourceTree = "<group>";
		};
		BC38543626C5AAF000C2F14E /* PetMenuModule */ = {
			isa = PBXGroup;
			children = (
				BC38543826C5AB1100C2F14E /* View */,
				BC38543726C5AB0B00C2F14E /* Controller */,
			);
			path = PetMenuModule;
			sourceTree = "<group>";
		};
		BC38543726C5AB0B00C2F14E /* Controller */ = {
			isa = PBXGroup;
			children = (
				BC38543A26C5AB4700C2F14E /* PetMenuController.swift */,
			);
			path = Controller;
			sourceTree = "<group>";
		};
		BC38543826C5AB1100C2F14E /* View */ = {
			isa = PBXGroup;
			children = (
				BC38543C26C5ABCF00C2F14E /* PetMenuView.swift */,
				BC7EB65426C6678100BE80AE /* PetCollectionView.swift */,
				BC7EB65626C668F000BE80AE /* PetCollectionCell.swift */,
			);
			path = View;
			sourceTree = "<group>";
		};
		BC3C7C752532F54700209C51 /* OnboardViewModule */ = {
			isa = PBXGroup;
			children = (
				BC7464B026BF0B7600B7B83B /* Model */,
				BC7464B126BF0B7C00B7B83B /* View */,
				BC7464B226BF0B8600B7B83B /* Controller */,
			);
			path = OnboardViewModule;
			sourceTree = "<group>";
		};
		BC413CC6253893B1002CDD19 /* PetViewController */ = {
			isa = PBXGroup;
			children = (
				BC9C3B0925724EAE00D12C7B /* Protocol Methods */,
				BC70C28326027081003C9668 /* MainPetViewController */,
				BC73002D25723F2A0010F161 /* PetInfoViewController */,
				BCD83D1D25F28FAC00F04EF3 /* MenuControllers */,
			);
			path = PetViewController;
			sourceTree = "<group>";
		};
		BC413CC7253893C3002CDD19 /* LocationViewController */ = {
			isa = PBXGroup;
			children = (
				BC4D76C425442A250037EA8D /* UIViewController */,
				BC4D76C625442A2E0037EA8D /* UICollectionViewCell */,
				BC4D76C825442A380037EA8D /* Delegate + DataSource */,
				BC4D76CA25442A450037EA8D /* Map Settings */,
			);
			path = LocationViewController;
			sourceTree = "<group>";
		};
		BC413CC8253893D2002CDD19 /* ProfileViewController */ = {
			isa = PBXGroup;
			children = (
				BC03FE3825A32F0D00C81BC5 /* Delegate Methods */,
				BC67E24B25A05993008BDBBD /* ProfileViewController */,
				BC0EE6A1259DE47000BE167D /* UserProfileController */,
				BC8CDFFD25C6BB5D005EEFEB /* SupportViewController */,
				BC859ADF25B3838600FDD33B /* AboutAppController */,
			);
			path = ProfileViewController;
			sourceTree = "<group>";
		};
		BC413CD62538ABBB002CDD19 /* CustomTabBarController */ = {
			isa = PBXGroup;
			children = (
				BC413CD32538A97F002CDD19 /* CustomTabBarController.swift */,
			);
			path = CustomTabBarController;
			sourceTree = "<group>";
		};
		BC469CA325AA4BE500449E3C /* UITableViewCell */ = {
			isa = PBXGroup;
			children = (
				BC469CA025AA4BCB00449E3C /* ProfileViewCell.swift */,
			);
			path = UITableViewCell;
			sourceTree = "<group>";
		};
		BC4CA473262436EF00C2033C /* MainMenuModule */ = {
			isa = PBXGroup;
			children = (
				BCC259E326C40C8E00FCAC54 /* Model */,
				BCC259E426C40C9500FCAC54 /* View */,
				BCC259E526C40C9A00FCAC54 /* Controller */,
				BC4CA474262436EF00C2033C /* UICollectionViewCell */,
			);
			path = MainMenuModule;
			sourceTree = "<group>";
		};
		BC4CA474262436EF00C2033C /* UICollectionViewCell */ = {
			isa = PBXGroup;
			children = (
				BC4CA476262436EF00C2033C /* BottomMenuCell.swift */,
			);
			path = UICollectionViewCell;
			sourceTree = "<group>";
		};
		BC4D76C425442A250037EA8D /* UIViewController */ = {
			isa = PBXGroup;
			children = (
				BC413CCD25389494002CDD19 /* LocationViewController.swift */,
			);
			path = UIViewController;
			sourceTree = "<group>";
		};
		BC4D76C625442A2E0037EA8D /* UICollectionViewCell */ = {
			isa = PBXGroup;
			children = (
				BC73964C25435F9900A89858 /* LocationViewCell.swift */,
			);
			path = UICollectionViewCell;
			sourceTree = "<group>";
		};
		BC4D76C825442A380037EA8D /* Delegate + DataSource */ = {
			isa = PBXGroup;
			children = (
				BC7396492542084D00A89858 /* LocationViewDelegate + DataSource.swift */,
			);
			path = "Delegate + DataSource";
			sourceTree = "<group>";
		};
		BC4D76CA25442A450037EA8D /* Map Settings */ = {
			isa = PBXGroup;
			children = (
				BCDBF527253F887E00BCBBFB /* Map Settings.swift */,
			);
			path = "Map Settings";
			sourceTree = "<group>";
		};
		BC67E24525A05910008BDBBD /* Delegate + DataSource */ = {
			isa = PBXGroup;
			children = (
				BC67E24725A0593D008BDBBD /* UserProfileDelegate + DataSource.swift */,
			);
			path = "Delegate + DataSource";
			sourceTree = "<group>";
		};
		BC67E24625A05923008BDBBD /* UIViewController */ = {
			isa = PBXGroup;
			children = (
				BC0EE6A2259DE49500BE167D /* UserProfileViewController.swift */,
				BC8E9F5725A3261D00403505 /* UIImagePickerControllerDelegateForUserProfile.swift */,
			);
			path = UIViewController;
			sourceTree = "<group>";
		};
		BC67E24B25A05993008BDBBD /* ProfileViewController */ = {
			isa = PBXGroup;
			children = (
				BC7E9B8D257F8222006D75A1 /* UIViewController */,
				BC7E9B8C257F8208006D75A1 /* Delegate + DataSource */,
				BCB3AA3F25AF78D600289B7A /* Extension - @objc */,
				BC469CA325AA4BE500449E3C /* UITableViewCell */,
			);
			path = ProfileViewController;
			sourceTree = "<group>";
		};
		BC70732C2534AE9400B2979F /* PremiumModule */ = {
			isa = PBXGroup;
			children = (
				BC8C64ED26BF375700CA7A90 /* Model */,
				BC8C64EE26BF376100CA7A90 /* View */,
				BC8C64EF26BF376B00CA7A90 /* Controller */,
			);
			path = PremiumModule;
			sourceTree = "<group>";
		};
		BC70C28326027081003C9668 /* MainPetViewController */ = {
			isa = PBXGroup;
			children = (
				BC413CC9253893F7002CDD19 /* MainPetViewController.swift */,
				BCBFA54025E6B8CF0036C7ED /* MainPetDelegate + DataSource.swift */,
			);
			path = MainPetViewController;
			sourceTree = "<group>";
		};
		BC73002D25723F2A0010F161 /* PetInfoViewController */ = {
			isa = PBXGroup;
			children = (
				BC99B0262549A77C00050854 /* PetInfoViewController.swift */,
				BC73002925723C460010F161 /* PetInfoExtension.swift */,
				BC99B0192549A50D00050854 /* PetInfoViewDelegate + DataSource.swift */,
				BC73002F25723F9A0010F161 /* UICollectionView */,
			);
			path = PetInfoViewController;
			sourceTree = "<group>";
		};
		BC73002F25723F9A0010F161 /* UICollectionView */ = {
			isa = PBXGroup;
			children = (
				BC99B01D2549A51F00050854 /* UICollectionViewCell */,
			);
			path = UICollectionView;
			sourceTree = "<group>";
		};
		BC7464B026BF0B7600B7B83B /* Model */ = {
			isa = PBXGroup;
			children = (
				BC13029A26B978A000CFD87E /* OnboardModel.swift */,
			);
			path = Model;
			sourceTree = "<group>";
		};
		BC7464B126BF0B7C00B7B83B /* View */ = {
			isa = PBXGroup;
			children = (
				BC13029626B9785F00CFD87E /* OnboardView.swift */,
				BC13029C26B9878B00CFD87E /* OnboardCollectionCell.swift */,
			);
			path = View;
			sourceTree = "<group>";
		};
		BC7464B226BF0B8600B7B83B /* Controller */ = {
			isa = PBXGroup;
			children = (
				BC13029826B9787D00CFD87E /* OnboardController.swift */,
			);
			path = Controller;
			sourceTree = "<group>";
		};
		BC7E9B8C257F8208006D75A1 /* Delegate + DataSource */ = {
			isa = PBXGroup;
			children = (
				BC7E9B8F257F8242006D75A1 /* ProfileViewDelegate + DataSource.swift */,
			);
			path = "Delegate + DataSource";
			sourceTree = "<group>";
		};
		BC7E9B8D257F8222006D75A1 /* UIViewController */ = {
			isa = PBXGroup;
			children = (
				BC413CD0253894D1002CDD19 /* ProfileViewController.swift */,
			);
			path = UIViewController;
			sourceTree = "<group>";
		};
		BC7EB65926C688D800BE80AE /* Controller */ = {
			isa = PBXGroup;
			children = (
				BC7EB65C26C688F500BE80AE /* PetInfoController.swift */,
			);
			path = Controller;
			sourceTree = "<group>";
		};
		BC7EB65A26C688DD00BE80AE /* View */ = {
			isa = PBXGroup;
			children = (
				BC7EB65E26C699CD00BE80AE /* PetInfoView.swift */,
				BC7EB66026C6A09400BE80AE /* PetInfoCollectionCell.swift */,
				BC7EB66426C6AB1F00BE80AE /* PetInfoCell.swift */,
				BC9402F826CA6AB70028E5AC /* PetInfoTableCell.swift */,
			);
			path = View;
			sourceTree = "<group>";
		};
		BC7EB65B26C688E100BE80AE /* Model */ = {
			isa = PBXGroup;
			children = (
				BC7EB66626C6CA9900BE80AE /* PetInfoModel.swift */,
			);
			path = Model;
			sourceTree = "<group>";
		};
		BC859ADF25B3838600FDD33B /* AboutAppController */ = {
			isa = PBXGroup;
			children = (
				BC859AE025B383B000FDD33B /* AboutAppController.swift */,
			);
			path = AboutAppController;
			sourceTree = "<group>";
		};
		BC8C64ED26BF375700CA7A90 /* Model */ = {
			isa = PBXGroup;
			children = (
				BC8C64F426BF382A00CA7A90 /* PremiumModel.swift */,
			);
			path = Model;
			sourceTree = "<group>";
		};
		BC8C64EE26BF376100CA7A90 /* View */ = {
			isa = PBXGroup;
			children = (
				BC8C64F226BF37EF00CA7A90 /* PremiumView.swift */,
			);
			path = View;
			sourceTree = "<group>";
		};
		BC8C64EF26BF376B00CA7A90 /* Controller */ = {
			isa = PBXGroup;
			children = (
				BC8C64F026BF379700CA7A90 /* PremiumController.swift */,
			);
			path = Controller;
			sourceTree = "<group>";
		};
		BC8CDFFD25C6BB5D005EEFEB /* SupportViewController */ = {
			isa = PBXGroup;
			children = (
				BC8CE00225C6CB67005EEFEB /* UIViewController */,
				BC8CE00325C6CB73005EEFEB /* Delegate + DataSource */,
				BC8CE00425C6CB84005EEFEB /* Extension */,
			);
			path = SupportViewController;
			sourceTree = "<group>";
		};
		BC8CE00225C6CB67005EEFEB /* UIViewController */ = {
			isa = PBXGroup;
			children = (
				BC8CDFFE25C6BB85005EEFEB /* SupportViewController.swift */,
			);
			path = UIViewController;
			sourceTree = "<group>";
		};
		BC8CE00325C6CB73005EEFEB /* Delegate + DataSource */ = {
			isa = PBXGroup;
			children = (
				BC8CE00525C6CBC2005EEFEB /* SupportVCDelegate + DataSource.swift */,
			);
			path = "Delegate + DataSource";
			sourceTree = "<group>";
		};
		BC8CE00425C6CB84005EEFEB /* Extension */ = {
			isa = PBXGroup;
			children = (
				BC8CE00825C6CBF6005EEFEB /* SupportVC - Extension.swift */,
			);
			path = Extension;
			sourceTree = "<group>";
		};
		BC8E373C26E6B0CD00F3B6A9 /* Services */ = {
			isa = PBXGroup;
			children = (
				BC8E373D26E6B0FA00F3B6A9 /* NetworkService.swift */,
				BC91F2F32627423D006CCE3B /* UserDefaultsService.swift */,
				BC9402EA26CA628A0028E5AC /* CoreDataManager + Model */,
			);
			path = Services;
			sourceTree = "<group>";
		};
		BC91F2EF2627364E006CCE3B /* FIXIT */ = {
			isa = PBXGroup;
			children = (
				BCB6101D2530CB3800C4FD2F /* AuthorizationViewController */,
			);
			path = FIXIT;
			sourceTree = "<group>";
		};
		BC9402EA26CA628A0028E5AC /* CoreDataManager + Model */ = {
			isa = PBXGroup;
			children = (
				BC9402F026CA63ED0028E5AC /* OMPetInformation+CoreDataClass.swift */,
				BC9402EF26CA63ED0028E5AC /* OMPetInformation+CoreDataProperties.swift */,
				BC9402E726CA62840028E5AC /* PetInformation.xcdatamodeld */,
				BC7318B826D51D8A006F4C60 /* CoreDataManager.swift */,
				BC16013726EB7A1A00666529 /* StorageService.swift */,
			);
			path = "CoreDataManager + Model";
			sourceTree = "<group>";
		};
		BC9402FA26CA79920028E5AC /* PetInfoModule */ = {
			isa = PBXGroup;
			children = (
				BC7EB65B26C688E100BE80AE /* Model */,
				BC7EB65A26C688DD00BE80AE /* View */,
				BC7EB65926C688D800BE80AE /* Controller */,
			);
			path = PetInfoModule;
			sourceTree = "<group>";
		};
		BC9959BC26244A97006CE6E1 /* Controllers */ = {
			isa = PBXGroup;
			children = (
				BC9959BD26244ABD006CE6E1 /* ClinicVC.swift */,
				BC9959C126244AF6006CE6E1 /* DewormingVC.swift */,
				BC9959C426244B48006CE6E1 /* TreatmentVC.swift */,
				BC9959C826244B76006CE6E1 /* VaccinationVC.swift */,
				BC9959CB26244BA2006CE6E1 /* DiseasesVC.swift */,
			);
			path = Controllers;
			sourceTree = "<group>";
		};
		BC99B01D2549A51F00050854 /* UICollectionViewCell */ = {
			isa = PBXGroup;
			children = (
				BC99B01E2549A53700050854 /* PetViewCollectionCell.swift */,
			);
			path = UICollectionViewCell;
			sourceTree = "<group>";
		};
		BC9C3B0925724EAE00D12C7B /* Protocol Methods */ = {
			isa = PBXGroup;
			children = (
				BC18E518254DAA6C0014B7DF /* PetViewControllerDelegate.swift */,
			);
			path = "Protocol Methods";
			sourceTree = "<group>";
		};
		BC9F269026BBCC7E000B854F /* Extension */ = {
			isa = PBXGroup;
			children = (
				BC7073312534BA3800B2979F /* UIView.swift */,
				BC7073242534A6F600B2979F /* UIButton.swift */,
				BCE5115425461A23002FB62E /* UIAlertController.swift */,
				BC9F268E26BBCC5D000B854F /* UIColor.swift */,
				BCB3AA4325AF8CD000289B7A /* UIViewController.swift */,
				BC83CB05260CFA160066A32C /* UIImage.swift */,
				BC83CB08260CFA3F0066A32C /* String.swift */,
			);
			path = Extension;
			sourceTree = "<group>";
		};
		BCA935C225F0B26500F0A339 /* Models */ = {
			isa = PBXGroup;
			children = (
				BC97F2BF25A0652900267E34 /* UserProfileModel.swift */,
				BC9402F626CA69AC0028E5AC /* BaseModel.swift */,
			);
			path = Models;
			sourceTree = "<group>";
		};
		BCB3AA3F25AF78D600289B7A /* Extension - @objc */ = {
			isa = PBXGroup;
			children = (
				BCB3AA4025AF791B00289B7A /* @objc ProfileViewController.swift */,
			);
			path = "Extension - @objc";
			sourceTree = "<group>";
		};
		BCB60FF62530C82400C4FD2F = {
			isa = PBXGroup;
			children = (
				BC91F2EF2627364E006CCE3B /* FIXIT */,
				BCB610012530C82400C4FD2F /* MyPets */,
				BCB6101A2530C97600C4FD2F /* App + Scene */,
				BCB610182530C87800C4FD2F /* Assets + LS + Info.plist */,
				BCF2FC8226D968F70087A4D1 /* MyPetsUITests */,
				BCB610002530C82400C4FD2F /* Products */,
				33E45E13DC41BD96A81E77B9 /* Pods */,
				E8A45DEE1B1C12FB397D3B33 /* Frameworks */,
			);
			sourceTree = "<group>";
		};
		BCB610002530C82400C4FD2F /* Products */ = {
			isa = PBXGroup;
			children = (
				BCB60FFF2530C82400C4FD2F /* MyPets.app */,
				BCF2FC8126D968F70087A4D1 /* MyPetsUITests.xctest */,
			);
			name = Products;
			sourceTree = "<group>";
		};
		BCB610012530C82400C4FD2F /* MyPets */ = {
			isa = PBXGroup;
			children = (
				BC8E373C26E6B0CD00F3B6A9 /* Services */,
				BC3C7C752532F54700209C51 /* OnboardViewModule */,
				BC70732C2534AE9400B2979F /* PremiumModule */,
				BC413CD62538ABBB002CDD19 /* CustomTabBarController */,
				BC4CA473262436EF00C2033C /* MainMenuModule */,
				BC38543626C5AAF000C2F14E /* PetMenuModule */,
				BC9402FA26CA79920028E5AC /* PetInfoModule */,
				BCDAEB6926CFBD390099CF13 /* InputPetInfoModule */,
				BCA935C225F0B26500F0A339 /* Models */,
				BC9F269026BBCC7E000B854F /* Extension */,
				BC2C33C72536D6BE0092D884 /* Protocol */,
				BC413CC6253893B1002CDD19 /* PetViewController */,
				BC413CC7253893C3002CDD19 /* LocationViewController */,
				BC413CC8253893D2002CDD19 /* ProfileViewController */,
			);
			path = MyPets;
			sourceTree = "<group>";
		};
		BCB610182530C87800C4FD2F /* Assets + LS + Info.plist */ = {
			isa = PBXGroup;
			children = (
				BCB6100B2530C82700C4FD2F /* Assets.xcassets */,
				BCB6100D2530C82700C4FD2F /* LaunchScreen.storyboard */,
				BCB610102530C82700C4FD2F /* Info.plist */,
			);
			path = "Assets + LS + Info.plist";
			sourceTree = "<group>";
		};
		BCB6101A2530C97600C4FD2F /* App + Scene */ = {
			isa = PBXGroup;
			children = (
				BCB610022530C82400C4FD2F /* AppDelegate.swift */,
			);
			path = "App + Scene";
			sourceTree = "<group>";
		};
		BCB6101D2530CB3800C4FD2F /* AuthorizationViewController */ = {
			isa = PBXGroup;
			children = (
				BCB610062530C82400C4FD2F /* AuthorizationViewController.swift */,
				BCB404242532F5FE00993A5C /* @objc AuthorizationViewControllerExtension.swift */,
			);
			path = AuthorizationViewController;
			sourceTree = "<group>";
		};
		BCC259E326C40C8E00FCAC54 /* Model */ = {
			isa = PBXGroup;
			children = (
				BC52FFA126D91EDA00A694CB /* Weather.swift */,
				BC0132CE26E15DFE0065F1B7 /* MainWeatherModel.swift */,
			);
			path = Model;
			sourceTree = "<group>";
		};
		BCC259E426C40C9500FCAC54 /* View */ = {
			isa = PBXGroup;
			children = (
				BCC259E626C40D3E00FCAC54 /* MainMenuView.swift */,
				BCC259EC26C41FEA00FCAC54 /* TitleMenuView.swift */,
				BCC259EA26C4173700FCAC54 /* MainMenuCollectionCell.swift */,
				BC52FF9F26D91B9D00A694CB /* WeatherMenuView.swift */,
			);
			path = View;
			sourceTree = "<group>";
		};
		BCC259E526C40C9A00FCAC54 /* Controller */ = {
			isa = PBXGroup;
			children = (
				BCC259E826C4142A00FCAC54 /* MainMenuController.swift */,
			);
			path = Controller;
			sourceTree = "<group>";
		};
		BCD83D0F25F20BFB00F04EF3 /* HealthController */ = {
			isa = PBXGroup;
			children = (
				BCD83D1025F20C1300F04EF3 /* HealthController.swift */,
				BCD83D1325F20E7E00F04EF3 /* HealthDelegate + DataSource.swift */,
				BC9959BC26244A97006CE6E1 /* Controllers */,
			);
			path = HealthController;
			sourceTree = "<group>";
		};
		BCD83D1925F28F8300F04EF3 /* DocumentController */ = {
			isa = PBXGroup;
			children = (
				BCD83D1F25F2900B00F04EF3 /* DocumentController.swift */,
			);
			path = DocumentController;
			sourceTree = "<group>";
		};
		BCD83D1A25F28F8C00F04EF3 /* FoodController */ = {
			isa = PBXGroup;
			children = (
				BCD83D2225F2903600F04EF3 /* FoodController.swift */,
				BCD83D2F25F2A72B00F04EF3 /* FoodDelegate + DataSource.swift */,
			);
			path = FoodController;
			sourceTree = "<group>";
		};
		BCD83D1B25F28F9400F04EF3 /* CareController */ = {
			isa = PBXGroup;
			children = (
				BCD83D2525F2906600F04EF3 /* CareController.swift */,
				BCD83D3225F2A7C900F04EF3 /* CareDelegate + DataSource.swift */,
			);
			path = CareController;
			sourceTree = "<group>";
		};
		BCD83D1C25F28F9B00F04EF3 /* EntertainmentController */ = {
			isa = PBXGroup;
			children = (
				BCD83D2825F2908700F04EF3 /* EntertainmentController.swift */,
				BCD83D3525F2A8C000F04EF3 /* EntertainmentDelegate + DataSource.swift */,
			);
			path = EntertainmentController;
			sourceTree = "<group>";
		};
		BCD83D1D25F28FAC00F04EF3 /* MenuControllers */ = {
			isa = PBXGroup;
			children = (
				BCD83D1625F2121E00F04EF3 /* MenuCell.swift */,
				BC9959E526247049006CE6E1 /* BaseMenuVC.swift */,
				BCD83D0F25F20BFB00F04EF3 /* HealthController */,
				BCD83D1925F28F8300F04EF3 /* DocumentController */,
				BCD83D1A25F28F8C00F04EF3 /* FoodController */,
				BCD83D1B25F28F9400F04EF3 /* CareController */,
				BCD83D1C25F28F9B00F04EF3 /* EntertainmentController */,
			);
			path = MenuControllers;
			sourceTree = "<group>";
		};
		BCDAEB6926CFBD390099CF13 /* InputPetInfoModule */ = {
			isa = PBXGroup;
			children = (
				BCDAEB6B26CFBD740099CF13 /* View */,
				BCDAEB6A26CFBD6F0099CF13 /* Controller */,
			);
			path = InputPetInfoModule;
			sourceTree = "<group>";
		};
		BCDAEB6A26CFBD6F0099CF13 /* Controller */ = {
			isa = PBXGroup;
			children = (
				BC9402FB26CA7BFF0028E5AC /* InputInfoController.swift */,
			);
			path = Controller;
			sourceTree = "<group>";
		};
		BCDAEB6B26CFBD740099CF13 /* View */ = {
			isa = PBXGroup;
			children = (
				BCDAEB6D26CFBD990099CF13 /* InputInfoView.swift */,
			);
			path = View;
			sourceTree = "<group>";
		};
		BCF2FC8226D968F70087A4D1 /* MyPetsUITests */ = {
			isa = PBXGroup;
			children = (
				BCF2FC8326D968F70087A4D1 /* MyPetsUITests.swift */,
				BCF2FC8526D968F70087A4D1 /* Info.plist */,
			);
			path = MyPetsUITests;
			sourceTree = "<group>";
		};
		E8A45DEE1B1C12FB397D3B33 /* Frameworks */ = {
			isa = PBXGroup;
			children = (
				7BE9B2B3138C0DFECEB81498 /* Pods_MyPets.framework */,
				1AB93CA32E178D69E15038B7 /* Pods_MyPetsTests.framework */,
			);
			name = Frameworks;
			sourceTree = "<group>";
		};
/* End PBXGroup section */

/* Begin PBXNativeTarget section */
		BCB60FFE2530C82400C4FD2F /* MyPets */ = {
			isa = PBXNativeTarget;
			buildConfigurationList = BCB610132530C82700C4FD2F /* Build configuration list for PBXNativeTarget "MyPets" */;
			buildPhases = (
				F7C7479C3637810D9E78A9CA /* [CP] Check Pods Manifest.lock */,
				BCB60FFB2530C82400C4FD2F /* Sources */,
				BCB60FFC2530C82400C4FD2F /* Frameworks */,
				BCB60FFD2530C82400C4FD2F /* Resources */,
				BC3763F326BF07390061056B /* ShellScript */,
			);
			buildRules = (
			);
			dependencies = (
			);
			name = MyPets;
			productName = MyPets;
			productReference = BCB60FFF2530C82400C4FD2F /* MyPets.app */;
			productType = "com.apple.product-type.application";
		};
		BCF2FC8026D968F70087A4D1 /* MyPetsUITests */ = {
			isa = PBXNativeTarget;
			buildConfigurationList = BCF2FC8A26D968F70087A4D1 /* Build configuration list for PBXNativeTarget "MyPetsUITests" */;
			buildPhases = (
				BCF2FC7D26D968F70087A4D1 /* Sources */,
				BCF2FC7E26D968F70087A4D1 /* Frameworks */,
				BCF2FC7F26D968F70087A4D1 /* Resources */,
			);
			buildRules = (
			);
			dependencies = (
				BCF2FC8726D968F70087A4D1 /* PBXTargetDependency */,
			);
			name = MyPetsUITests;
			productName = MyPetsUITests;
			productReference = BCF2FC8126D968F70087A4D1 /* MyPetsUITests.xctest */;
			productType = "com.apple.product-type.bundle.ui-testing";
		};
/* End PBXNativeTarget section */

/* Begin PBXProject section */
		BCB60FF72530C82400C4FD2F /* Project object */ = {
			isa = PBXProject;
			attributes = {
				LastSwiftUpdateCheck = 1250;
				LastUpgradeCheck = 1200;
				TargetAttributes = {
					BCB60FFE2530C82400C4FD2F = {
						CreatedOnToolsVersion = 12.0;
					};
					BCF2FC8026D968F70087A4D1 = {
						CreatedOnToolsVersion = 12.5;
						TestTargetID = BCB60FFE2530C82400C4FD2F;
					};
				};
			};
			buildConfigurationList = BCB60FFA2530C82400C4FD2F /* Build configuration list for PBXProject "MyPets" */;
			compatibilityVersion = "Xcode 9.3";
			developmentRegion = en;
			hasScannedForEncodings = 0;
			knownRegions = (
				en,
				Base,
			);
			mainGroup = BCB60FF62530C82400C4FD2F;
			productRefGroup = BCB610002530C82400C4FD2F /* Products */;
			projectDirPath = "";
			projectRoot = "";
			targets = (
				BCB60FFE2530C82400C4FD2F /* MyPets */,
				BCF2FC8026D968F70087A4D1 /* MyPetsUITests */,
			);
		};
/* End PBXProject section */

/* Begin PBXResourcesBuildPhase section */
		BCB60FFD2530C82400C4FD2F /* Resources */ = {
			isa = PBXResourcesBuildPhase;
			buildActionMask = 2147483647;
			files = (
				BCB6100F2530C82700C4FD2F /* LaunchScreen.storyboard in Resources */,
				BCB6100C2530C82700C4FD2F /* Assets.xcassets in Resources */,
			);
			runOnlyForDeploymentPostprocessing = 0;
		};
		BCF2FC7F26D968F70087A4D1 /* Resources */ = {
			isa = PBXResourcesBuildPhase;
			buildActionMask = 2147483647;
			files = (
			);
			runOnlyForDeploymentPostprocessing = 0;
		};
/* End PBXResourcesBuildPhase section */

/* Begin PBXShellScriptBuildPhase section */
		BC3763F326BF07390061056B /* ShellScript */ = {
			isa = PBXShellScriptBuildPhase;
			buildActionMask = 2147483647;
			files = (
			);
			inputFileListPaths = (
			);
			inputPaths = (
			);
			outputFileListPaths = (
			);
			outputPaths = (
			);
			runOnlyForDeploymentPostprocessing = 0;
			shellPath = /bin/sh;
			shellScript = "${PODS_ROOT}/SwiftLint/swiftlint\n";
		};
		F7C7479C3637810D9E78A9CA /* [CP] Check Pods Manifest.lock */ = {
			isa = PBXShellScriptBuildPhase;
			buildActionMask = 2147483647;
			files = (
			);
			inputFileListPaths = (
			);
			inputPaths = (
				"${PODS_PODFILE_DIR_PATH}/Podfile.lock",
				"${PODS_ROOT}/Manifest.lock",
			);
			name = "[CP] Check Pods Manifest.lock";
			outputFileListPaths = (
			);
			outputPaths = (
				"$(DERIVED_FILE_DIR)/Pods-MyPets-checkManifestLockResult.txt",
			);
			runOnlyForDeploymentPostprocessing = 0;
			shellPath = /bin/sh;
			shellScript = "diff \"${PODS_PODFILE_DIR_PATH}/Podfile.lock\" \"${PODS_ROOT}/Manifest.lock\" > /dev/null\nif [ $? != 0 ] ; then\n    # print error to STDERR\n    echo \"error: The sandbox is not in sync with the Podfile.lock. Run 'pod install' or update your CocoaPods installation.\" >&2\n    exit 1\nfi\n# This output is used by Xcode 'outputs' to avoid re-running this script phase.\necho \"SUCCESS\" > \"${SCRIPT_OUTPUT_FILE_0}\"\n";
			showEnvVarsInLog = 0;
		};
/* End PBXShellScriptBuildPhase section */

/* Begin PBXSourcesBuildPhase section */
		BCB60FFB2530C82400C4FD2F /* Sources */ = {
			isa = PBXSourcesBuildPhase;
			buildActionMask = 2147483647;
			files = (
				BCC259ED26C41FEA00FCAC54 /* TitleMenuView.swift in Sources */,
				BC2C33C92536D6E00092D884 /* GeneralSetupProtocol.swift in Sources */,
				BCC259E726C40D3E00FCAC54 /* MainMenuView.swift in Sources */,
				BC8E9F5425A324DE00403505 /* @objc UserProfileController.swift in Sources */,
				BC7073322534BA3800B2979F /* UIView.swift in Sources */,
				BC413CD42538A97F002CDD19 /* CustomTabBarController.swift in Sources */,
				BC9402F126CA63ED0028E5AC /* OMPetInformation+CoreDataProperties.swift in Sources */,
				BC73002A25723C460010F161 /* PetInfoExtension.swift in Sources */,
				BC8CE00625C6CBC2005EEFEB /* SupportVCDelegate + DataSource.swift in Sources */,
				BC7EB66526C6AB1F00BE80AE /* PetInfoCell.swift in Sources */,
				BC7EB66726C6CA9900BE80AE /* PetInfoModel.swift in Sources */,
				BC7EB65526C6678100BE80AE /* PetCollectionView.swift in Sources */,
				BCB610072530C82400C4FD2F /* AuthorizationViewController.swift in Sources */,
				BCBFA54125E6B8D00036C7ED /* MainPetDelegate + DataSource.swift in Sources */,
				BC9959C526244B48006CE6E1 /* TreatmentVC.swift in Sources */,
				BC83CB06260CFA160066A32C /* UIImage.swift in Sources */,
				BC83CB09260CFA3F0066A32C /* String.swift in Sources */,
				BC7073252534A6F600B2979F /* UIButton.swift in Sources */,
				BC7EB65D26C688F500BE80AE /* PetInfoController.swift in Sources */,
				BC413CCE25389494002CDD19 /* LocationViewController.swift in Sources */,
				BC99B0272549A77C00050854 /* PetInfoViewController.swift in Sources */,
				BC9402F226CA63ED0028E5AC /* OMPetInformation+CoreDataClass.swift in Sources */,
				BCDBF528253F887E00BCBBFB /* Map Settings.swift in Sources */,
				BC9402FC26CA7BFF0028E5AC /* InputInfoController.swift in Sources */,
				BC8CDFFF25C6BB85005EEFEB /* SupportViewController.swift in Sources */,
				BC16013826EB7A1A00666529 /* StorageService.swift in Sources */,
				BC13029D26B9878B00CFD87E /* OnboardCollectionCell.swift in Sources */,
				BC38543D26C5ABCF00C2F14E /* PetMenuView.swift in Sources */,
				BCD83D3625F2A8C000F04EF3 /* EntertainmentDelegate + DataSource.swift in Sources */,
				BC38543B26C5AB4700C2F14E /* PetMenuController.swift in Sources */,
				BC9402F726CA69AC0028E5AC /* BaseModel.swift in Sources */,
				BC7EB65F26C699CD00BE80AE /* PetInfoView.swift in Sources */,
				BC13029726B9786000CFD87E /* OnboardView.swift in Sources */,
				BC91F2F42627423D006CCE3B /* UserDefaultsService.swift in Sources */,
				BC52FFA026D91B9D00A694CB /* WeatherMenuView.swift in Sources */,
				BC0EE6A3259DE49500BE167D /* UserProfileViewController.swift in Sources */,
				BCB404252532F5FE00993A5C /* @objc AuthorizationViewControllerExtension.swift in Sources */,
				BC8CE00925C6CBF6005EEFEB /* SupportVC - Extension.swift in Sources */,
				BC8E9F5825A3261D00403505 /* UIImagePickerControllerDelegateForUserProfile.swift in Sources */,
				BC9959BE26244ABD006CE6E1 /* ClinicVC.swift in Sources */,
				BC7E9B90257F8242006D75A1 /* ProfileViewDelegate + DataSource.swift in Sources */,
				BC9959C226244AF6006CE6E1 /* DewormingVC.swift in Sources */,
				BC9402E926CA62840028E5AC /* PetInformation.xcdatamodeld in Sources */,
				BCB3AA4125AF791B00289B7A /* @objc ProfileViewController.swift in Sources */,
				BCD83D3025F2A72B00F04EF3 /* FoodDelegate + DataSource.swift in Sources */,
				BC67E24825A0593D008BDBBD /* UserProfileDelegate + DataSource.swift in Sources */,
				BC0132CF26E15DFE0065F1B7 /* MainWeatherModel.swift in Sources */,
				BC9402F926CA6AB70028E5AC /* PetInfoTableCell.swift in Sources */,
				BC18E519254DAA6C0014B7DF /* PetViewControllerDelegate.swift in Sources */,
				BC73964D25435F9900A89858 /* LocationViewCell.swift in Sources */,
				BC99B01F2549A53700050854 /* PetViewCollectionCell.swift in Sources */,
				BC13029B26B978A000CFD87E /* OnboardModel.swift in Sources */,
				BC73964A2542084D00A89858 /* LocationViewDelegate + DataSource.swift in Sources */,
				BC7EB65726C668F000BE80AE /* PetCollectionCell.swift in Sources */,
				BCC259EB26C4173700FCAC54 /* MainMenuCollectionCell.swift in Sources */,
				BCE5115525461A23002FB62E /* UIAlertController.swift in Sources */,
				BC7318B926D51D8A006F4C60 /* CoreDataManager.swift in Sources */,
				BC52FFA226D91EDA00A694CB /* Weather.swift in Sources */,
				BC97F2C025A0652900267E34 /* UserProfileModel.swift in Sources */,
				BC9959C926244B76006CE6E1 /* VaccinationVC.swift in Sources */,
				BCD83D2625F2906600F04EF3 /* CareController.swift in Sources */,
				BCC259E926C4142A00FCAC54 /* MainMenuController.swift in Sources */,
				BC4CA47D262436EF00C2033C /* BottomMenuCell.swift in Sources */,
				BCD83D2325F2903600F04EF3 /* FoodController.swift in Sources */,
				BCDAEB6E26CFBD990099CF13 /* InputInfoView.swift in Sources */,
				BC413CCA253893F7002CDD19 /* MainPetViewController.swift in Sources */,
				BC03FE3A25A32F1C00C81BC5 /* ProfileViewControllerDelegate.swift in Sources */,
				BC13029926B9787D00CFD87E /* OnboardController.swift in Sources */,
				BCD83D1425F20E7E00F04EF3 /* HealthDelegate + DataSource.swift in Sources */,
				BC859AE125B383B000FDD33B /* AboutAppController.swift in Sources */,
				BC9959CC26244BA2006CE6E1 /* DiseasesVC.swift in Sources */,
				BC8C64F526BF382A00CA7A90 /* PremiumModel.swift in Sources */,
				BC7EB66126C6A09400BE80AE /* PetInfoCollectionCell.swift in Sources */,
				BC9F268F26BBCC5D000B854F /* UIColor.swift in Sources */,
				BC413CD1253894D1002CDD19 /* ProfileViewController.swift in Sources */,
				BCD83D1725F2121E00F04EF3 /* MenuCell.swift in Sources */,
				BC8E373E26E6B0FB00F3B6A9 /* NetworkService.swift in Sources */,
				BCD83D2925F2908700F04EF3 /* EntertainmentController.swift in Sources */,
				BCB610032530C82400C4FD2F /* AppDelegate.swift in Sources */,
				BC469CA125AA4BCB00449E3C /* ProfileViewCell.swift in Sources */,
				BCB3AA4425AF8CD000289B7A /* UIViewController.swift in Sources */,
				BC9959E626247049006CE6E1 /* BaseMenuVC.swift in Sources */,
				BC99B01A2549A50D00050854 /* PetInfoViewDelegate + DataSource.swift in Sources */,
				BC8C64F326BF37EF00CA7A90 /* PremiumView.swift in Sources */,
				BCD83D1125F20C1300F04EF3 /* HealthController.swift in Sources */,
				BCD83D2025F2900B00F04EF3 /* DocumentController.swift in Sources */,
				BCD83D3325F2A7C900F04EF3 /* CareDelegate + DataSource.swift in Sources */,
				BC8C64F126BF379700CA7A90 /* PremiumController.swift in Sources */,
			);
			runOnlyForDeploymentPostprocessing = 0;
		};
		BCF2FC7D26D968F70087A4D1 /* Sources */ = {
			isa = PBXSourcesBuildPhase;
			buildActionMask = 2147483647;
			files = (
				BCF2FC8426D968F70087A4D1 /* MyPetsUITests.swift in Sources */,
			);
			runOnlyForDeploymentPostprocessing = 0;
		};
/* End PBXSourcesBuildPhase section */

/* Begin PBXTargetDependency section */
		BCF2FC8726D968F70087A4D1 /* PBXTargetDependency */ = {
			isa = PBXTargetDependency;
			target = BCB60FFE2530C82400C4FD2F /* MyPets */;
			targetProxy = BCF2FC8626D968F70087A4D1 /* PBXContainerItemProxy */;
		};
/* End PBXTargetDependency section */

/* Begin PBXVariantGroup section */
		BCB6100D2530C82700C4FD2F /* LaunchScreen.storyboard */ = {
			isa = PBXVariantGroup;
			children = (
				BCB6100E2530C82700C4FD2F /* Base */,
			);
			name = LaunchScreen.storyboard;
			sourceTree = "<group>";
		};
/* End PBXVariantGroup section */

/* Begin XCBuildConfiguration section */
		BCB610112530C82700C4FD2F /* Debug */ = {
			isa = XCBuildConfiguration;
			buildSettings = {
				ALWAYS_SEARCH_USER_PATHS = NO;
				CLANG_ANALYZER_NONNULL = YES;
				CLANG_ANALYZER_NUMBER_OBJECT_CONVERSION = YES_AGGRESSIVE;
				CLANG_CXX_LANGUAGE_STANDARD = "gnu++14";
				CLANG_CXX_LIBRARY = "libc++";
				CLANG_ENABLE_MODULES = YES;
				CLANG_ENABLE_OBJC_ARC = YES;
				CLANG_ENABLE_OBJC_WEAK = YES;
				CLANG_WARN_BLOCK_CAPTURE_AUTORELEASING = YES;
				CLANG_WARN_BOOL_CONVERSION = YES;
				CLANG_WARN_COMMA = YES;
				CLANG_WARN_CONSTANT_CONVERSION = YES;
				CLANG_WARN_DEPRECATED_OBJC_IMPLEMENTATIONS = YES;
				CLANG_WARN_DIRECT_OBJC_ISA_USAGE = YES_ERROR;
				CLANG_WARN_DOCUMENTATION_COMMENTS = YES;
				CLANG_WARN_EMPTY_BODY = YES;
				CLANG_WARN_ENUM_CONVERSION = YES;
				CLANG_WARN_INFINITE_RECURSION = YES;
				CLANG_WARN_INT_CONVERSION = YES;
				CLANG_WARN_NON_LITERAL_NULL_CONVERSION = YES;
				CLANG_WARN_OBJC_IMPLICIT_RETAIN_SELF = YES;
				CLANG_WARN_OBJC_LITERAL_CONVERSION = YES;
				CLANG_WARN_OBJC_ROOT_CLASS = YES_ERROR;
				CLANG_WARN_QUOTED_INCLUDE_IN_FRAMEWORK_HEADER = YES;
				CLANG_WARN_RANGE_LOOP_ANALYSIS = YES;
				CLANG_WARN_STRICT_PROTOTYPES = YES;
				CLANG_WARN_SUSPICIOUS_MOVE = YES;
				CLANG_WARN_UNGUARDED_AVAILABILITY = YES_AGGRESSIVE;
				CLANG_WARN_UNREACHABLE_CODE = YES;
				CLANG_WARN__DUPLICATE_METHOD_MATCH = YES;
				COPY_PHASE_STRIP = NO;
				DEBUG_INFORMATION_FORMAT = dwarf;
				ENABLE_STRICT_OBJC_MSGSEND = YES;
				ENABLE_TESTABILITY = YES;
				GCC_C_LANGUAGE_STANDARD = gnu11;
				GCC_DYNAMIC_NO_PIC = NO;
				GCC_NO_COMMON_BLOCKS = YES;
				GCC_OPTIMIZATION_LEVEL = 0;
				GCC_PREPROCESSOR_DEFINITIONS = (
					"DEBUG=1",
					"$(inherited)",
				);
				GCC_WARN_64_TO_32_BIT_CONVERSION = YES;
				GCC_WARN_ABOUT_RETURN_TYPE = YES_ERROR;
				GCC_WARN_UNDECLARED_SELECTOR = YES;
				GCC_WARN_UNINITIALIZED_AUTOS = YES_AGGRESSIVE;
				GCC_WARN_UNUSED_FUNCTION = YES;
				GCC_WARN_UNUSED_VARIABLE = YES;
				IPHONEOS_DEPLOYMENT_TARGET = 13.0;
				MTL_ENABLE_DEBUG_INFO = INCLUDE_SOURCE;
				MTL_FAST_MATH = YES;
				ONLY_ACTIVE_ARCH = YES;
				SDKROOT = iphoneos;
				SWIFT_ACTIVE_COMPILATION_CONDITIONS = DEBUG;
				SWIFT_OPTIMIZATION_LEVEL = "-Onone";
			};
			name = Debug;
		};
		BCB610122530C82700C4FD2F /* Release */ = {
			isa = XCBuildConfiguration;
			buildSettings = {
				ALWAYS_SEARCH_USER_PATHS = NO;
				CLANG_ANALYZER_NONNULL = YES;
				CLANG_ANALYZER_NUMBER_OBJECT_CONVERSION = YES_AGGRESSIVE;
				CLANG_CXX_LANGUAGE_STANDARD = "gnu++14";
				CLANG_CXX_LIBRARY = "libc++";
				CLANG_ENABLE_MODULES = YES;
				CLANG_ENABLE_OBJC_ARC = YES;
				CLANG_ENABLE_OBJC_WEAK = YES;
				CLANG_WARN_BLOCK_CAPTURE_AUTORELEASING = YES;
				CLANG_WARN_BOOL_CONVERSION = YES;
				CLANG_WARN_COMMA = YES;
				CLANG_WARN_CONSTANT_CONVERSION = YES;
				CLANG_WARN_DEPRECATED_OBJC_IMPLEMENTATIONS = YES;
				CLANG_WARN_DIRECT_OBJC_ISA_USAGE = YES_ERROR;
				CLANG_WARN_DOCUMENTATION_COMMENTS = YES;
				CLANG_WARN_EMPTY_BODY = YES;
				CLANG_WARN_ENUM_CONVERSION = YES;
				CLANG_WARN_INFINITE_RECURSION = YES;
				CLANG_WARN_INT_CONVERSION = YES;
				CLANG_WARN_NON_LITERAL_NULL_CONVERSION = YES;
				CLANG_WARN_OBJC_IMPLICIT_RETAIN_SELF = YES;
				CLANG_WARN_OBJC_LITERAL_CONVERSION = YES;
				CLANG_WARN_OBJC_ROOT_CLASS = YES_ERROR;
				CLANG_WARN_QUOTED_INCLUDE_IN_FRAMEWORK_HEADER = YES;
				CLANG_WARN_RANGE_LOOP_ANALYSIS = YES;
				CLANG_WARN_STRICT_PROTOTYPES = YES;
				CLANG_WARN_SUSPICIOUS_MOVE = YES;
				CLANG_WARN_UNGUARDED_AVAILABILITY = YES_AGGRESSIVE;
				CLANG_WARN_UNREACHABLE_CODE = YES;
				CLANG_WARN__DUPLICATE_METHOD_MATCH = YES;
				COPY_PHASE_STRIP = NO;
				DEBUG_INFORMATION_FORMAT = "dwarf-with-dsym";
				ENABLE_NS_ASSERTIONS = NO;
				ENABLE_STRICT_OBJC_MSGSEND = YES;
				GCC_C_LANGUAGE_STANDARD = gnu11;
				GCC_NO_COMMON_BLOCKS = YES;
				GCC_WARN_64_TO_32_BIT_CONVERSION = YES;
				GCC_WARN_ABOUT_RETURN_TYPE = YES_ERROR;
				GCC_WARN_UNDECLARED_SELECTOR = YES;
				GCC_WARN_UNINITIALIZED_AUTOS = YES_AGGRESSIVE;
				GCC_WARN_UNUSED_FUNCTION = YES;
				GCC_WARN_UNUSED_VARIABLE = YES;
				IPHONEOS_DEPLOYMENT_TARGET = 13.0;
				MTL_ENABLE_DEBUG_INFO = NO;
				MTL_FAST_MATH = YES;
				SDKROOT = iphoneos;
				SWIFT_COMPILATION_MODE = wholemodule;
				SWIFT_OPTIMIZATION_LEVEL = "-O";
				VALIDATE_PRODUCT = YES;
			};
			name = Release;
		};
		BCB610142530C82700C4FD2F /* Debug */ = {
			isa = XCBuildConfiguration;
			baseConfigurationReference = 8E08E455CA77DE62238317EE /* Pods-MyPets.debug.xcconfig */;
			buildSettings = {
				ASSETCATALOG_COMPILER_APPICON_NAME = AppIcon;
				ASSETCATALOG_COMPILER_GLOBAL_ACCENT_COLOR_NAME = AccentColor;
				CODE_SIGN_STYLE = Automatic;
				DEVELOPMENT_TEAM = 7JDNVBEZLP;
				INFOPLIST_FILE = "Assets + LS + Info.plist/Info.plist";
				LD_RUNPATH_SEARCH_PATHS = (
					"$(inherited)",
					"@executable_path/Frameworks",
				);
				MARKETING_VERSION = 1.0;
				PRODUCT_BUNDLE_IDENTIFIER = com.ahmerovdmitry.MyPets.MyPets;
				PRODUCT_NAME = "$(TARGET_NAME)";
				SWIFT_VERSION = 5.0;
				TARGETED_DEVICE_FAMILY = 1;
				VALIDATE_WORKSPACE = NO;
			};
			name = Debug;
		};
		BCB610152530C82700C4FD2F /* Release */ = {
			isa = XCBuildConfiguration;
			baseConfigurationReference = 33508C6DE950F3600B3D97BA /* Pods-MyPets.release.xcconfig */;
			buildSettings = {
				ASSETCATALOG_COMPILER_APPICON_NAME = AppIcon;
				ASSETCATALOG_COMPILER_GLOBAL_ACCENT_COLOR_NAME = AccentColor;
				CODE_SIGN_STYLE = Automatic;
				DEVELOPMENT_TEAM = 7JDNVBEZLP;
				INFOPLIST_FILE = "Assets + LS + Info.plist/Info.plist";
				LD_RUNPATH_SEARCH_PATHS = (
					"$(inherited)",
					"@executable_path/Frameworks",
				);
				MARKETING_VERSION = 1.0;
				PRODUCT_BUNDLE_IDENTIFIER = com.ahmerovdmitry.MyPets.MyPets;
				PRODUCT_NAME = "$(TARGET_NAME)";
				SWIFT_VERSION = 5.0;
				TARGETED_DEVICE_FAMILY = 1;
				VALIDATE_WORKSPACE = NO;
			};
			name = Release;
		};
		BCF2FC8826D968F70087A4D1 /* Debug */ = {
			isa = XCBuildConfiguration;
			buildSettings = {
				CODE_SIGN_STYLE = Automatic;
				DEVELOPMENT_TEAM = 7JDNVBEZLP;
				INFOPLIST_FILE = MyPetsUITests/Info.plist;
				IPHONEOS_DEPLOYMENT_TARGET = 13.0;
				LD_RUNPATH_SEARCH_PATHS = (
					"$(inherited)",
					"@executable_path/Frameworks",
					"@loader_path/Frameworks",
				);
				PRODUCT_BUNDLE_IDENTIFIER = com.ahmerovdmitry.MyPetsUITests;
				PRODUCT_NAME = "$(TARGET_NAME)";
				SWIFT_VERSION = 5.0;
				TARGETED_DEVICE_FAMILY = "1,2";
				TEST_TARGET_NAME = MyPets;
			};
			name = Debug;
		};
		BCF2FC8926D968F70087A4D1 /* Release */ = {
			isa = XCBuildConfiguration;
			buildSettings = {
				CODE_SIGN_STYLE = Automatic;
				DEVELOPMENT_TEAM = 7JDNVBEZLP;
				INFOPLIST_FILE = MyPetsUITests/Info.plist;
				IPHONEOS_DEPLOYMENT_TARGET = 13.0;
				LD_RUNPATH_SEARCH_PATHS = (
					"$(inherited)",
					"@executable_path/Frameworks",
					"@loader_path/Frameworks",
				);
				PRODUCT_BUNDLE_IDENTIFIER = com.ahmerovdmitry.MyPetsUITests;
				PRODUCT_NAME = "$(TARGET_NAME)";
				SWIFT_VERSION = 5.0;
				TARGETED_DEVICE_FAMILY = "1,2";
				TEST_TARGET_NAME = MyPets;
			};
			name = Release;
		};
/* End XCBuildConfiguration section */

/* Begin XCConfigurationList section */
		BCB60FFA2530C82400C4FD2F /* Build configuration list for PBXProject "MyPets" */ = {
			isa = XCConfigurationList;
			buildConfigurations = (
				BCB610112530C82700C4FD2F /* Debug */,
				BCB610122530C82700C4FD2F /* Release */,
			);
			defaultConfigurationIsVisible = 0;
			defaultConfigurationName = Release;
		};
		BCB610132530C82700C4FD2F /* Build configuration list for PBXNativeTarget "MyPets" */ = {
			isa = XCConfigurationList;
			buildConfigurations = (
				BCB610142530C82700C4FD2F /* Debug */,
				BCB610152530C82700C4FD2F /* Release */,
			);
			defaultConfigurationIsVisible = 0;
			defaultConfigurationName = Release;
		};
		BCF2FC8A26D968F70087A4D1 /* Build configuration list for PBXNativeTarget "MyPetsUITests" */ = {
			isa = XCConfigurationList;
			buildConfigurations = (
				BCF2FC8826D968F70087A4D1 /* Debug */,
				BCF2FC8926D968F70087A4D1 /* Release */,
			);
			defaultConfigurationIsVisible = 0;
			defaultConfigurationName = Release;
		};
/* End XCConfigurationList section */

/* Begin XCVersionGroup section */
		BC9402E726CA62840028E5AC /* PetInformation.xcdatamodeld */ = {
			isa = XCVersionGroup;
			children = (
				BC9402E826CA62840028E5AC /* PetInformation.xcdatamodel */,
			);
			currentVersion = BC9402E826CA62840028E5AC /* PetInformation.xcdatamodel */;
			path = PetInformation.xcdatamodeld;
			sourceTree = "<group>";
			versionGroupType = wrapper.xcdatamodel;
		};
/* End XCVersionGroup section */
	};
	rootObject = BCB60FF72530C82400C4FD2F /* Project object */;
}
